// !$*UTF8*$!
{
	archiveVersion = 1;
	classes = {
	};
	objectVersion = 50;
	objects = {

/* Begin PBXBuildFile section */
		0038522BFE6DEEC0350CEDDA /* 1-11열왕기상.txt in Resources */ = {isa = PBXBuildFile; fileRef = 2047CA9B07C4BDD732CAD2C2 /* 1-11열왕기상.txt */; };
		0335AE561932D621C5156F72 /* 1-12열왕기하.txt in Resources */ = {isa = PBXBuildFile; fileRef = C8F0DC6A5E82224A233BF103 /* 1-12열왕기하.txt */; };
		0831B9475947CA5C4D65D2B3 /* FirebaseAnalyticsSwift.framework in Frameworks */ = {isa = PBXBuildFile; fileRef = 3002457575A4D607349BE6FB /* FirebaseAnalyticsSwift.framework */; };
		0DB81E05E1C360C713008207 /* Preview Assets.xcassets in Resources */ = {isa = PBXBuildFile; fileRef = E2D1E4699E232C009C4179C8 /* Preview Assets.xcassets */; };
		11233BE871F956EF7A30D2FF /* 1-26에스겔.txt in Resources */ = {isa = PBXBuildFile; fileRef = 580E645FDB191C8AE9008ACA /* 1-26에스겔.txt */; };
		12CAA62B02EFA7B1204B0845 /* 2-05사도행전.txt in Resources */ = {isa = PBXBuildFile; fileRef = 7BB623E5807988D61F8EB5F6 /* 2-05사도행전.txt */; };
		1610692F83BFE5396EDEE08F /* Launch Screen.storyboard in Resources */ = {isa = PBXBuildFile; fileRef = 7988BE0E653776C76553F8C1 /* Launch Screen.storyboard */; };
		16ED0D4E63DEC37C9EA42EB6 /* 1-07사사기.txt in Resources */ = {isa = PBXBuildFile; fileRef = 97DDD32E619B93F9B6D845B1 /* 1-07사사기.txt */; };
		18DBFEB3C258E8B6510EC457 /* 나눔손글씨 꽃내음.ttf in Resources */ = {isa = PBXBuildFile; fileRef = C1543A58414BB43B8A27EC5C /* 나눔손글씨 꽃내음.ttf */; };
		1C0A608B0A65547CC705E34A /* CustomDump.framework in Frameworks */ = {isa = PBXBuildFile; fileRef = D23A8F6FA16AA6D18E6DE363 /* CustomDump.framework */; platformFilter = ios; };
		1DA440D0843FFCA549B08D82 /* Bible.framework in Frameworks */ = {isa = PBXBuildFile; fileRef = DB4D2F39135C139EB15CF389 /* Bible.framework */; platformFilter = ios; };
		1DAC2EC91207E4E70F6C39CC /* 1-13역대상.txt in Resources */ = {isa = PBXBuildFile; fileRef = 3EA07D839D77EAA57C6B3067 /* 1-13역대상.txt */; };
		1DE6F93A0A30599372743580 /* 2-22베드로후서.txt in Resources */ = {isa = PBXBuildFile; fileRef = C497F4C01AED606FA51E8D5A /* 2-22베드로후서.txt */; };
		279A7808354CDD96E2CA46E4 /* StoreKit.framework in Frameworks */ = {isa = PBXBuildFile; fileRef = 8C6C915B1E08D8C8CABE30E4 /* StoreKit.framework */; };
		27ABA35BCCE954BE25B97F2A /* Security.framework in Frameworks */ = {isa = PBXBuildFile; fileRef = B4B1878A91CD792582B893B0 /* Security.framework */; };
		285A7E4374E59BD6AA19D565 /* 2-21베드로전서.txt in Resources */ = {isa = PBXBuildFile; fileRef = 58EC46F38325B5606B5FC6F4 /* 2-21베드로전서.txt */; };
		294D1D08304727B40335234D /* NanumMyeongjo.ttf in Resources */ = {isa = PBXBuildFile; fileRef = 056D8E792AEC232E03A26F08 /* NanumMyeongjo.ttf */; };
		2B2DFE90DBC67DF591BAD40A /* 1-34나훔.txt in Resources */ = {isa = PBXBuildFile; fileRef = D81E4A0A41AA0A5E2C61B6D5 /* 1-34나훔.txt */; };
		2B58A7F3A1A1879EF9A770F8 /* 1-24예레미야.txt in Resources */ = {isa = PBXBuildFile; fileRef = 0E0089C7086DA735AF99B2EA /* 1-24예레미야.txt */; };
		2B81FD11678D5DDD5A9DEE5F /* Assets.xcassets in Resources */ = {isa = PBXBuildFile; fileRef = 4929535108886BB475F63366 /* Assets.xcassets */; };
		2BA29BD8E07C1ED6FDB99B0D /* 2-10에베소서.txt in Resources */ = {isa = PBXBuildFile; fileRef = 802FC70B5EB36EC3B3C09942 /* 2-10에베소서.txt */; };
		2E502956E8DDB5C04AEBB39C /* FirebaseCoreInternal.framework in Frameworks */ = {isa = PBXBuildFile; fileRef = AC142E0041C560144C965CE2 /* FirebaseCoreInternal.framework */; };
		2F82AFB3B71A7A2C2EE1C71D /* GoogleService-Info.plist in Resources */ = {isa = PBXBuildFile; fileRef = 36ABE2F07F74D266F89FC8E0 /* GoogleService-Info.plist */; };
		2FD7AA1175F74E2EF6CF1AE5 /* AppDelegate.swift in Sources */ = {isa = PBXBuildFile; fileRef = F77B340027B3F0350E0AFB19 /* AppDelegate.swift */; };
		324DBFF021277F6A88776A03 /* TuistBundle+WriteBible.swift in Sources */ = {isa = PBXBuildFile; fileRef = 3A88B6AE831018E227342CEF /* TuistBundle+WriteBible.swift */; };
		32EC621A49D2854EB8114819 /* GoogleAppMeasurementIdentitySupport.xcframework in Frameworks */ = {isa = PBXBuildFile; fileRef = 6F0A2B5D9C5F6C5F9DC12BB2 /* GoogleAppMeasurementIdentitySupport.xcframework */; };
		34A2C6FD4199C57A82951CA8 /* TuistAssets+WriteBible.swift in Sources */ = {isa = PBXBuildFile; fileRef = 536D2514ACA527264B6320FE /* TuistAssets+WriteBible.swift */; };
		34AFAE31D60FF1D0442FBBE9 /* IdentifiedCollections.framework in Frameworks */ = {isa = PBXBuildFile; fileRef = 481D39D291087CD7A24FC107 /* IdentifiedCollections.framework */; platformFilter = ios; };
		35A09C0AB903BB65F6F47A8E /* libz.tbd in Frameworks */ = {isa = PBXBuildFile; fileRef = DB4B3543B6C60A6624544EE0 /* libz.tbd */; };
		382052412DDE351184C148D0 /* 1-27다니엘.txt in Resources */ = {isa = PBXBuildFile; fileRef = 515706631F32A38ED549556A /* 1-27다니엘.txt */; };
		38E7E498B029FD35F1DEB252 /* 1-15에스라.txt in Resources */ = {isa = PBXBuildFile; fileRef = FE00DAAAD4B7D6C2E8216E7F /* 1-15에스라.txt */; };
		398D39AB4BACFEAB6A32A7A3 /* 1-33미가.txt in Resources */ = {isa = PBXBuildFile; fileRef = C76BB115CBCE04D2FA3B115F /* 1-33미가.txt */; };
		39EF51743C223102445CB2A2 /* Clocks.framework in Frameworks */ = {isa = PBXBuildFile; fileRef = 0FE1BA1056B63B6AF9857E14 /* Clocks.framework */; platformFilter = ios; };
		3A1B881C0BF4F324C5BC717C /* 1-04민수기.txt in Resources */ = {isa = PBXBuildFile; fileRef = 5E96965F3CDE5CC510C15DB4 /* 1-04민수기.txt */; };
		3EBB0487423CEF43BF00EC0B /* FirebaseMessaging.framework in Frameworks */ = {isa = PBXBuildFile; fileRef = 287E29FD533F0B5EB599D3AC /* FirebaseMessaging.framework */; };
		3F8A23BACEBC44D49FCAEFF9 /* 1-39말라기.txt in Resources */ = {isa = PBXBuildFile; fileRef = B736C3932ECE07C227E3886D /* 1-39말라기.txt */; };
		40CACEEF9FD41FAA064FA9AA /* 1-18욥기.txt in Resources */ = {isa = PBXBuildFile; fileRef = 8CBFE5CE1081207FDC3CBFBD /* 1-18욥기.txt */; };
		463456DF210ED9646FEB47C1 /* Realm.framework in Frameworks */ = {isa = PBXBuildFile; fileRef = FD618751118E6AA2459F05D1 /* Realm.framework */; platformFilter = ios; };
		46E78122C524EDF2441EA8D3 /* 2-07고린도전서.txt in Resources */ = {isa = PBXBuildFile; fileRef = E6CF859FADF4A55E65BF197D /* 2-07고린도전서.txt */; };
		46EF90DAB73FDCA22E987EF2 /* GoogleUtilities_Logger.framework in Frameworks */ = {isa = PBXBuildFile; fileRef = 560F36BCB66128F206B94F9F /* GoogleUtilities_Logger.framework */; platformFilter = ios; };
		46F9BD2E02E99423C4EE90AF /* 1-20잠언.txt in Resources */ = {isa = PBXBuildFile; fileRef = C3D04480CE0AB24BD4926FF2 /* 1-20잠언.txt */; };
		473FD9FF692FA5D941809BF3 /* RealmSwift.framework in Frameworks */ = {isa = PBXBuildFile; fileRef = 81D49BF099C3C49A1EDDE690 /* RealmSwift.framework */; platformFilter = ios; };
		4A926A0F9C8380A08B3A90F9 /* Foundation.framework in Frameworks */ = {isa = PBXBuildFile; fileRef = 14775C2BD80DB7C8E4ED845F /* Foundation.framework */; };
		4ED672DE9F05F25D177436A0 /* 1-21전도서.txt in Resources */ = {isa = PBXBuildFile; fileRef = 3B12B6655F1F0D80A0CE8D7F /* 1-21전도서.txt */; };
		503B431EF530B51FA49DD703 /* 1-19시편.txt in Resources */ = {isa = PBXBuildFile; fileRef = 3FC5ECD91FA994DE9140F24E /* 1-19시편.txt */; };
		50D94E2E64FF65D623BDC9BD /* 1-36스바냐.txt in Resources */ = {isa = PBXBuildFile; fileRef = CD425C7EE1A96A81B52BB077 /* 1-36스바냐.txt */; };
		5452023B85155B5E6F861487 /* GoogleUtilities_UserDefaults.framework in Frameworks */ = {isa = PBXBuildFile; fileRef = B00E22FDE128AC55E76C57F3 /* GoogleUtilities_UserDefaults.framework */; platformFilter = ios; };
		55C17B379A4DBDC213913EB9 /* GoogleUtilities_MethodSwizzler.framework in Frameworks */ = {isa = PBXBuildFile; fileRef = D09725A2B455F632B771B085 /* GoogleUtilities_MethodSwizzler.framework */; platformFilter = ios; };
		588E6273561880D2C45EDD3D /* 2-19히브리서.txt in Resources */ = {isa = PBXBuildFile; fileRef = 63DD45F5A3596FB1C2EAFF4C /* 2-19히브리서.txt */; };
		5AC03C14E99066EB1564F0B3 /* 1-06여호수아.txt in Resources */ = {isa = PBXBuildFile; fileRef = 81FA9C6A50F1E278850379CE /* 1-06여호수아.txt */; };
		5B3E17BC4E53964099A40B58 /* 2-08고린도후서.txt in Resources */ = {isa = PBXBuildFile; fileRef = 035CB71D1F6FD7E47A6EE9DF /* 2-08고린도후서.txt */; };
		63D0B4D72BF2A0D897531E98 /* FirebaseAnalyticsSwiftTarget.framework in Frameworks */ = {isa = PBXBuildFile; fileRef = 57F74545A6524EB392D233D6 /* FirebaseAnalyticsSwiftTarget.framework */; };
		65ECB9CEC888F983572463F5 /* 2-26유다서.txt in Resources */ = {isa = PBXBuildFile; fileRef = EC2D4B2B77A3EBB6735DE524 /* 2-26유다서.txt */; };
		672E801BF11FF9C719BC0DFB /* 2-03누가복음.txt in Resources */ = {isa = PBXBuildFile; fileRef = 96777ECF90939F2DD7AC50EA /* 2-03누가복음.txt */; };
		6A3A3563FC992D30106B5769 /* CoreTelephony.framework in Frameworks */ = {isa = PBXBuildFile; fileRef = 3B88E15EEF21A2D14ACC7CFA /* CoreTelephony.framework */; };
		6BDCE25B7920A74B35B2077B /* 2-23요한일서.txt in Resources */ = {isa = PBXBuildFile; fileRef = 098C946AF6B239B036E54A9E /* 2-23요한일서.txt */; };
		6CE0CB70C65AC2A5D2EC9044 /* libc++.tbd in Frameworks */ = {isa = PBXBuildFile; fileRef = E5BCAF4BE54E5F79FDCBABD7 /* libc++.tbd */; };
		6D5CF5862D8A3AF5FC329A54 /* 1-08룻기.txt in Resources */ = {isa = PBXBuildFile; fileRef = 4351E0011B27460D0F9FE6B8 /* 1-08룻기.txt */; };
		7046A773E9DC896F9419D199 /* libcompression.tbd in Frameworks */ = {isa = PBXBuildFile; fileRef = CAC41AB2E9F40D89A7C37538 /* libcompression.tbd */; };
		708E518935A6EDE5CAEF0F21 /* OrderedCollections.framework in Frameworks */ = {isa = PBXBuildFile; fileRef = 569945560EA0BD7525EEC980 /* OrderedCollections.framework */; platformFilter = ios; };
		7169CE8AD5D7A0BD21BDF731 /* 2-13데살로니가전서.txt in Resources */ = {isa = PBXBuildFile; fileRef = 2C317CDCAB7FA668EB946605 /* 2-13데살로니가전서.txt */; };
		71B6ECA10709FDA8AB82270A /* 2-18빌레몬서.txt in Resources */ = {isa = PBXBuildFile; fileRef = 6B95E237986A797B9D4CEFDA /* 2-18빌레몬서.txt */; };
		745052438345ADE4DACE2BB9 /* 1-37학개.txt in Resources */ = {isa = PBXBuildFile; fileRef = 6F580D5E8B3E116DEC94B5DC /* 1-37학개.txt */; };
		79B773488CF8A5547E55B15D /* TuistFonts+WriteBible.swift in Sources */ = {isa = PBXBuildFile; fileRef = D5F7EEFDF9294C79558DD40B /* TuistFonts+WriteBible.swift */; };
		79E49D8B14D57E46D110B71A /* 1-35하박국.txt in Resources */ = {isa = PBXBuildFile; fileRef = 8D061AFB0F9F63E565756AA3 /* 1-35하박국.txt */; };
		7CB51D4A58C0F29439A2F9CC /* TCACoordinators.framework in Embed Frameworks */ = {isa = PBXBuildFile; fileRef = 30CDC76CC1EDC868BADA873D /* TCACoordinators.framework */; platformFilter = ios; settings = {ATTRIBUTES = (CodeSignOnCopy, RemoveHeadersOnCopy, ); }; };
		7E0437D5A5093270E7A85229 /* 1-17에스더.txt in Resources */ = {isa = PBXBuildFile; fileRef = B8122476467C9E5A6EC946CE /* 1-17에스더.txt */; };
		7F7B3E347D525BC61EF754B3 /* NanumBarunGothic.ttf in Resources */ = {isa = PBXBuildFile; fileRef = 91A58D2CC0944CB943300D37 /* NanumBarunGothic.ttf */; };
		81CC3C70391ABB22B6A727CD /* 1-22아가.txt in Resources */ = {isa = PBXBuildFile; fileRef = 67ECD39466386A710B4C7E7A /* 1-22아가.txt */; };
		8333FE035D3D5FC774BA4A46 /* 1-23이사야.txt in Resources */ = {isa = PBXBuildFile; fileRef = 6BC5B049A343C85BCB4D87E9 /* 1-23이사야.txt */; };
		8418B0F1C7F4AA473F5176C7 /* 2-24요한이서.txt in Resources */ = {isa = PBXBuildFile; fileRef = 08334051AB6BDEE13775F422 /* 2-24요한이서.txt */; };
		8586433394C60A36F3712A19 /* FirebaseCore.framework in Frameworks */ = {isa = PBXBuildFile; fileRef = 9AC3A937812ACE4A1A55875C /* FirebaseCore.framework */; };
		8741088E92E2141A492088B1 /* 2-20야고보서.txt in Resources */ = {isa = PBXBuildFile; fileRef = A39A99283304AF969C0BB3CA /* 2-20야고보서.txt */; };
		8AA2B9EB0F4B92E98B5D0E07 /* 1-25예레미야애가.txt in Resources */ = {isa = PBXBuildFile; fileRef = A70510A4575BB95D4362943C /* 1-25예레미야애가.txt */; };
		8D0E2EC119D0CFA15D2E11EC /* 2-14데살로니가후서.txt in Resources */ = {isa = PBXBuildFile; fileRef = 2A65936F22E739F9C5A6999A /* 2-14데살로니가후서.txt */; };
		92D0C4D50FF6E4C172AF59CD /* FirebaseAnalyticsWrapper.framework in Frameworks */ = {isa = PBXBuildFile; fileRef = A436886F14B64D92F9AD51ED /* FirebaseAnalyticsWrapper.framework */; };
		9814360A273C7AB9241019C2 /* 2-11빌립보서.txt in Resources */ = {isa = PBXBuildFile; fileRef = 29F44FAA4A952DFFD9E6526B /* 2-11빌립보서.txt */; };
		99253CD0442D346FB64A0B68 /* CombineSchedulers.framework in Frameworks */ = {isa = PBXBuildFile; fileRef = 621E0D54E0B86D4229D99BA2 /* CombineSchedulers.framework */; platformFilter = ios; };
		9976DD1CA61707A040E37585 /* RealmCore.framework in Frameworks */ = {isa = PBXBuildFile; fileRef = 3AB68B60D0E7AC522D6242A7 /* RealmCore.framework */; platformFilter = ios; };
		9BA92C8245E3326B2AAAA8DD /* 2-01마태복음.txt in Resources */ = {isa = PBXBuildFile; fileRef = FA8E3BA43C9E8FC6ED0B83B0 /* 2-01마태복음.txt */; };
		9F04AAC9DF5EAD64BDE8EFEB /* XCTestDynamicOverlay.framework in Frameworks */ = {isa = PBXBuildFile; fileRef = 923F93B37429AE962DFB9B99 /* XCTestDynamicOverlay.framework */; platformFilter = ios; };
		9F39B90E31F7DAA3CB0C59E3 /* Dependencies.framework in Frameworks */ = {isa = PBXBuildFile; fileRef = E50FA88A89BEACC97B6D6FF4 /* Dependencies.framework */; platformFilter = ios; };
		9FE61BD0A73E562075DBAD06 /* 2-09갈라디아서.txt in Resources */ = {isa = PBXBuildFile; fileRef = 87C58B1D21FE693D0675B84F /* 2-09갈라디아서.txt */; };
		A2786C2018815A9961943CDD /* 1-30아모스.txt in Resources */ = {isa = PBXBuildFile; fileRef = 666A0334349A216EB1DB1D67 /* 1-30아모스.txt */; };
		A64E6CC4FB6364A0C0A888F1 /* ComposableArchitecture.framework in Frameworks */ = {isa = PBXBuildFile; fileRef = 6489369F5825EE0F9226476D /* ComposableArchitecture.framework */; platformFilter = ios; };
		A74058BE335D2D80A488CF39 /* 1-01창세기.txt in Resources */ = {isa = PBXBuildFile; fileRef = 57D8D22600F75D7DBF0AE7E2 /* 1-01창세기.txt */; };
		A8DE10F9ABF819E136611871 /* GoogleUtilities_NSData.framework in Frameworks */ = {isa = PBXBuildFile; fileRef = FFEEAC3F5E4C1DA70FFF718B /* GoogleUtilities_NSData.framework */; platformFilter = ios; };
		AAAA4DCFDEB582F40136FEE0 /* 1-05신명기.txt in Resources */ = {isa = PBXBuildFile; fileRef = 76A483816700AC1EF02BCE3C /* 1-05신명기.txt */; };
		AB930394D811F5DF99402C3C /* 1-02출애굽기.txt in Resources */ = {isa = PBXBuildFile; fileRef = ED378803358B228AF19528FE /* 1-02출애굽기.txt */; };
		ABB2C9FD16D42916092722DB /* SwiftUINavigationCore.framework in Frameworks */ = {isa = PBXBuildFile; fileRef = 3D1E17395FB6DC26F1B57A2D /* SwiftUINavigationCore.framework */; platformFilter = ios; };
		AEA1E31BD643F977C9F03497 /* GoogleUtilities_Environment.framework in Frameworks */ = {isa = PBXBuildFile; fileRef = CC09BD9035A3D8273408E5CF /* GoogleUtilities_Environment.framework */; platformFilter = ios; };
		AF5C08BE3A1FC184751DD0ED /* FirebaseInstallations.framework in Frameworks */ = {isa = PBXBuildFile; fileRef = 20772E892D62E38282356578 /* FirebaseInstallations.framework */; };
		B1F65DD2BADC4BE73B59BABF /* 1-16느헤미야.txt in Resources */ = {isa = PBXBuildFile; fileRef = 94A7CE383E614E111C6F7657 /* 1-16느헤미야.txt */; };
		B2757299CE53D918606FABF0 /* 1-32요나.txt in Resources */ = {isa = PBXBuildFile; fileRef = 7240DD0C0276775162564F9B /* 1-32요나.txt */; };
		B2D2190607A10D011101AF6A /* 1-38스가랴.txt in Resources */ = {isa = PBXBuildFile; fileRef = CB3F9780101183B0FEA2FD28 /* 1-38스가랴.txt */; };
		B90E799AB457BF7FCAAD4F07 /* 2-15디모데전서.txt in Resources */ = {isa = PBXBuildFile; fileRef = BB94275254B56273317203F2 /* 2-15디모데전서.txt */; };
		BA1A6DA346F447F2F264F569 /* FirebaseAnalytics.xcframework in Frameworks */ = {isa = PBXBuildFile; fileRef = 707F40113C6D099C22424818 /* FirebaseAnalytics.xcframework */; };
		BB5DB5D104836C11B5279879 /* TuistPlists+WriteBible.swift in Sources */ = {isa = PBXBuildFile; fileRef = A3E0936FBEC783C866AED039 /* TuistPlists+WriteBible.swift */; };
		BC2E86F9826538D91DA5C75B /* 2-04요한복음.txt in Resources */ = {isa = PBXBuildFile; fileRef = AB265D76BA4F848032CFB4EE /* 2-04요한복음.txt */; };
		BD26EA6F2A908487577E7ACB /* Firebase.framework in Frameworks */ = {isa = PBXBuildFile; fileRef = E4E1FA6E4893F337E37D5EB9 /* Firebase.framework */; };
		BE40FA53FEC3F3FC1E65DEB7 /* 1-10사무엘하.txt in Resources */ = {isa = PBXBuildFile; fileRef = BFEC574F73B67B867E5D3EE7 /* 1-10사무엘하.txt */; };
		C95B26D28CE6B49250DA6748 /* GoogleUtilities_Network.framework in Frameworks */ = {isa = PBXBuildFile; fileRef = 7426D61FF33609D8453C8A41 /* GoogleUtilities_Network.framework */; platformFilter = ios; };
		CC1DA8F3BB5BCB8BEF429316 /* GoogleDataTransport.framework in Frameworks */ = {isa = PBXBuildFile; fileRef = 9A58B612FBC557AD057D7FC8 /* GoogleDataTransport.framework */; platformFilter = ios; };
		D181238056C642AF9580203F /* 2-02마가복음.txt in Resources */ = {isa = PBXBuildFile; fileRef = 651751063FA025E6B8DEE6A3 /* 2-02마가복음.txt */; };
		D1C7B90793C82391521045AB /* 2-06로마서.txt in Resources */ = {isa = PBXBuildFile; fileRef = 72A2DD8379C424744EF5A449 /* 2-06로마서.txt */; };
		D1EF9EECF98EA12B7A5D13C5 /* 1-14역대하.txt in Resources */ = {isa = PBXBuildFile; fileRef = 80205FC65BC1C66E801B87E7 /* 1-14역대하.txt */; };
		D31E3017EDC2484CE0A6782E /* UIKit.framework in Frameworks */ = {isa = PBXBuildFile; fileRef = 36571F73C8E2F9E96F7392C7 /* UIKit.framework */; };
		D83B6991C69168699E44968D /* CasePaths.framework in Frameworks */ = {isa = PBXBuildFile; fileRef = 23E24D0E537C0B10081A54CC /* CasePaths.framework */; platformFilter = ios; };
		D9CCBF1692ADD973FCB1E978 /* GoogleAppMeasurementTarget.framework in Frameworks */ = {isa = PBXBuildFile; fileRef = A7206B39D814DF1F220B70FC /* GoogleAppMeasurementTarget.framework */; platformFilter = ios; };
		DA5FD305CD9632340ED7EA0B /* 2-27요한계시록.txt in Resources */ = {isa = PBXBuildFile; fileRef = D723285F3E2D15000D979EB6 /* 2-27요한계시록.txt */; };
		DD4E792F4BAFC22B91EE2038 /* SystemConfiguration.framework in Frameworks */ = {isa = PBXBuildFile; fileRef = D9D2C45E49651B21CA0FED0B /* SystemConfiguration.framework */; };
		DDB217DCF48DF71734A7FF8F /* 2-25요한삼서.txt in Resources */ = {isa = PBXBuildFile; fileRef = D9309DD3E0912DC3B5D7AA82 /* 2-25요한삼서.txt */; };
		DE70C9B23FFD72B990B9D3DA /* 1-03레위기.txt in Resources */ = {isa = PBXBuildFile; fileRef = B3AC03D49F7759DDB77D381C /* 1-03레위기.txt */; };
		DE7EEC3A539A563711FEB62E /* 2-12골로새서.txt in Resources */ = {isa = PBXBuildFile; fileRef = 3B1DB92C086B035952CAD912 /* 2-12골로새서.txt */; };
		E09585F2E9909AFD472E9804 /* TCACoordinators.framework in Frameworks */ = {isa = PBXBuildFile; fileRef = 30CDC76CC1EDC868BADA873D /* TCACoordinators.framework */; platformFilter = ios; };
		E0F1C17A43E007AE419876AD /* 1-29요엘.txt in Resources */ = {isa = PBXBuildFile; fileRef = D5CF4AC65E9E9C07F76B831B /* 1-29요엘.txt */; };
		E1D9A220CD88F89C6D6A114C /* Bid.framework in Frameworks */ = {isa = PBXBuildFile; fileRef = E01C258335C5D2C2F825224B /* Bid.framework */; platformFilter = ios; };
		E21B4F8046ED5A441D3010B0 /* GoogleAppMeasurement.xcframework in Frameworks */ = {isa = PBXBuildFile; fileRef = DAC84860E4143E140485174F /* GoogleAppMeasurement.xcframework */; };
		E3E5488EB471E2F2F7D94730 /* libsqlite3.tbd in Frameworks */ = {isa = PBXBuildFile; fileRef = 1D9BB5E91B8C5D5DD295FE8A /* libsqlite3.tbd */; };
		E5B57685BC7989C2A2DAB8D0 /* Info.plist in Resources */ = {isa = PBXBuildFile; fileRef = 63F3AB993745829F1E1DB9BA /* Info.plist */; };
		E5DCEE1CEA4D37DE7AFBC2D2 /* 1-31오바댜.txt in Resources */ = {isa = PBXBuildFile; fileRef = 50E0BD0C8E49DD4BCA8F63D4 /* 1-31오바댜.txt */; };
		E68CB5178C6690FFDC08105C /* 1-09사무엘상.txt in Resources */ = {isa = PBXBuildFile; fileRef = 3799C2C814A21B371C2454B3 /* 1-09사무엘상.txt */; };
		E996B4AEF01EFF3ED63A0759 /* GoogleUtilities_Reachability.framework in Frameworks */ = {isa = PBXBuildFile; fileRef = 1AE2CBAF43227E2140BB413F /* GoogleUtilities_Reachability.framework */; platformFilter = ios; };
		EA0008BE09BE0AA4761731E8 /* WriteBibleApp.swift in Sources */ = {isa = PBXBuildFile; fileRef = ECAE7A025B8E154EB610E1DB /* WriteBibleApp.swift */; };
		EA3E8FBE5EE5CFD9E4DB0292 /* 2-17디도서.txt in Resources */ = {isa = PBXBuildFile; fileRef = 6130BCC2D404BF2819D08D93 /* 2-17디도서.txt */; };
		EBDB22F0765652AA00D0BEA6 /* FBLPromises.framework in Frameworks */ = {isa = PBXBuildFile; fileRef = 4320B81C86109755BBB5FBD8 /* FBLPromises.framework */; platformFilter = ios; };
		F01B75704CB108126D40E3F5 /* GoogleUtilities_AppDelegateSwizzler.framework in Frameworks */ = {isa = PBXBuildFile; fileRef = E7988548163D815ECA9252CF /* GoogleUtilities_AppDelegateSwizzler.framework */; platformFilter = ios; };
		F21631A2AC4DC47F7402261A /* nanopb.framework in Frameworks */ = {isa = PBXBuildFile; fileRef = 1D9B035BD3414CD5A5072887 /* nanopb.framework */; platformFilter = ios; };
		F7C09F02C4375C6694FF7A9A /* 1-28호세아.txt in Resources */ = {isa = PBXBuildFile; fileRef = F66EB76CFA6E7A4AFA4CA46D /* 1-28호세아.txt */; };
		F87A17186DDDEBD26AA558C8 /* 2-16디모데후서.txt in Resources */ = {isa = PBXBuildFile; fileRef = A828CB8194EC8440F41ED364 /* 2-16디모데후서.txt */; };
/* End PBXBuildFile section */

/* Begin PBXCopyFilesBuildPhase section */
		826C833BFC906EF5C62DEE20 /* Embed Frameworks */ = {
			isa = PBXCopyFilesBuildPhase;
			buildActionMask = 2147483647;
			dstPath = "";
			dstSubfolderSpec = 10;
			files = (
				7CB51D4A58C0F29439A2F9CC /* TCACoordinators.framework in Embed Frameworks */,
			);
			name = "Embed Frameworks";
			runOnlyForDeploymentPostprocessing = 0;
		};
/* End PBXCopyFilesBuildPhase section */

/* Begin PBXFileReference section */
		035CB71D1F6FD7E47A6EE9DF /* 2-08고린도후서.txt */ = {isa = PBXFileReference; lastKnownFileType = text; path = "2-08고린도후서.txt"; sourceTree = "<group>"; };
		056D8E792AEC232E03A26F08 /* NanumMyeongjo.ttf */ = {isa = PBXFileReference; lastKnownFileType = file; path = NanumMyeongjo.ttf; sourceTree = "<group>"; };
		08334051AB6BDEE13775F422 /* 2-24요한이서.txt */ = {isa = PBXFileReference; lastKnownFileType = text; path = "2-24요한이서.txt"; sourceTree = "<group>"; };
		098C946AF6B239B036E54A9E /* 2-23요한일서.txt */ = {isa = PBXFileReference; lastKnownFileType = text; path = "2-23요한일서.txt"; sourceTree = "<group>"; };
		0E0089C7086DA735AF99B2EA /* 1-24예레미야.txt */ = {isa = PBXFileReference; lastKnownFileType = text; path = "1-24예레미야.txt"; sourceTree = "<group>"; };
		0FE1BA1056B63B6AF9857E14 /* Clocks.framework */ = {isa = PBXFileReference; explicitFileType = wrapper.framework; includeInIndex = 0; path = Clocks.framework; sourceTree = BUILT_PRODUCTS_DIR; };
		14775C2BD80DB7C8E4ED845F /* Foundation.framework */ = {isa = PBXFileReference; lastKnownFileType = wrapper.framework; name = Foundation.framework; path = Platforms/iPhoneOS.platform/Developer/SDKs/iPhoneOS.sdk/System/Library/Frameworks/Foundation.framework; sourceTree = DEVELOPER_DIR; };
		1AE2CBAF43227E2140BB413F /* GoogleUtilities_Reachability.framework */ = {isa = PBXFileReference; explicitFileType = wrapper.framework; includeInIndex = 0; path = GoogleUtilities_Reachability.framework; sourceTree = BUILT_PRODUCTS_DIR; };
		1D9B035BD3414CD5A5072887 /* nanopb.framework */ = {isa = PBXFileReference; explicitFileType = wrapper.framework; includeInIndex = 0; path = nanopb.framework; sourceTree = BUILT_PRODUCTS_DIR; };
		1D9BB5E91B8C5D5DD295FE8A /* libsqlite3.tbd */ = {isa = PBXFileReference; lastKnownFileType = "sourcecode.text-based-dylib-definition"; name = libsqlite3.tbd; path = Platforms/iPhoneOS.platform/Developer/SDKs/iPhoneOS.sdk/usr/lib/libsqlite3.tbd; sourceTree = DEVELOPER_DIR; };
		2047CA9B07C4BDD732CAD2C2 /* 1-11열왕기상.txt */ = {isa = PBXFileReference; lastKnownFileType = text; path = "1-11열왕기상.txt"; sourceTree = "<group>"; };
		20772E892D62E38282356578 /* FirebaseInstallations.framework */ = {isa = PBXFileReference; explicitFileType = wrapper.framework; includeInIndex = 0; path = FirebaseInstallations.framework; sourceTree = BUILT_PRODUCTS_DIR; };
		2328A86C2726D4570D8E51EA /* WriteBible.app */ = {isa = PBXFileReference; explicitFileType = wrapper.application; includeInIndex = 0; path = WriteBible.app; sourceTree = BUILT_PRODUCTS_DIR; };
		23E24D0E537C0B10081A54CC /* CasePaths.framework */ = {isa = PBXFileReference; explicitFileType = wrapper.framework; includeInIndex = 0; path = CasePaths.framework; sourceTree = BUILT_PRODUCTS_DIR; };
		241C4A07AC735C30CF7F7CAD /* WriteBible-Info.plist */ = {isa = PBXFileReference; lastKnownFileType = text.plist; path = "WriteBible-Info.plist"; sourceTree = "<group>"; };
		287E29FD533F0B5EB599D3AC /* FirebaseMessaging.framework */ = {isa = PBXFileReference; explicitFileType = wrapper.framework; includeInIndex = 0; path = FirebaseMessaging.framework; sourceTree = BUILT_PRODUCTS_DIR; };
		29F44FAA4A952DFFD9E6526B /* 2-11빌립보서.txt */ = {isa = PBXFileReference; lastKnownFileType = text; path = "2-11빌립보서.txt"; sourceTree = "<group>"; };
		2A65936F22E739F9C5A6999A /* 2-14데살로니가후서.txt */ = {isa = PBXFileReference; lastKnownFileType = text; path = "2-14데살로니가후서.txt"; sourceTree = "<group>"; };
		2C317CDCAB7FA668EB946605 /* 2-13데살로니가전서.txt */ = {isa = PBXFileReference; lastKnownFileType = text; path = "2-13데살로니가전서.txt"; sourceTree = "<group>"; };
		3002457575A4D607349BE6FB /* FirebaseAnalyticsSwift.framework */ = {isa = PBXFileReference; explicitFileType = wrapper.framework; includeInIndex = 0; path = FirebaseAnalyticsSwift.framework; sourceTree = BUILT_PRODUCTS_DIR; };
		30CDC76CC1EDC868BADA873D /* TCACoordinators.framework */ = {isa = PBXFileReference; explicitFileType = wrapper.framework; includeInIndex = 0; path = TCACoordinators.framework; sourceTree = BUILT_PRODUCTS_DIR; };
		36571F73C8E2F9E96F7392C7 /* UIKit.framework */ = {isa = PBXFileReference; lastKnownFileType = wrapper.framework; name = UIKit.framework; path = Platforms/iPhoneOS.platform/Developer/SDKs/iPhoneOS.sdk/System/Library/Frameworks/UIKit.framework; sourceTree = DEVELOPER_DIR; };
		36ABE2F07F74D266F89FC8E0 /* GoogleService-Info.plist */ = {isa = PBXFileReference; lastKnownFileType = text.plist; path = "GoogleService-Info.plist"; sourceTree = "<group>"; };
		3799C2C814A21B371C2454B3 /* 1-09사무엘상.txt */ = {isa = PBXFileReference; lastKnownFileType = text; path = "1-09사무엘상.txt"; sourceTree = "<group>"; };
		3A88B6AE831018E227342CEF /* TuistBundle+WriteBible.swift */ = {isa = PBXFileReference; lastKnownFileType = sourcecode.swift; path = "TuistBundle+WriteBible.swift"; sourceTree = "<group>"; };
		3AB68B60D0E7AC522D6242A7 /* RealmCore.framework */ = {isa = PBXFileReference; explicitFileType = wrapper.framework; includeInIndex = 0; path = RealmCore.framework; sourceTree = BUILT_PRODUCTS_DIR; };
		3B12B6655F1F0D80A0CE8D7F /* 1-21전도서.txt */ = {isa = PBXFileReference; lastKnownFileType = text; path = "1-21전도서.txt"; sourceTree = "<group>"; };
		3B1DB92C086B035952CAD912 /* 2-12골로새서.txt */ = {isa = PBXFileReference; lastKnownFileType = text; path = "2-12골로새서.txt"; sourceTree = "<group>"; };
		3B88E15EEF21A2D14ACC7CFA /* CoreTelephony.framework */ = {isa = PBXFileReference; lastKnownFileType = wrapper.framework; name = CoreTelephony.framework; path = Platforms/iPhoneOS.platform/Developer/SDKs/iPhoneOS.sdk/System/Library/Frameworks/CoreTelephony.framework; sourceTree = DEVELOPER_DIR; };
		3D1E17395FB6DC26F1B57A2D /* SwiftUINavigationCore.framework */ = {isa = PBXFileReference; explicitFileType = wrapper.framework; includeInIndex = 0; path = SwiftUINavigationCore.framework; sourceTree = BUILT_PRODUCTS_DIR; };
		3EA07D839D77EAA57C6B3067 /* 1-13역대상.txt */ = {isa = PBXFileReference; lastKnownFileType = text; path = "1-13역대상.txt"; sourceTree = "<group>"; };
		3FC5ECD91FA994DE9140F24E /* 1-19시편.txt */ = {isa = PBXFileReference; lastKnownFileType = text; path = "1-19시편.txt"; sourceTree = "<group>"; };
		4320B81C86109755BBB5FBD8 /* FBLPromises.framework */ = {isa = PBXFileReference; explicitFileType = wrapper.framework; includeInIndex = 0; path = FBLPromises.framework; sourceTree = BUILT_PRODUCTS_DIR; };
		4351E0011B27460D0F9FE6B8 /* 1-08룻기.txt */ = {isa = PBXFileReference; lastKnownFileType = text; path = "1-08룻기.txt"; sourceTree = "<group>"; };
		481D39D291087CD7A24FC107 /* IdentifiedCollections.framework */ = {isa = PBXFileReference; explicitFileType = wrapper.framework; includeInIndex = 0; path = IdentifiedCollections.framework; sourceTree = BUILT_PRODUCTS_DIR; };
		4929535108886BB475F63366 /* Assets.xcassets */ = {isa = PBXFileReference; lastKnownFileType = folder.assetcatalog; path = Assets.xcassets; sourceTree = "<group>"; };
		50E0BD0C8E49DD4BCA8F63D4 /* 1-31오바댜.txt */ = {isa = PBXFileReference; lastKnownFileType = text; path = "1-31오바댜.txt"; sourceTree = "<group>"; };
		515706631F32A38ED549556A /* 1-27다니엘.txt */ = {isa = PBXFileReference; lastKnownFileType = text; path = "1-27다니엘.txt"; sourceTree = "<group>"; };
		536D2514ACA527264B6320FE /* TuistAssets+WriteBible.swift */ = {isa = PBXFileReference; lastKnownFileType = sourcecode.swift; path = "TuistAssets+WriteBible.swift"; sourceTree = "<group>"; };
		560F36BCB66128F206B94F9F /* GoogleUtilities_Logger.framework */ = {isa = PBXFileReference; explicitFileType = wrapper.framework; includeInIndex = 0; path = GoogleUtilities_Logger.framework; sourceTree = BUILT_PRODUCTS_DIR; };
		569945560EA0BD7525EEC980 /* OrderedCollections.framework */ = {isa = PBXFileReference; explicitFileType = wrapper.framework; includeInIndex = 0; path = OrderedCollections.framework; sourceTree = BUILT_PRODUCTS_DIR; };
		57D8D22600F75D7DBF0AE7E2 /* 1-01창세기.txt */ = {isa = PBXFileReference; lastKnownFileType = text; path = "1-01창세기.txt"; sourceTree = "<group>"; };
		57F74545A6524EB392D233D6 /* FirebaseAnalyticsSwiftTarget.framework */ = {isa = PBXFileReference; explicitFileType = wrapper.framework; includeInIndex = 0; path = FirebaseAnalyticsSwiftTarget.framework; sourceTree = BUILT_PRODUCTS_DIR; };
		580E645FDB191C8AE9008ACA /* 1-26에스겔.txt */ = {isa = PBXFileReference; lastKnownFileType = text; path = "1-26에스겔.txt"; sourceTree = "<group>"; };
		58EC46F38325B5606B5FC6F4 /* 2-21베드로전서.txt */ = {isa = PBXFileReference; lastKnownFileType = text; path = "2-21베드로전서.txt"; sourceTree = "<group>"; };
		5E96965F3CDE5CC510C15DB4 /* 1-04민수기.txt */ = {isa = PBXFileReference; lastKnownFileType = text; path = "1-04민수기.txt"; sourceTree = "<group>"; };
		6130BCC2D404BF2819D08D93 /* 2-17디도서.txt */ = {isa = PBXFileReference; lastKnownFileType = text; path = "2-17디도서.txt"; sourceTree = "<group>"; };
		621E0D54E0B86D4229D99BA2 /* CombineSchedulers.framework */ = {isa = PBXFileReference; explicitFileType = wrapper.framework; includeInIndex = 0; path = CombineSchedulers.framework; sourceTree = BUILT_PRODUCTS_DIR; };
		63DD45F5A3596FB1C2EAFF4C /* 2-19히브리서.txt */ = {isa = PBXFileReference; lastKnownFileType = text; path = "2-19히브리서.txt"; sourceTree = "<group>"; };
		63F3AB993745829F1E1DB9BA /* Info.plist */ = {isa = PBXFileReference; lastKnownFileType = text.plist; path = Info.plist; sourceTree = "<group>"; };
		6489369F5825EE0F9226476D /* ComposableArchitecture.framework */ = {isa = PBXFileReference; explicitFileType = wrapper.framework; includeInIndex = 0; path = ComposableArchitecture.framework; sourceTree = BUILT_PRODUCTS_DIR; };
		651751063FA025E6B8DEE6A3 /* 2-02마가복음.txt */ = {isa = PBXFileReference; lastKnownFileType = text; path = "2-02마가복음.txt"; sourceTree = "<group>"; };
		666A0334349A216EB1DB1D67 /* 1-30아모스.txt */ = {isa = PBXFileReference; lastKnownFileType = text; path = "1-30아모스.txt"; sourceTree = "<group>"; };
		67ECD39466386A710B4C7E7A /* 1-22아가.txt */ = {isa = PBXFileReference; lastKnownFileType = text; path = "1-22아가.txt"; sourceTree = "<group>"; };
		6B95E237986A797B9D4CEFDA /* 2-18빌레몬서.txt */ = {isa = PBXFileReference; lastKnownFileType = text; path = "2-18빌레몬서.txt"; sourceTree = "<group>"; };
		6BC5B049A343C85BCB4D87E9 /* 1-23이사야.txt */ = {isa = PBXFileReference; lastKnownFileType = text; path = "1-23이사야.txt"; sourceTree = "<group>"; };
		6F0A2B5D9C5F6C5F9DC12BB2 /* GoogleAppMeasurementIdentitySupport.xcframework */ = {isa = PBXFileReference; lastKnownFileType = wrapper.xcframework; path = GoogleAppMeasurementIdentitySupport.xcframework; sourceTree = "<group>"; };
		6F580D5E8B3E116DEC94B5DC /* 1-37학개.txt */ = {isa = PBXFileReference; lastKnownFileType = text; path = "1-37학개.txt"; sourceTree = "<group>"; };
		707F40113C6D099C22424818 /* FirebaseAnalytics.xcframework */ = {isa = PBXFileReference; lastKnownFileType = wrapper.xcframework; path = FirebaseAnalytics.xcframework; sourceTree = "<group>"; };
		7240DD0C0276775162564F9B /* 1-32요나.txt */ = {isa = PBXFileReference; lastKnownFileType = text; path = "1-32요나.txt"; sourceTree = "<group>"; };
		72A2DD8379C424744EF5A449 /* 2-06로마서.txt */ = {isa = PBXFileReference; lastKnownFileType = text; path = "2-06로마서.txt"; sourceTree = "<group>"; };
		7426D61FF33609D8453C8A41 /* GoogleUtilities_Network.framework */ = {isa = PBXFileReference; explicitFileType = wrapper.framework; includeInIndex = 0; path = GoogleUtilities_Network.framework; sourceTree = BUILT_PRODUCTS_DIR; };
		76A483816700AC1EF02BCE3C /* 1-05신명기.txt */ = {isa = PBXFileReference; lastKnownFileType = text; path = "1-05신명기.txt"; sourceTree = "<group>"; };
		7988BE0E653776C76553F8C1 /* Launch Screen.storyboard */ = {isa = PBXFileReference; lastKnownFileType = file.storyboard; path = "Launch Screen.storyboard"; sourceTree = "<group>"; };
		7BB623E5807988D61F8EB5F6 /* 2-05사도행전.txt */ = {isa = PBXFileReference; lastKnownFileType = text; path = "2-05사도행전.txt"; sourceTree = "<group>"; };
		80205FC65BC1C66E801B87E7 /* 1-14역대하.txt */ = {isa = PBXFileReference; lastKnownFileType = text; path = "1-14역대하.txt"; sourceTree = "<group>"; };
		802FC70B5EB36EC3B3C09942 /* 2-10에베소서.txt */ = {isa = PBXFileReference; lastKnownFileType = text; path = "2-10에베소서.txt"; sourceTree = "<group>"; };
		81D49BF099C3C49A1EDDE690 /* RealmSwift.framework */ = {isa = PBXFileReference; explicitFileType = wrapper.framework; includeInIndex = 0; path = RealmSwift.framework; sourceTree = BUILT_PRODUCTS_DIR; };
		81FA9C6A50F1E278850379CE /* 1-06여호수아.txt */ = {isa = PBXFileReference; lastKnownFileType = text; path = "1-06여호수아.txt"; sourceTree = "<group>"; };
		87C58B1D21FE693D0675B84F /* 2-09갈라디아서.txt */ = {isa = PBXFileReference; lastKnownFileType = text; path = "2-09갈라디아서.txt"; sourceTree = "<group>"; };
		8C6C915B1E08D8C8CABE30E4 /* StoreKit.framework */ = {isa = PBXFileReference; lastKnownFileType = wrapper.framework; name = StoreKit.framework; path = Platforms/iPhoneOS.platform/Developer/SDKs/iPhoneOS.sdk/System/Library/Frameworks/StoreKit.framework; sourceTree = DEVELOPER_DIR; };
		8CBFE5CE1081207FDC3CBFBD /* 1-18욥기.txt */ = {isa = PBXFileReference; lastKnownFileType = text; path = "1-18욥기.txt"; sourceTree = "<group>"; };
		8D061AFB0F9F63E565756AA3 /* 1-35하박국.txt */ = {isa = PBXFileReference; lastKnownFileType = text; path = "1-35하박국.txt"; sourceTree = "<group>"; };
		91A58D2CC0944CB943300D37 /* NanumBarunGothic.ttf */ = {isa = PBXFileReference; lastKnownFileType = file; path = NanumBarunGothic.ttf; sourceTree = "<group>"; };
		923F93B37429AE962DFB9B99 /* XCTestDynamicOverlay.framework */ = {isa = PBXFileReference; explicitFileType = wrapper.framework; includeInIndex = 0; path = XCTestDynamicOverlay.framework; sourceTree = BUILT_PRODUCTS_DIR; };
		94A7CE383E614E111C6F7657 /* 1-16느헤미야.txt */ = {isa = PBXFileReference; lastKnownFileType = text; path = "1-16느헤미야.txt"; sourceTree = "<group>"; };
		96777ECF90939F2DD7AC50EA /* 2-03누가복음.txt */ = {isa = PBXFileReference; lastKnownFileType = text; path = "2-03누가복음.txt"; sourceTree = "<group>"; };
		97DDD32E619B93F9B6D845B1 /* 1-07사사기.txt */ = {isa = PBXFileReference; lastKnownFileType = text; path = "1-07사사기.txt"; sourceTree = "<group>"; };
		9A58B612FBC557AD057D7FC8 /* GoogleDataTransport.framework */ = {isa = PBXFileReference; explicitFileType = wrapper.framework; includeInIndex = 0; path = GoogleDataTransport.framework; sourceTree = BUILT_PRODUCTS_DIR; };
		9AC3A937812ACE4A1A55875C /* FirebaseCore.framework */ = {isa = PBXFileReference; explicitFileType = wrapper.framework; includeInIndex = 0; path = FirebaseCore.framework; sourceTree = BUILT_PRODUCTS_DIR; };
		A39A99283304AF969C0BB3CA /* 2-20야고보서.txt */ = {isa = PBXFileReference; lastKnownFileType = text; path = "2-20야고보서.txt"; sourceTree = "<group>"; };
		A3E0936FBEC783C866AED039 /* TuistPlists+WriteBible.swift */ = {isa = PBXFileReference; lastKnownFileType = sourcecode.swift; path = "TuistPlists+WriteBible.swift"; sourceTree = "<group>"; };
		A436886F14B64D92F9AD51ED /* FirebaseAnalyticsWrapper.framework */ = {isa = PBXFileReference; explicitFileType = wrapper.framework; includeInIndex = 0; path = FirebaseAnalyticsWrapper.framework; sourceTree = BUILT_PRODUCTS_DIR; };
		A70510A4575BB95D4362943C /* 1-25예레미야애가.txt */ = {isa = PBXFileReference; lastKnownFileType = text; path = "1-25예레미야애가.txt"; sourceTree = "<group>"; };
		A7206B39D814DF1F220B70FC /* GoogleAppMeasurementTarget.framework */ = {isa = PBXFileReference; explicitFileType = wrapper.framework; includeInIndex = 0; path = GoogleAppMeasurementTarget.framework; sourceTree = BUILT_PRODUCTS_DIR; };
		A828CB8194EC8440F41ED364 /* 2-16디모데후서.txt */ = {isa = PBXFileReference; lastKnownFileType = text; path = "2-16디모데후서.txt"; sourceTree = "<group>"; };
		AB265D76BA4F848032CFB4EE /* 2-04요한복음.txt */ = {isa = PBXFileReference; lastKnownFileType = text; path = "2-04요한복음.txt"; sourceTree = "<group>"; };
		AC142E0041C560144C965CE2 /* FirebaseCoreInternal.framework */ = {isa = PBXFileReference; explicitFileType = wrapper.framework; includeInIndex = 0; path = FirebaseCoreInternal.framework; sourceTree = BUILT_PRODUCTS_DIR; };
		B00E22FDE128AC55E76C57F3 /* GoogleUtilities_UserDefaults.framework */ = {isa = PBXFileReference; explicitFileType = wrapper.framework; includeInIndex = 0; path = GoogleUtilities_UserDefaults.framework; sourceTree = BUILT_PRODUCTS_DIR; };
		B3AC03D49F7759DDB77D381C /* 1-03레위기.txt */ = {isa = PBXFileReference; lastKnownFileType = text; path = "1-03레위기.txt"; sourceTree = "<group>"; };
		B4B1878A91CD792582B893B0 /* Security.framework */ = {isa = PBXFileReference; lastKnownFileType = wrapper.framework; name = Security.framework; path = Platforms/iPhoneOS.platform/Developer/SDKs/iPhoneOS.sdk/System/Library/Frameworks/Security.framework; sourceTree = DEVELOPER_DIR; };
		B736C3932ECE07C227E3886D /* 1-39말라기.txt */ = {isa = PBXFileReference; lastKnownFileType = text; path = "1-39말라기.txt"; sourceTree = "<group>"; };
		B8122476467C9E5A6EC946CE /* 1-17에스더.txt */ = {isa = PBXFileReference; lastKnownFileType = text; path = "1-17에스더.txt"; sourceTree = "<group>"; };
		BB94275254B56273317203F2 /* 2-15디모데전서.txt */ = {isa = PBXFileReference; lastKnownFileType = text; path = "2-15디모데전서.txt"; sourceTree = "<group>"; };
		BFEC574F73B67B867E5D3EE7 /* 1-10사무엘하.txt */ = {isa = PBXFileReference; lastKnownFileType = text; path = "1-10사무엘하.txt"; sourceTree = "<group>"; };
		C1543A58414BB43B8A27EC5C /* 나눔손글씨 꽃내음.ttf */ = {isa = PBXFileReference; lastKnownFileType = file; path = "나눔손글씨 꽃내음.ttf"; sourceTree = "<group>"; };
		C3D04480CE0AB24BD4926FF2 /* 1-20잠언.txt */ = {isa = PBXFileReference; lastKnownFileType = text; path = "1-20잠언.txt"; sourceTree = "<group>"; };
		C497F4C01AED606FA51E8D5A /* 2-22베드로후서.txt */ = {isa = PBXFileReference; lastKnownFileType = text; path = "2-22베드로후서.txt"; sourceTree = "<group>"; };
		C76BB115CBCE04D2FA3B115F /* 1-33미가.txt */ = {isa = PBXFileReference; lastKnownFileType = text; path = "1-33미가.txt"; sourceTree = "<group>"; };
		C8F0DC6A5E82224A233BF103 /* 1-12열왕기하.txt */ = {isa = PBXFileReference; lastKnownFileType = text; path = "1-12열왕기하.txt"; sourceTree = "<group>"; };
		CAC41AB2E9F40D89A7C37538 /* libcompression.tbd */ = {isa = PBXFileReference; lastKnownFileType = "sourcecode.text-based-dylib-definition"; name = libcompression.tbd; path = Platforms/iPhoneOS.platform/Developer/SDKs/iPhoneOS.sdk/usr/lib/libcompression.tbd; sourceTree = DEVELOPER_DIR; };
		CB3F9780101183B0FEA2FD28 /* 1-38스가랴.txt */ = {isa = PBXFileReference; lastKnownFileType = text; path = "1-38스가랴.txt"; sourceTree = "<group>"; };
		CC09BD9035A3D8273408E5CF /* GoogleUtilities_Environment.framework */ = {isa = PBXFileReference; explicitFileType = wrapper.framework; includeInIndex = 0; path = GoogleUtilities_Environment.framework; sourceTree = BUILT_PRODUCTS_DIR; };
		CD425C7EE1A96A81B52BB077 /* 1-36스바냐.txt */ = {isa = PBXFileReference; lastKnownFileType = text; path = "1-36스바냐.txt"; sourceTree = "<group>"; };
		D09725A2B455F632B771B085 /* GoogleUtilities_MethodSwizzler.framework */ = {isa = PBXFileReference; explicitFileType = wrapper.framework; includeInIndex = 0; path = GoogleUtilities_MethodSwizzler.framework; sourceTree = BUILT_PRODUCTS_DIR; };
		D23A8F6FA16AA6D18E6DE363 /* CustomDump.framework */ = {isa = PBXFileReference; explicitFileType = wrapper.framework; includeInIndex = 0; path = CustomDump.framework; sourceTree = BUILT_PRODUCTS_DIR; };
		D5CF4AC65E9E9C07F76B831B /* 1-29요엘.txt */ = {isa = PBXFileReference; lastKnownFileType = text; path = "1-29요엘.txt"; sourceTree = "<group>"; };
		D5F7EEFDF9294C79558DD40B /* TuistFonts+WriteBible.swift */ = {isa = PBXFileReference; lastKnownFileType = sourcecode.swift; path = "TuistFonts+WriteBible.swift"; sourceTree = "<group>"; };
		D723285F3E2D15000D979EB6 /* 2-27요한계시록.txt */ = {isa = PBXFileReference; lastKnownFileType = text; path = "2-27요한계시록.txt"; sourceTree = "<group>"; };
		D81E4A0A41AA0A5E2C61B6D5 /* 1-34나훔.txt */ = {isa = PBXFileReference; lastKnownFileType = text; path = "1-34나훔.txt"; sourceTree = "<group>"; };
		D9309DD3E0912DC3B5D7AA82 /* 2-25요한삼서.txt */ = {isa = PBXFileReference; lastKnownFileType = text; path = "2-25요한삼서.txt"; sourceTree = "<group>"; };
		D9D2C45E49651B21CA0FED0B /* SystemConfiguration.framework */ = {isa = PBXFileReference; lastKnownFileType = wrapper.framework; name = SystemConfiguration.framework; path = Platforms/iPhoneOS.platform/Developer/SDKs/iPhoneOS.sdk/System/Library/Frameworks/SystemConfiguration.framework; sourceTree = DEVELOPER_DIR; };
		DAC84860E4143E140485174F /* GoogleAppMeasurement.xcframework */ = {isa = PBXFileReference; lastKnownFileType = wrapper.xcframework; path = GoogleAppMeasurement.xcframework; sourceTree = "<group>"; };
		DB4B3543B6C60A6624544EE0 /* libz.tbd */ = {isa = PBXFileReference; lastKnownFileType = "sourcecode.text-based-dylib-definition"; name = libz.tbd; path = Platforms/iPhoneOS.platform/Developer/SDKs/iPhoneOS.sdk/usr/lib/libz.tbd; sourceTree = DEVELOPER_DIR; };
		DB4D2F39135C139EB15CF389 /* Bible.framework */ = {isa = PBXFileReference; explicitFileType = wrapper.framework; includeInIndex = 0; path = Bible.framework; sourceTree = BUILT_PRODUCTS_DIR; };
		E01C258335C5D2C2F825224B /* Bid.framework */ = {isa = PBXFileReference; explicitFileType = wrapper.framework; includeInIndex = 0; path = Bid.framework; sourceTree = BUILT_PRODUCTS_DIR; };
		E2D1E4699E232C009C4179C8 /* Preview Assets.xcassets */ = {isa = PBXFileReference; lastKnownFileType = folder.assetcatalog; path = "Preview Assets.xcassets"; sourceTree = "<group>"; };
		E4E1FA6E4893F337E37D5EB9 /* Firebase.framework */ = {isa = PBXFileReference; explicitFileType = wrapper.framework; includeInIndex = 0; path = Firebase.framework; sourceTree = BUILT_PRODUCTS_DIR; };
		E50FA88A89BEACC97B6D6FF4 /* Dependencies.framework */ = {isa = PBXFileReference; explicitFileType = wrapper.framework; includeInIndex = 0; path = Dependencies.framework; sourceTree = BUILT_PRODUCTS_DIR; };
		E5BCAF4BE54E5F79FDCBABD7 /* libc++.tbd */ = {isa = PBXFileReference; lastKnownFileType = "sourcecode.text-based-dylib-definition"; name = "libc++.tbd"; path = "Platforms/iPhoneOS.platform/Developer/SDKs/iPhoneOS.sdk/usr/lib/libc++.tbd"; sourceTree = DEVELOPER_DIR; };
		E6CF859FADF4A55E65BF197D /* 2-07고린도전서.txt */ = {isa = PBXFileReference; lastKnownFileType = text; path = "2-07고린도전서.txt"; sourceTree = "<group>"; };
		E7988548163D815ECA9252CF /* GoogleUtilities_AppDelegateSwizzler.framework */ = {isa = PBXFileReference; explicitFileType = wrapper.framework; includeInIndex = 0; path = GoogleUtilities_AppDelegateSwizzler.framework; sourceTree = BUILT_PRODUCTS_DIR; };
		EC2D4B2B77A3EBB6735DE524 /* 2-26유다서.txt */ = {isa = PBXFileReference; lastKnownFileType = text; path = "2-26유다서.txt"; sourceTree = "<group>"; };
		ECAE7A025B8E154EB610E1DB /* WriteBibleApp.swift */ = {isa = PBXFileReference; lastKnownFileType = sourcecode.swift; path = WriteBibleApp.swift; sourceTree = "<group>"; };
		ED378803358B228AF19528FE /* 1-02출애굽기.txt */ = {isa = PBXFileReference; lastKnownFileType = text; path = "1-02출애굽기.txt"; sourceTree = "<group>"; };
		F66EB76CFA6E7A4AFA4CA46D /* 1-28호세아.txt */ = {isa = PBXFileReference; lastKnownFileType = text; path = "1-28호세아.txt"; sourceTree = "<group>"; };
		F77B340027B3F0350E0AFB19 /* AppDelegate.swift */ = {isa = PBXFileReference; lastKnownFileType = sourcecode.swift; path = AppDelegate.swift; sourceTree = "<group>"; };
		FA8E3BA43C9E8FC6ED0B83B0 /* 2-01마태복음.txt */ = {isa = PBXFileReference; lastKnownFileType = text; path = "2-01마태복음.txt"; sourceTree = "<group>"; };
		FD618751118E6AA2459F05D1 /* Realm.framework */ = {isa = PBXFileReference; explicitFileType = wrapper.framework; includeInIndex = 0; path = Realm.framework; sourceTree = BUILT_PRODUCTS_DIR; };
		FE00DAAAD4B7D6C2E8216E7F /* 1-15에스라.txt */ = {isa = PBXFileReference; lastKnownFileType = text; path = "1-15에스라.txt"; sourceTree = "<group>"; };
		FFEEAC3F5E4C1DA70FFF718B /* GoogleUtilities_NSData.framework */ = {isa = PBXFileReference; explicitFileType = wrapper.framework; includeInIndex = 0; path = GoogleUtilities_NSData.framework; sourceTree = BUILT_PRODUCTS_DIR; };
/* End PBXFileReference section */

/* Begin PBXFrameworksBuildPhase section */
		0376C10C28EF25CB1D4943DA /* Frameworks */ = {
			isa = PBXFrameworksBuildPhase;
			buildActionMask = 2147483647;
			files = (
				6A3A3563FC992D30106B5769 /* CoreTelephony.framework in Frameworks */,
				4A926A0F9C8380A08B3A90F9 /* Foundation.framework in Frameworks */,
				27ABA35BCCE954BE25B97F2A /* Security.framework in Frameworks */,
				279A7808354CDD96E2CA46E4 /* StoreKit.framework in Frameworks */,
				DD4E792F4BAFC22B91EE2038 /* SystemConfiguration.framework in Frameworks */,
				D31E3017EDC2484CE0A6782E /* UIKit.framework in Frameworks */,
				6CE0CB70C65AC2A5D2EC9044 /* libc++.tbd in Frameworks */,
				7046A773E9DC896F9419D199 /* libcompression.tbd in Frameworks */,
				E3E5488EB471E2F2F7D94730 /* libsqlite3.tbd in Frameworks */,
				35A09C0AB903BB65F6F47A8E /* libz.tbd in Frameworks */,
				BD26EA6F2A908487577E7ACB /* Firebase.framework in Frameworks */,
				0831B9475947CA5C4D65D2B3 /* FirebaseAnalyticsSwift.framework in Frameworks */,
				63D0B4D72BF2A0D897531E98 /* FirebaseAnalyticsSwiftTarget.framework in Frameworks */,
				92D0C4D50FF6E4C172AF59CD /* FirebaseAnalyticsWrapper.framework in Frameworks */,
				8586433394C60A36F3712A19 /* FirebaseCore.framework in Frameworks */,
				2E502956E8DDB5C04AEBB39C /* FirebaseCoreInternal.framework in Frameworks */,
				AF5C08BE3A1FC184751DD0ED /* FirebaseInstallations.framework in Frameworks */,
				3EBB0487423CEF43BF00EC0B /* FirebaseMessaging.framework in Frameworks */,
				1DA440D0843FFCA549B08D82 /* Bible.framework in Frameworks */,
				E1D9A220CD88F89C6D6A114C /* Bid.framework in Frameworks */,
				D83B6991C69168699E44968D /* CasePaths.framework in Frameworks */,
				39EF51743C223102445CB2A2 /* Clocks.framework in Frameworks */,
				99253CD0442D346FB64A0B68 /* CombineSchedulers.framework in Frameworks */,
				A64E6CC4FB6364A0C0A888F1 /* ComposableArchitecture.framework in Frameworks */,
				1C0A608B0A65547CC705E34A /* CustomDump.framework in Frameworks */,
				9F39B90E31F7DAA3CB0C59E3 /* Dependencies.framework in Frameworks */,
				EBDB22F0765652AA00D0BEA6 /* FBLPromises.framework in Frameworks */,
				D9CCBF1692ADD973FCB1E978 /* GoogleAppMeasurementTarget.framework in Frameworks */,
				CC1DA8F3BB5BCB8BEF429316 /* GoogleDataTransport.framework in Frameworks */,
				F01B75704CB108126D40E3F5 /* GoogleUtilities_AppDelegateSwizzler.framework in Frameworks */,
				AEA1E31BD643F977C9F03497 /* GoogleUtilities_Environment.framework in Frameworks */,
				46EF90DAB73FDCA22E987EF2 /* GoogleUtilities_Logger.framework in Frameworks */,
				55C17B379A4DBDC213913EB9 /* GoogleUtilities_MethodSwizzler.framework in Frameworks */,
				A8DE10F9ABF819E136611871 /* GoogleUtilities_NSData.framework in Frameworks */,
				C95B26D28CE6B49250DA6748 /* GoogleUtilities_Network.framework in Frameworks */,
				E996B4AEF01EFF3ED63A0759 /* GoogleUtilities_Reachability.framework in Frameworks */,
				5452023B85155B5E6F861487 /* GoogleUtilities_UserDefaults.framework in Frameworks */,
				34AFAE31D60FF1D0442FBBE9 /* IdentifiedCollections.framework in Frameworks */,
				708E518935A6EDE5CAEF0F21 /* OrderedCollections.framework in Frameworks */,
				463456DF210ED9646FEB47C1 /* Realm.framework in Frameworks */,
				9976DD1CA61707A040E37585 /* RealmCore.framework in Frameworks */,
				473FD9FF692FA5D941809BF3 /* RealmSwift.framework in Frameworks */,
				ABB2C9FD16D42916092722DB /* SwiftUINavigationCore.framework in Frameworks */,
				E09585F2E9909AFD472E9804 /* TCACoordinators.framework in Frameworks */,
				9F04AAC9DF5EAD64BDE8EFEB /* XCTestDynamicOverlay.framework in Frameworks */,
				F21631A2AC4DC47F7402261A /* nanopb.framework in Frameworks */,
				BA1A6DA346F447F2F264F569 /* FirebaseAnalytics.xcframework in Frameworks */,
				E21B4F8046ED5A441D3010B0 /* GoogleAppMeasurement.xcframework in Frameworks */,
				32EC621A49D2854EB8114819 /* GoogleAppMeasurementIdentitySupport.xcframework in Frameworks */,
			);
			runOnlyForDeploymentPostprocessing = 0;
		};
/* End PBXFrameworksBuildPhase section */

/* Begin PBXGroup section */
		0C4626C6A5BD7546693B86D5 /* Frameworks */ = {
			isa = PBXGroup;
			children = (
				3B88E15EEF21A2D14ACC7CFA /* CoreTelephony.framework */,
				14775C2BD80DB7C8E4ED845F /* Foundation.framework */,
				E5BCAF4BE54E5F79FDCBABD7 /* libc++.tbd */,
				CAC41AB2E9F40D89A7C37538 /* libcompression.tbd */,
				1D9BB5E91B8C5D5DD295FE8A /* libsqlite3.tbd */,
				DB4B3543B6C60A6624544EE0 /* libz.tbd */,
				B4B1878A91CD792582B893B0 /* Security.framework */,
				8C6C915B1E08D8C8CABE30E4 /* StoreKit.framework */,
				D9D2C45E49651B21CA0FED0B /* SystemConfiguration.framework */,
				36571F73C8E2F9E96F7392C7 /* UIKit.framework */,
			);
			name = Frameworks;
			sourceTree = "<group>";
		};
		2EC2AF4F793E5E399408B531 /* InfoPlists */ = {
			isa = PBXGroup;
			children = (
				241C4A07AC735C30CF7F7CAD /* WriteBible-Info.plist */,
			);
			path = InfoPlists;
			sourceTree = "<group>";
		};
		32FF88D5F9BA442EFCA80829 /* WriteBible */ = {
			isa = PBXGroup;
			children = (
				AD782A99BE1931ADF1EEF20B /* Resource */,
				C4058E5BEC67252AFC7793D8 /* Source */,
			);
			path = WriteBible;
			sourceTree = "<group>";
		};
		3581FD27E3253D710BC1B0D2 /* 개역개정-text */ = {
			isa = PBXGroup;
			children = (
				57D8D22600F75D7DBF0AE7E2 /* 1-01창세기.txt */,
				ED378803358B228AF19528FE /* 1-02출애굽기.txt */,
				B3AC03D49F7759DDB77D381C /* 1-03레위기.txt */,
				5E96965F3CDE5CC510C15DB4 /* 1-04민수기.txt */,
				76A483816700AC1EF02BCE3C /* 1-05신명기.txt */,
				81FA9C6A50F1E278850379CE /* 1-06여호수아.txt */,
				97DDD32E619B93F9B6D845B1 /* 1-07사사기.txt */,
				4351E0011B27460D0F9FE6B8 /* 1-08룻기.txt */,
				3799C2C814A21B371C2454B3 /* 1-09사무엘상.txt */,
				BFEC574F73B67B867E5D3EE7 /* 1-10사무엘하.txt */,
				2047CA9B07C4BDD732CAD2C2 /* 1-11열왕기상.txt */,
				C8F0DC6A5E82224A233BF103 /* 1-12열왕기하.txt */,
				3EA07D839D77EAA57C6B3067 /* 1-13역대상.txt */,
				80205FC65BC1C66E801B87E7 /* 1-14역대하.txt */,
				FE00DAAAD4B7D6C2E8216E7F /* 1-15에스라.txt */,
				94A7CE383E614E111C6F7657 /* 1-16느헤미야.txt */,
				B8122476467C9E5A6EC946CE /* 1-17에스더.txt */,
				8CBFE5CE1081207FDC3CBFBD /* 1-18욥기.txt */,
				3FC5ECD91FA994DE9140F24E /* 1-19시편.txt */,
				C3D04480CE0AB24BD4926FF2 /* 1-20잠언.txt */,
				3B12B6655F1F0D80A0CE8D7F /* 1-21전도서.txt */,
				67ECD39466386A710B4C7E7A /* 1-22아가.txt */,
				6BC5B049A343C85BCB4D87E9 /* 1-23이사야.txt */,
				0E0089C7086DA735AF99B2EA /* 1-24예레미야.txt */,
				A70510A4575BB95D4362943C /* 1-25예레미야애가.txt */,
				580E645FDB191C8AE9008ACA /* 1-26에스겔.txt */,
				515706631F32A38ED549556A /* 1-27다니엘.txt */,
				F66EB76CFA6E7A4AFA4CA46D /* 1-28호세아.txt */,
				D5CF4AC65E9E9C07F76B831B /* 1-29요엘.txt */,
				666A0334349A216EB1DB1D67 /* 1-30아모스.txt */,
				50E0BD0C8E49DD4BCA8F63D4 /* 1-31오바댜.txt */,
				7240DD0C0276775162564F9B /* 1-32요나.txt */,
				C76BB115CBCE04D2FA3B115F /* 1-33미가.txt */,
				D81E4A0A41AA0A5E2C61B6D5 /* 1-34나훔.txt */,
				8D061AFB0F9F63E565756AA3 /* 1-35하박국.txt */,
				CD425C7EE1A96A81B52BB077 /* 1-36스바냐.txt */,
				6F580D5E8B3E116DEC94B5DC /* 1-37학개.txt */,
				CB3F9780101183B0FEA2FD28 /* 1-38스가랴.txt */,
				B736C3932ECE07C227E3886D /* 1-39말라기.txt */,
				FA8E3BA43C9E8FC6ED0B83B0 /* 2-01마태복음.txt */,
				651751063FA025E6B8DEE6A3 /* 2-02마가복음.txt */,
				96777ECF90939F2DD7AC50EA /* 2-03누가복음.txt */,
				AB265D76BA4F848032CFB4EE /* 2-04요한복음.txt */,
				7BB623E5807988D61F8EB5F6 /* 2-05사도행전.txt */,
				72A2DD8379C424744EF5A449 /* 2-06로마서.txt */,
				E6CF859FADF4A55E65BF197D /* 2-07고린도전서.txt */,
				035CB71D1F6FD7E47A6EE9DF /* 2-08고린도후서.txt */,
				87C58B1D21FE693D0675B84F /* 2-09갈라디아서.txt */,
				802FC70B5EB36EC3B3C09942 /* 2-10에베소서.txt */,
				29F44FAA4A952DFFD9E6526B /* 2-11빌립보서.txt */,
				3B1DB92C086B035952CAD912 /* 2-12골로새서.txt */,
				2C317CDCAB7FA668EB946605 /* 2-13데살로니가전서.txt */,
				2A65936F22E739F9C5A6999A /* 2-14데살로니가후서.txt */,
				BB94275254B56273317203F2 /* 2-15디모데전서.txt */,
				A828CB8194EC8440F41ED364 /* 2-16디모데후서.txt */,
				6130BCC2D404BF2819D08D93 /* 2-17디도서.txt */,
				6B95E237986A797B9D4CEFDA /* 2-18빌레몬서.txt */,
				63DD45F5A3596FB1C2EAFF4C /* 2-19히브리서.txt */,
				A39A99283304AF969C0BB3CA /* 2-20야고보서.txt */,
				58EC46F38325B5606B5FC6F4 /* 2-21베드로전서.txt */,
				C497F4C01AED606FA51E8D5A /* 2-22베드로후서.txt */,
				098C946AF6B239B036E54A9E /* 2-23요한일서.txt */,
				08334051AB6BDEE13775F422 /* 2-24요한이서.txt */,
				D9309DD3E0912DC3B5D7AA82 /* 2-25요한삼서.txt */,
				EC2D4B2B77A3EBB6735DE524 /* 2-26유다서.txt */,
				D723285F3E2D15000D979EB6 /* 2-27요한계시록.txt */,
			);
			path = "개역개정-text";
			sourceTree = "<group>";
		};
		3CBBEF15BCE349F979C7ABD0 /* Sources */ = {
			isa = PBXGroup;
			children = (
				536D2514ACA527264B6320FE /* TuistAssets+WriteBible.swift */,
				3A88B6AE831018E227342CEF /* TuistBundle+WriteBible.swift */,
				D5F7EEFDF9294C79558DD40B /* TuistFonts+WriteBible.swift */,
				A3E0936FBEC783C866AED039 /* TuistPlists+WriteBible.swift */,
			);
			path = Sources;
			sourceTree = "<group>";
		};
		4B98D7F80EA38FF6BA47B930 /* Font */ = {
			isa = PBXGroup;
			children = (
				C1543A58414BB43B8A27EC5C /* 나눔손글씨 꽃내음.ttf */,
				91A58D2CC0944CB943300D37 /* NanumBarunGothic.ttf */,
				056D8E792AEC232E03A26F08 /* NanumMyeongjo.ttf */,
			);
			path = Font;
			sourceTree = "<group>";
		};
		4C6398F6B32C0507AD39567E /* googleappmeasurement */ = {
			isa = PBXGroup;
			children = (
				D9C74A1B8E9345412D97CCB1 /* GoogleAppMeasurement */,
				ABD43F8E451A74565DBD2945 /* GoogleAppMeasurementIdentitySupport */,
			);
			path = googleappmeasurement;
			sourceTree = "<group>";
		};
		51096565C84248EDBEA7A489 /* firebase-ios-sdk */ = {
			isa = PBXGroup;
			children = (
				AE5267C763A01FD4839C1EC2 /* FirebaseAnalytics */,
			);
			path = "firebase-ios-sdk";
			sourceTree = "<group>";
		};
		687C90039BADBD61E2DAF87F /* Products */ = {
			isa = PBXGroup;
			children = (
				DB4D2F39135C139EB15CF389 /* Bible.framework */,
				E01C258335C5D2C2F825224B /* Bid.framework */,
				23E24D0E537C0B10081A54CC /* CasePaths.framework */,
				0FE1BA1056B63B6AF9857E14 /* Clocks.framework */,
				621E0D54E0B86D4229D99BA2 /* CombineSchedulers.framework */,
				6489369F5825EE0F9226476D /* ComposableArchitecture.framework */,
				D23A8F6FA16AA6D18E6DE363 /* CustomDump.framework */,
				E50FA88A89BEACC97B6D6FF4 /* Dependencies.framework */,
				4320B81C86109755BBB5FBD8 /* FBLPromises.framework */,
				E4E1FA6E4893F337E37D5EB9 /* Firebase.framework */,
				3002457575A4D607349BE6FB /* FirebaseAnalyticsSwift.framework */,
				57F74545A6524EB392D233D6 /* FirebaseAnalyticsSwiftTarget.framework */,
				A436886F14B64D92F9AD51ED /* FirebaseAnalyticsWrapper.framework */,
				9AC3A937812ACE4A1A55875C /* FirebaseCore.framework */,
				AC142E0041C560144C965CE2 /* FirebaseCoreInternal.framework */,
				20772E892D62E38282356578 /* FirebaseInstallations.framework */,
				287E29FD533F0B5EB599D3AC /* FirebaseMessaging.framework */,
				A7206B39D814DF1F220B70FC /* GoogleAppMeasurementTarget.framework */,
				9A58B612FBC557AD057D7FC8 /* GoogleDataTransport.framework */,
				E7988548163D815ECA9252CF /* GoogleUtilities_AppDelegateSwizzler.framework */,
				CC09BD9035A3D8273408E5CF /* GoogleUtilities_Environment.framework */,
				560F36BCB66128F206B94F9F /* GoogleUtilities_Logger.framework */,
				D09725A2B455F632B771B085 /* GoogleUtilities_MethodSwizzler.framework */,
				7426D61FF33609D8453C8A41 /* GoogleUtilities_Network.framework */,
				FFEEAC3F5E4C1DA70FFF718B /* GoogleUtilities_NSData.framework */,
				1AE2CBAF43227E2140BB413F /* GoogleUtilities_Reachability.framework */,
				B00E22FDE128AC55E76C57F3 /* GoogleUtilities_UserDefaults.framework */,
				481D39D291087CD7A24FC107 /* IdentifiedCollections.framework */,
				1D9B035BD3414CD5A5072887 /* nanopb.framework */,
				569945560EA0BD7525EEC980 /* OrderedCollections.framework */,
				FD618751118E6AA2459F05D1 /* Realm.framework */,
				3AB68B60D0E7AC522D6242A7 /* RealmCore.framework */,
				81D49BF099C3C49A1EDDE690 /* RealmSwift.framework */,
				3D1E17395FB6DC26F1B57A2D /* SwiftUINavigationCore.framework */,
				30CDC76CC1EDC868BADA873D /* TCACoordinators.framework */,
				2328A86C2726D4570D8E51EA /* WriteBible.app */,
				923F93B37429AE962DFB9B99 /* XCTestDynamicOverlay.framework */,
			);
			name = Products;
			sourceTree = "<group>";
		};
		6FD98BE764CC9F4DC738122C /* Dependencies */ = {
			isa = PBXGroup;
			children = (
				99A6645083C513FDD2B318CF /* SwiftPackageManager */,
			);
			path = Dependencies;
			sourceTree = "<group>";
		};
		75A2C5ADDE94B9FCCFA8D74E = {
			isa = PBXGroup;
			children = (
				9D5DC33D667B23F2C389C28C /* Project */,
				0C4626C6A5BD7546693B86D5 /* Frameworks */,
				687C90039BADBD61E2DAF87F /* Products */,
			);
			sourceTree = "<group>";
		};
		81E44D2C10519157CECDD026 /* Derived */ = {
			isa = PBXGroup;
			children = (
				2EC2AF4F793E5E399408B531 /* InfoPlists */,
				3CBBEF15BCE349F979C7ABD0 /* Sources */,
			);
			path = Derived;
			sourceTree = "<group>";
		};
		99A6645083C513FDD2B318CF /* SwiftPackageManager */ = {
			isa = PBXGroup;
			children = (
				B34FB3ED7509C09B59EBAC71 /* .build */,
			);
			path = SwiftPackageManager;
			sourceTree = "<group>";
		};
		9CB6FE4B6037C754CEB6794C /* Tuist */ = {
			isa = PBXGroup;
			children = (
				6FD98BE764CC9F4DC738122C /* Dependencies */,
			);
			name = Tuist;
			path = ../../Tuist;
			sourceTree = "<group>";
		};
		9D5DC33D667B23F2C389C28C /* Project */ = {
			isa = PBXGroup;
			children = (
				81E44D2C10519157CECDD026 /* Derived */,
				9CB6FE4B6037C754CEB6794C /* Tuist */,
				32FF88D5F9BA442EFCA80829 /* WriteBible */,
			);
			name = Project;
			sourceTree = "<group>";
		};
		ABD43F8E451A74565DBD2945 /* GoogleAppMeasurementIdentitySupport */ = {
			isa = PBXGroup;
			children = (
				6F0A2B5D9C5F6C5F9DC12BB2 /* GoogleAppMeasurementIdentitySupport.xcframework */,
			);
			path = GoogleAppMeasurementIdentitySupport;
			sourceTree = "<group>";
		};
		AD782A99BE1931ADF1EEF20B /* Resource */ = {
			isa = PBXGroup;
			children = (
				3581FD27E3253D710BC1B0D2 /* 개역개정-text */,
				4B98D7F80EA38FF6BA47B930 /* Font */,
				4929535108886BB475F63366 /* Assets.xcassets */,
				36ABE2F07F74D266F89FC8E0 /* GoogleService-Info.plist */,
				63F3AB993745829F1E1DB9BA /* Info.plist */,
				7988BE0E653776C76553F8C1 /* Launch Screen.storyboard */,
				E2D1E4699E232C009C4179C8 /* Preview Assets.xcassets */,
			);
			path = Resource;
			sourceTree = "<group>";
		};
		AE5267C763A01FD4839C1EC2 /* FirebaseAnalytics */ = {
			isa = PBXGroup;
			children = (
				707F40113C6D099C22424818 /* FirebaseAnalytics.xcframework */,
			);
			path = FirebaseAnalytics;
			sourceTree = "<group>";
		};
		B34FB3ED7509C09B59EBAC71 /* .build */ = {
			isa = PBXGroup;
			children = (
				F135C063FF259B1A2CB90F6D /* artifacts */,
			);
			path = .build;
			sourceTree = "<group>";
		};
		C4058E5BEC67252AFC7793D8 /* Source */ = {
			isa = PBXGroup;
			children = (
				F77B340027B3F0350E0AFB19 /* AppDelegate.swift */,
				ECAE7A025B8E154EB610E1DB /* WriteBibleApp.swift */,
			);
			path = Source;
			sourceTree = "<group>";
		};
		D9C74A1B8E9345412D97CCB1 /* GoogleAppMeasurement */ = {
			isa = PBXGroup;
			children = (
				DAC84860E4143E140485174F /* GoogleAppMeasurement.xcframework */,
			);
			path = GoogleAppMeasurement;
			sourceTree = "<group>";
		};
		F135C063FF259B1A2CB90F6D /* artifacts */ = {
			isa = PBXGroup;
			children = (
				51096565C84248EDBEA7A489 /* firebase-ios-sdk */,
				4C6398F6B32C0507AD39567E /* googleappmeasurement */,
			);
			path = artifacts;
			sourceTree = "<group>";
		};
/* End PBXGroup section */

/* Begin PBXNativeTarget section */
		3BB042A93F3F6F02D416642C /* WriteBible */ = {
			isa = PBXNativeTarget;
			buildConfigurationList = E7DFC786A1420732C74EE86C /* Build configuration list for PBXNativeTarget "WriteBible" */;
			buildPhases = (
				A800EC9743E6FB47BAD6AD46 /* Sources */,
				69F72D0022A35F604C2C4006 /* Resources */,
				826C833BFC906EF5C62DEE20 /* Embed Frameworks */,
				0376C10C28EF25CB1D4943DA /* Frameworks */,
			);
			buildRules = (
			);
			dependencies = (
			);
			name = WriteBible;
			productName = WriteBible;
			productReference = 2328A86C2726D4570D8E51EA /* WriteBible.app */;
			productType = "com.apple.product-type.application";
		};
/* End PBXNativeTarget section */

/* Begin PBXProject section */
		481739A6ECB1495D6ED73262 /* Project object */ = {
			isa = PBXProject;
			attributes = {
				ORGANIZATIONNAME = leetaek;
				TargetAttributes = {
				};
			};
			buildConfigurationList = EB77C628CAF409F41A0E142A /* Build configuration list for PBXProject "WriteBible" */;
			compatibilityVersion = "Xcode 13.0";
			developmentRegion = en;
			hasScannedForEncodings = 0;
			knownRegions = (
				Base,
				en,
			);
			mainGroup = 75A2C5ADDE94B9FCCFA8D74E;
			productRefGroup = 687C90039BADBD61E2DAF87F /* Products */;
			projectDirPath = "";
			projectRoot = "";
			targets = (
				3BB042A93F3F6F02D416642C /* WriteBible */,
			);
		};
/* End PBXProject section */

/* Begin PBXResourcesBuildPhase section */
		69F72D0022A35F604C2C4006 /* Resources */ = {
			isa = PBXResourcesBuildPhase;
			buildActionMask = 2147483647;
			files = (
				2B81FD11678D5DDD5A9DEE5F /* Assets.xcassets in Resources */,
				7F7B3E347D525BC61EF754B3 /* NanumBarunGothic.ttf in Resources */,
				294D1D08304727B40335234D /* NanumMyeongjo.ttf in Resources */,
				18DBFEB3C258E8B6510EC457 /* 나눔손글씨 꽃내음.ttf in Resources */,
				2F82AFB3B71A7A2C2EE1C71D /* GoogleService-Info.plist in Resources */,
				E5B57685BC7989C2A2DAB8D0 /* Info.plist in Resources */,
				1610692F83BFE5396EDEE08F /* Launch Screen.storyboard in Resources */,
				0DB81E05E1C360C713008207 /* Preview Assets.xcassets in Resources */,
				A74058BE335D2D80A488CF39 /* 1-01창세기.txt in Resources */,
				AB930394D811F5DF99402C3C /* 1-02출애굽기.txt in Resources */,
				DE70C9B23FFD72B990B9D3DA /* 1-03레위기.txt in Resources */,
				3A1B881C0BF4F324C5BC717C /* 1-04민수기.txt in Resources */,
				AAAA4DCFDEB582F40136FEE0 /* 1-05신명기.txt in Resources */,
				5AC03C14E99066EB1564F0B3 /* 1-06여호수아.txt in Resources */,
				16ED0D4E63DEC37C9EA42EB6 /* 1-07사사기.txt in Resources */,
				6D5CF5862D8A3AF5FC329A54 /* 1-08룻기.txt in Resources */,
				E68CB5178C6690FFDC08105C /* 1-09사무엘상.txt in Resources */,
				BE40FA53FEC3F3FC1E65DEB7 /* 1-10사무엘하.txt in Resources */,
				0038522BFE6DEEC0350CEDDA /* 1-11열왕기상.txt in Resources */,
				0335AE561932D621C5156F72 /* 1-12열왕기하.txt in Resources */,
				1DAC2EC91207E4E70F6C39CC /* 1-13역대상.txt in Resources */,
				D1EF9EECF98EA12B7A5D13C5 /* 1-14역대하.txt in Resources */,
				38E7E498B029FD35F1DEB252 /* 1-15에스라.txt in Resources */,
				B1F65DD2BADC4BE73B59BABF /* 1-16느헤미야.txt in Resources */,
				7E0437D5A5093270E7A85229 /* 1-17에스더.txt in Resources */,
				40CACEEF9FD41FAA064FA9AA /* 1-18욥기.txt in Resources */,
				503B431EF530B51FA49DD703 /* 1-19시편.txt in Resources */,
				46F9BD2E02E99423C4EE90AF /* 1-20잠언.txt in Resources */,
				4ED672DE9F05F25D177436A0 /* 1-21전도서.txt in Resources */,
				81CC3C70391ABB22B6A727CD /* 1-22아가.txt in Resources */,
				8333FE035D3D5FC774BA4A46 /* 1-23이사야.txt in Resources */,
				2B58A7F3A1A1879EF9A770F8 /* 1-24예레미야.txt in Resources */,
				8AA2B9EB0F4B92E98B5D0E07 /* 1-25예레미야애가.txt in Resources */,
				11233BE871F956EF7A30D2FF /* 1-26에스겔.txt in Resources */,
				382052412DDE351184C148D0 /* 1-27다니엘.txt in Resources */,
				F7C09F02C4375C6694FF7A9A /* 1-28호세아.txt in Resources */,
				E0F1C17A43E007AE419876AD /* 1-29요엘.txt in Resources */,
				A2786C2018815A9961943CDD /* 1-30아모스.txt in Resources */,
				E5DCEE1CEA4D37DE7AFBC2D2 /* 1-31오바댜.txt in Resources */,
				B2757299CE53D918606FABF0 /* 1-32요나.txt in Resources */,
				398D39AB4BACFEAB6A32A7A3 /* 1-33미가.txt in Resources */,
				2B2DFE90DBC67DF591BAD40A /* 1-34나훔.txt in Resources */,
				79E49D8B14D57E46D110B71A /* 1-35하박국.txt in Resources */,
				50D94E2E64FF65D623BDC9BD /* 1-36스바냐.txt in Resources */,
				745052438345ADE4DACE2BB9 /* 1-37학개.txt in Resources */,
				B2D2190607A10D011101AF6A /* 1-38스가랴.txt in Resources */,
				3F8A23BACEBC44D49FCAEFF9 /* 1-39말라기.txt in Resources */,
				9BA92C8245E3326B2AAAA8DD /* 2-01마태복음.txt in Resources */,
				D181238056C642AF9580203F /* 2-02마가복음.txt in Resources */,
				672E801BF11FF9C719BC0DFB /* 2-03누가복음.txt in Resources */,
				BC2E86F9826538D91DA5C75B /* 2-04요한복음.txt in Resources */,
				12CAA62B02EFA7B1204B0845 /* 2-05사도행전.txt in Resources */,
				D1C7B90793C82391521045AB /* 2-06로마서.txt in Resources */,
				46E78122C524EDF2441EA8D3 /* 2-07고린도전서.txt in Resources */,
				5B3E17BC4E53964099A40B58 /* 2-08고린도후서.txt in Resources */,
				9FE61BD0A73E562075DBAD06 /* 2-09갈라디아서.txt in Resources */,
				2BA29BD8E07C1ED6FDB99B0D /* 2-10에베소서.txt in Resources */,
				9814360A273C7AB9241019C2 /* 2-11빌립보서.txt in Resources */,
				DE7EEC3A539A563711FEB62E /* 2-12골로새서.txt in Resources */,
				7169CE8AD5D7A0BD21BDF731 /* 2-13데살로니가전서.txt in Resources */,
				8D0E2EC119D0CFA15D2E11EC /* 2-14데살로니가후서.txt in Resources */,
				B90E799AB457BF7FCAAD4F07 /* 2-15디모데전서.txt in Resources */,
				F87A17186DDDEBD26AA558C8 /* 2-16디모데후서.txt in Resources */,
				EA3E8FBE5EE5CFD9E4DB0292 /* 2-17디도서.txt in Resources */,
				71B6ECA10709FDA8AB82270A /* 2-18빌레몬서.txt in Resources */,
				588E6273561880D2C45EDD3D /* 2-19히브리서.txt in Resources */,
				8741088E92E2141A492088B1 /* 2-20야고보서.txt in Resources */,
				285A7E4374E59BD6AA19D565 /* 2-21베드로전서.txt in Resources */,
				1DE6F93A0A30599372743580 /* 2-22베드로후서.txt in Resources */,
				6BDCE25B7920A74B35B2077B /* 2-23요한일서.txt in Resources */,
				8418B0F1C7F4AA473F5176C7 /* 2-24요한이서.txt in Resources */,
				DDB217DCF48DF71734A7FF8F /* 2-25요한삼서.txt in Resources */,
				65ECB9CEC888F983572463F5 /* 2-26유다서.txt in Resources */,
				DA5FD305CD9632340ED7EA0B /* 2-27요한계시록.txt in Resources */,
			);
			runOnlyForDeploymentPostprocessing = 0;
		};
/* End PBXResourcesBuildPhase section */

/* Begin PBXSourcesBuildPhase section */
		A800EC9743E6FB47BAD6AD46 /* Sources */ = {
			isa = PBXSourcesBuildPhase;
			buildActionMask = 2147483647;
			files = (
				34A2C6FD4199C57A82951CA8 /* TuistAssets+WriteBible.swift in Sources */,
				324DBFF021277F6A88776A03 /* TuistBundle+WriteBible.swift in Sources */,
				79B773488CF8A5547E55B15D /* TuistFonts+WriteBible.swift in Sources */,
				BB5DB5D104836C11B5279879 /* TuistPlists+WriteBible.swift in Sources */,
				2FD7AA1175F74E2EF6CF1AE5 /* AppDelegate.swift in Sources */,
				EA0008BE09BE0AA4761731E8 /* WriteBibleApp.swift in Sources */,
			);
			runOnlyForDeploymentPostprocessing = 0;
		};
/* End PBXSourcesBuildPhase section */

/* Begin XCBuildConfiguration section */
		4A3478689EA635469029A4A0 /* Release */ = {
			isa = XCBuildConfiguration;
			buildSettings = {
				ALWAYS_SEARCH_USER_PATHS = NO;
				CLANG_ANALYZER_LOCALIZABILITY_NONLOCALIZED = YES;
				CLANG_ANALYZER_NONNULL = YES;
				CLANG_ANALYZER_NUMBER_OBJECT_CONVERSION = YES_AGGRESSIVE;
				CLANG_CXX_LANGUAGE_STANDARD = "gnu++14";
				CLANG_CXX_LIBRARY = "libc++";
				CLANG_ENABLE_MODULES = YES;
				CLANG_ENABLE_OBJC_ARC = YES;
				CLANG_ENABLE_OBJC_WEAK = YES;
				CLANG_WARN_BLOCK_CAPTURE_AUTORELEASING = YES;
				CLANG_WARN_BOOL_CONVERSION = YES;
				CLANG_WARN_COMMA = YES;
				CLANG_WARN_CONSTANT_CONVERSION = YES;
				CLANG_WARN_DEPRECATED_OBJC_IMPLEMENTATIONS = YES;
				CLANG_WARN_DIRECT_OBJC_ISA_USAGE = YES_ERROR;
				CLANG_WARN_DOCUMENTATION_COMMENTS = YES;
				CLANG_WARN_EMPTY_BODY = YES;
				CLANG_WARN_ENUM_CONVERSION = YES;
				CLANG_WARN_INFINITE_RECURSION = YES;
				CLANG_WARN_INT_CONVERSION = YES;
				CLANG_WARN_NON_LITERAL_NULL_CONVERSION = YES;
				CLANG_WARN_OBJC_IMPLICIT_RETAIN_SELF = YES;
				CLANG_WARN_OBJC_LITERAL_CONVERSION = YES;
				CLANG_WARN_OBJC_ROOT_CLASS = YES_ERROR;
				CLANG_WARN_QUOTED_INCLUDE_IN_FRAMEWORK_HEADER = YES;
				CLANG_WARN_RANGE_LOOP_ANALYSIS = YES;
				CLANG_WARN_STRICT_PROTOTYPES = YES;
				CLANG_WARN_SUSPICIOUS_MOVE = YES;
				CLANG_WARN_UNGUARDED_AVAILABILITY = YES_AGGRESSIVE;
				CLANG_WARN_UNREACHABLE_CODE = YES;
				CLANG_WARN__DUPLICATE_METHOD_MATCH = YES;
				COPY_PHASE_STRIP = NO;
				DEAD_CODE_STRIPPING = YES;
				DEBUG_INFORMATION_FORMAT = "dwarf-with-dsym";
				ENABLE_NS_ASSERTIONS = NO;
				ENABLE_STRICT_OBJC_MSGSEND = YES;
				GCC_C_LANGUAGE_STANDARD = gnu11;
				GCC_NO_COMMON_BLOCKS = YES;
				GCC_WARN_64_TO_32_BIT_CONVERSION = YES;
				GCC_WARN_ABOUT_RETURN_TYPE = YES_ERROR;
				GCC_WARN_UNDECLARED_SELECTOR = YES;
				GCC_WARN_UNINITIALIZED_AUTOS = YES_AGGRESSIVE;
				GCC_WARN_UNUSED_FUNCTION = YES;
				GCC_WARN_UNUSED_VARIABLE = YES;
				MTL_ENABLE_DEBUG_INFO = NO;
				PRODUCT_NAME = "$(TARGET_NAME)";
				VALIDATE_PRODUCT = YES;
			};
			name = Release;
		};
		600F4B41F92D6BAE76385D98 /* Debug */ = {
			isa = XCBuildConfiguration;
			buildSettings = {
				ASSETCATALOG_COMPILER_APPICON_NAME = AppIcon;
				CODE_SIGN_IDENTITY = "iPhone Developer";
				ENABLE_PREVIEWS = YES;
				FRAMEWORK_SEARCH_PATHS = (
					"$(inherited)",
					"$(SRCROOT)/../../Tuist/Dependencies/SwiftPackageManager/.build/artifacts/firebase-ios-sdk/FirebaseAnalytics",
					"$(SRCROOT)/../../Tuist/Dependencies/SwiftPackageManager/.build/artifacts/googleappmeasurement/GoogleAppMeasurement",
					"$(SRCROOT)/../../Tuist/Dependencies/SwiftPackageManager/.build/artifacts/googleappmeasurement/GoogleAppMeasurementIdentitySupport",
				);
				INFOPLIST_FILE = "Derived/InfoPlists/WriteBible-Info.plist";
				IPHONEOS_DEPLOYMENT_TARGET = 15.0;
				LD_RUNPATH_SEARCH_PATHS = (
					"$(inherited)",
					"@executable_path/Frameworks",
				);
				OTHER_CFLAGS = (
					"$(inherited)",
					"-fmodule-map-file=$(SRCROOT)/../../Tuist/Dependencies/SwiftPackageManager/.build/checkouts/GoogleAppMeasurement/GoogleAppMeasurementWrapper/include/GoogleAppMeasurementTarget.modulemap",
					"-fmodule-map-file=$(SRCROOT)/../../Tuist/Dependencies/SwiftPackageManager/.build/checkouts/GoogleUtilities/GoogleUtilities/AppDelegateSwizzler/Public/GoogleUtilities-AppDelegateSwizzler.modulemap",
					"-fmodule-map-file=$(SRCROOT)/../../Tuist/Dependencies/SwiftPackageManager/.build/checkouts/GoogleUtilities/GoogleUtilities/Environment/Public/GoogleUtilities-Environment.modulemap",
					"-fmodule-map-file=$(SRCROOT)/../../Tuist/Dependencies/SwiftPackageManager/.build/checkouts/GoogleUtilities/GoogleUtilities/Logger/Public/GoogleUtilities-Logger.modulemap",
					"-fmodule-map-file=$(SRCROOT)/../../Tuist/Dependencies/SwiftPackageManager/.build/checkouts/GoogleUtilities/GoogleUtilities/MethodSwizzler/Public/GoogleUtilities-MethodSwizzler.modulemap",
					"-fmodule-map-file=$(SRCROOT)/../../Tuist/Dependencies/SwiftPackageManager/.build/checkouts/GoogleUtilities/GoogleUtilities/NSData+zlib/Public/GoogleUtilities-NSData.modulemap",
					"-fmodule-map-file=$(SRCROOT)/../../Tuist/Dependencies/SwiftPackageManager/.build/checkouts/GoogleUtilities/GoogleUtilities/Network/Public/GoogleUtilities-Network.modulemap",
					"-fmodule-map-file=$(SRCROOT)/../../Tuist/Dependencies/SwiftPackageManager/.build/checkouts/GoogleUtilities/GoogleUtilities/Reachability/Public/GoogleUtilities-Reachability.modulemap",
					"-fmodule-map-file=$(SRCROOT)/../../Tuist/Dependencies/SwiftPackageManager/.build/checkouts/GoogleUtilities/GoogleUtilities/UserDefaults/Public/GoogleUtilities-UserDefaults.modulemap",
					"-fmodule-map-file=$(SRCROOT)/../../Tuist/Dependencies/SwiftPackageManager/.build/checkouts/firebase-ios-sdk/CoreOnly/Sources/module.modulemap",
					"-fmodule-map-file=$(SRCROOT)/../../Tuist/Dependencies/SwiftPackageManager/.build/checkouts/firebase-ios-sdk/FirebaseAnalyticsWrapper/include/FirebaseAnalyticsWrapper.modulemap",
					"-fmodule-map-file=$(SRCROOT)/../../Tuist/Dependencies/SwiftPackageManager/.build/checkouts/firebase-ios-sdk/SwiftPM-PlatformExclude/FirebaseAnalyticsSwiftWrap/include/FirebaseAnalyticsSwiftTarget.modulemap",
					"-fmodule-map-file=$(SRCROOT)/../../Tuist/Dependencies/SwiftPackageManager/.build/checkouts/nanopb/spm_headers/nanopb.modulemap",
					"-fmodule-map-file=$(SRCROOT)/../../Tuist/Dependencies/SwiftPackageManager/.build/checkouts/promises/Sources/FBLPromises/include/module.modulemap",
					"-fmodule-map-file=$(SRCROOT)/../../Tuist/Dependencies/SwiftPackageManager/.build/checkouts/realm-core/src/external/IntelRDFPMathLib20U2/LIBRARY/src/Bid.modulemap",
					"-fmodule-map-file=$(SRCROOT)/../../Tuist/Dependencies/SwiftPackageManager/.build/checkouts/realm-core/src/module.modulemap",
					"-fmodule-map-file=$(SRCROOT)/../../Tuist/Dependencies/SwiftPackageManager/.build/checkouts/realm-swift/include/module.modulemap",
				);
				OTHER_SWIFT_FLAGS = (
					"$(inherited)",
					"-Xcc",
					"-fmodule-map-file=$(SRCROOT)/../../Tuist/Dependencies/SwiftPackageManager/.build/checkouts/GoogleAppMeasurement/GoogleAppMeasurementWrapper/include/GoogleAppMeasurementTarget.modulemap",
					"-Xcc",
					"-fmodule-map-file=$(SRCROOT)/../../Tuist/Dependencies/SwiftPackageManager/.build/checkouts/GoogleUtilities/GoogleUtilities/AppDelegateSwizzler/Public/GoogleUtilities-AppDelegateSwizzler.modulemap",
					"-Xcc",
					"-fmodule-map-file=$(SRCROOT)/../../Tuist/Dependencies/SwiftPackageManager/.build/checkouts/GoogleUtilities/GoogleUtilities/Environment/Public/GoogleUtilities-Environment.modulemap",
					"-Xcc",
					"-fmodule-map-file=$(SRCROOT)/../../Tuist/Dependencies/SwiftPackageManager/.build/checkouts/GoogleUtilities/GoogleUtilities/Logger/Public/GoogleUtilities-Logger.modulemap",
					"-Xcc",
					"-fmodule-map-file=$(SRCROOT)/../../Tuist/Dependencies/SwiftPackageManager/.build/checkouts/GoogleUtilities/GoogleUtilities/MethodSwizzler/Public/GoogleUtilities-MethodSwizzler.modulemap",
					"-Xcc",
					"-fmodule-map-file=$(SRCROOT)/../../Tuist/Dependencies/SwiftPackageManager/.build/checkouts/GoogleUtilities/GoogleUtilities/NSData+zlib/Public/GoogleUtilities-NSData.modulemap",
					"-Xcc",
					"-fmodule-map-file=$(SRCROOT)/../../Tuist/Dependencies/SwiftPackageManager/.build/checkouts/GoogleUtilities/GoogleUtilities/Network/Public/GoogleUtilities-Network.modulemap",
					"-Xcc",
					"-fmodule-map-file=$(SRCROOT)/../../Tuist/Dependencies/SwiftPackageManager/.build/checkouts/GoogleUtilities/GoogleUtilities/Reachability/Public/GoogleUtilities-Reachability.modulemap",
					"-Xcc",
					"-fmodule-map-file=$(SRCROOT)/../../Tuist/Dependencies/SwiftPackageManager/.build/checkouts/GoogleUtilities/GoogleUtilities/UserDefaults/Public/GoogleUtilities-UserDefaults.modulemap",
					"-Xcc",
					"-fmodule-map-file=$(SRCROOT)/../../Tuist/Dependencies/SwiftPackageManager/.build/checkouts/firebase-ios-sdk/CoreOnly/Sources/module.modulemap",
					"-Xcc",
					"-fmodule-map-file=$(SRCROOT)/../../Tuist/Dependencies/SwiftPackageManager/.build/checkouts/firebase-ios-sdk/FirebaseAnalyticsWrapper/include/FirebaseAnalyticsWrapper.modulemap",
					"-Xcc",
					"-fmodule-map-file=$(SRCROOT)/../../Tuist/Dependencies/SwiftPackageManager/.build/checkouts/firebase-ios-sdk/SwiftPM-PlatformExclude/FirebaseAnalyticsSwiftWrap/include/FirebaseAnalyticsSwiftTarget.modulemap",
					"-Xcc",
					"-fmodule-map-file=$(SRCROOT)/../../Tuist/Dependencies/SwiftPackageManager/.build/checkouts/nanopb/spm_headers/nanopb.modulemap",
					"-Xcc",
					"-fmodule-map-file=$(SRCROOT)/../../Tuist/Dependencies/SwiftPackageManager/.build/checkouts/promises/Sources/FBLPromises/include/module.modulemap",
					"-Xcc",
					"-fmodule-map-file=$(SRCROOT)/../../Tuist/Dependencies/SwiftPackageManager/.build/checkouts/realm-core/src/external/IntelRDFPMathLib20U2/LIBRARY/src/Bid.modulemap",
					"-Xcc",
					"-fmodule-map-file=$(SRCROOT)/../../Tuist/Dependencies/SwiftPackageManager/.build/checkouts/realm-core/src/module.modulemap",
					"-Xcc",
					"-fmodule-map-file=$(SRCROOT)/../../Tuist/Dependencies/SwiftPackageManager/.build/checkouts/realm-swift/include/module.modulemap",
				);
				PRODUCT_BUNDLE_IDENTIFIER = kr.co.leetaek.WriteBible;
				PRODUCT_NAME = WriteBible;
				SDKROOT = iphoneos;
				SUPPORTS_MACCATALYST = NO;
				SWIFT_ACTIVE_COMPILATION_CONDITIONS = DEBUG;
				SWIFT_COMPILATION_MODE = singlefile;
				SWIFT_OPTIMIZATION_LEVEL = "-Onone";
				SWIFT_VERSION = 5.0;
				TARGETED_DEVICE_FAMILY = 2;
			};
			name = Debug;
		};
		B603EDFF30A290473B89C27A /* Release */ = {
			isa = XCBuildConfiguration;
			buildSettings = {
				ASSETCATALOG_COMPILER_APPICON_NAME = AppIcon;
				CODE_SIGN_IDENTITY = "iPhone Developer";
				ENABLE_PREVIEWS = YES;
				FRAMEWORK_SEARCH_PATHS = (
					"$(inherited)",
					"$(SRCROOT)/../../Tuist/Dependencies/SwiftPackageManager/.build/artifacts/firebase-ios-sdk/FirebaseAnalytics",
					"$(SRCROOT)/../../Tuist/Dependencies/SwiftPackageManager/.build/artifacts/googleappmeasurement/GoogleAppMeasurement",
					"$(SRCROOT)/../../Tuist/Dependencies/SwiftPackageManager/.build/artifacts/googleappmeasurement/GoogleAppMeasurementIdentitySupport",
				);
				INFOPLIST_FILE = "Derived/InfoPlists/WriteBible-Info.plist";
				IPHONEOS_DEPLOYMENT_TARGET = 15.0;
				LD_RUNPATH_SEARCH_PATHS = (
					"$(inherited)",
					"@executable_path/Frameworks",
				);
				OTHER_CFLAGS = (
					"$(inherited)",
					"-fmodule-map-file=$(SRCROOT)/../../Tuist/Dependencies/SwiftPackageManager/.build/checkouts/GoogleAppMeasurement/GoogleAppMeasurementWrapper/include/GoogleAppMeasurementTarget.modulemap",
					"-fmodule-map-file=$(SRCROOT)/../../Tuist/Dependencies/SwiftPackageManager/.build/checkouts/GoogleUtilities/GoogleUtilities/AppDelegateSwizzler/Public/GoogleUtilities-AppDelegateSwizzler.modulemap",
					"-fmodule-map-file=$(SRCROOT)/../../Tuist/Dependencies/SwiftPackageManager/.build/checkouts/GoogleUtilities/GoogleUtilities/Environment/Public/GoogleUtilities-Environment.modulemap",
					"-fmodule-map-file=$(SRCROOT)/../../Tuist/Dependencies/SwiftPackageManager/.build/checkouts/GoogleUtilities/GoogleUtilities/Logger/Public/GoogleUtilities-Logger.modulemap",
					"-fmodule-map-file=$(SRCROOT)/../../Tuist/Dependencies/SwiftPackageManager/.build/checkouts/GoogleUtilities/GoogleUtilities/MethodSwizzler/Public/GoogleUtilities-MethodSwizzler.modulemap",
					"-fmodule-map-file=$(SRCROOT)/../../Tuist/Dependencies/SwiftPackageManager/.build/checkouts/GoogleUtilities/GoogleUtilities/NSData+zlib/Public/GoogleUtilities-NSData.modulemap",
					"-fmodule-map-file=$(SRCROOT)/../../Tuist/Dependencies/SwiftPackageManager/.build/checkouts/GoogleUtilities/GoogleUtilities/Network/Public/GoogleUtilities-Network.modulemap",
					"-fmodule-map-file=$(SRCROOT)/../../Tuist/Dependencies/SwiftPackageManager/.build/checkouts/GoogleUtilities/GoogleUtilities/Reachability/Public/GoogleUtilities-Reachability.modulemap",
					"-fmodule-map-file=$(SRCROOT)/../../Tuist/Dependencies/SwiftPackageManager/.build/checkouts/GoogleUtilities/GoogleUtilities/UserDefaults/Public/GoogleUtilities-UserDefaults.modulemap",
					"-fmodule-map-file=$(SRCROOT)/../../Tuist/Dependencies/SwiftPackageManager/.build/checkouts/firebase-ios-sdk/CoreOnly/Sources/module.modulemap",
					"-fmodule-map-file=$(SRCROOT)/../../Tuist/Dependencies/SwiftPackageManager/.build/checkouts/firebase-ios-sdk/FirebaseAnalyticsWrapper/include/FirebaseAnalyticsWrapper.modulemap",
					"-fmodule-map-file=$(SRCROOT)/../../Tuist/Dependencies/SwiftPackageManager/.build/checkouts/firebase-ios-sdk/SwiftPM-PlatformExclude/FirebaseAnalyticsSwiftWrap/include/FirebaseAnalyticsSwiftTarget.modulemap",
					"-fmodule-map-file=$(SRCROOT)/../../Tuist/Dependencies/SwiftPackageManager/.build/checkouts/nanopb/spm_headers/nanopb.modulemap",
					"-fmodule-map-file=$(SRCROOT)/../../Tuist/Dependencies/SwiftPackageManager/.build/checkouts/promises/Sources/FBLPromises/include/module.modulemap",
					"-fmodule-map-file=$(SRCROOT)/../../Tuist/Dependencies/SwiftPackageManager/.build/checkouts/realm-core/src/external/IntelRDFPMathLib20U2/LIBRARY/src/Bid.modulemap",
					"-fmodule-map-file=$(SRCROOT)/../../Tuist/Dependencies/SwiftPackageManager/.build/checkouts/realm-core/src/module.modulemap",
					"-fmodule-map-file=$(SRCROOT)/../../Tuist/Dependencies/SwiftPackageManager/.build/checkouts/realm-swift/include/module.modulemap",
				);
				OTHER_SWIFT_FLAGS = (
					"$(inherited)",
					"-Xcc",
					"-fmodule-map-file=$(SRCROOT)/../../Tuist/Dependencies/SwiftPackageManager/.build/checkouts/GoogleAppMeasurement/GoogleAppMeasurementWrapper/include/GoogleAppMeasurementTarget.modulemap",
					"-Xcc",
					"-fmodule-map-file=$(SRCROOT)/../../Tuist/Dependencies/SwiftPackageManager/.build/checkouts/GoogleUtilities/GoogleUtilities/AppDelegateSwizzler/Public/GoogleUtilities-AppDelegateSwizzler.modulemap",
					"-Xcc",
					"-fmodule-map-file=$(SRCROOT)/../../Tuist/Dependencies/SwiftPackageManager/.build/checkouts/GoogleUtilities/GoogleUtilities/Environment/Public/GoogleUtilities-Environment.modulemap",
					"-Xcc",
					"-fmodule-map-file=$(SRCROOT)/../../Tuist/Dependencies/SwiftPackageManager/.build/checkouts/GoogleUtilities/GoogleUtilities/Logger/Public/GoogleUtilities-Logger.modulemap",
					"-Xcc",
					"-fmodule-map-file=$(SRCROOT)/../../Tuist/Dependencies/SwiftPackageManager/.build/checkouts/GoogleUtilities/GoogleUtilities/MethodSwizzler/Public/GoogleUtilities-MethodSwizzler.modulemap",
					"-Xcc",
					"-fmodule-map-file=$(SRCROOT)/../../Tuist/Dependencies/SwiftPackageManager/.build/checkouts/GoogleUtilities/GoogleUtilities/NSData+zlib/Public/GoogleUtilities-NSData.modulemap",
					"-Xcc",
					"-fmodule-map-file=$(SRCROOT)/../../Tuist/Dependencies/SwiftPackageManager/.build/checkouts/GoogleUtilities/GoogleUtilities/Network/Public/GoogleUtilities-Network.modulemap",
					"-Xcc",
					"-fmodule-map-file=$(SRCROOT)/../../Tuist/Dependencies/SwiftPackageManager/.build/checkouts/GoogleUtilities/GoogleUtilities/Reachability/Public/GoogleUtilities-Reachability.modulemap",
					"-Xcc",
					"-fmodule-map-file=$(SRCROOT)/../../Tuist/Dependencies/SwiftPackageManager/.build/checkouts/GoogleUtilities/GoogleUtilities/UserDefaults/Public/GoogleUtilities-UserDefaults.modulemap",
					"-Xcc",
					"-fmodule-map-file=$(SRCROOT)/../../Tuist/Dependencies/SwiftPackageManager/.build/checkouts/firebase-ios-sdk/CoreOnly/Sources/module.modulemap",
					"-Xcc",
					"-fmodule-map-file=$(SRCROOT)/../../Tuist/Dependencies/SwiftPackageManager/.build/checkouts/firebase-ios-sdk/FirebaseAnalyticsWrapper/include/FirebaseAnalyticsWrapper.modulemap",
					"-Xcc",
					"-fmodule-map-file=$(SRCROOT)/../../Tuist/Dependencies/SwiftPackageManager/.build/checkouts/firebase-ios-sdk/SwiftPM-PlatformExclude/FirebaseAnalyticsSwiftWrap/include/FirebaseAnalyticsSwiftTarget.modulemap",
					"-Xcc",
					"-fmodule-map-file=$(SRCROOT)/../../Tuist/Dependencies/SwiftPackageManager/.build/checkouts/nanopb/spm_headers/nanopb.modulemap",
					"-Xcc",
					"-fmodule-map-file=$(SRCROOT)/../../Tuist/Dependencies/SwiftPackageManager/.build/checkouts/promises/Sources/FBLPromises/include/module.modulemap",
					"-Xcc",
					"-fmodule-map-file=$(SRCROOT)/../../Tuist/Dependencies/SwiftPackageManager/.build/checkouts/realm-core/src/external/IntelRDFPMathLib20U2/LIBRARY/src/Bid.modulemap",
					"-Xcc",
					"-fmodule-map-file=$(SRCROOT)/../../Tuist/Dependencies/SwiftPackageManager/.build/checkouts/realm-core/src/module.modulemap",
					"-Xcc",
					"-fmodule-map-file=$(SRCROOT)/../../Tuist/Dependencies/SwiftPackageManager/.build/checkouts/realm-swift/include/module.modulemap",
				);
				PRODUCT_BUNDLE_IDENTIFIER = kr.co.leetaek.WriteBible;
				PRODUCT_NAME = WriteBible;
				SDKROOT = iphoneos;
				SUPPORTS_MACCATALYST = NO;
				SWIFT_COMPILATION_MODE = wholemodule;
				SWIFT_OPTIMIZATION_LEVEL = "-Owholemodule";
				SWIFT_VERSION = 5.0;
				TARGETED_DEVICE_FAMILY = 2;
			};
			name = Release;
		};
		C8768D8FF739ACADA9033CEE /* Debug */ = {
			isa = XCBuildConfiguration;
			buildSettings = {
				ALWAYS_SEARCH_USER_PATHS = NO;
				CLANG_ANALYZER_LOCALIZABILITY_NONLOCALIZED = YES;
				CLANG_ANALYZER_NONNULL = YES;
				CLANG_ANALYZER_NUMBER_OBJECT_CONVERSION = YES_AGGRESSIVE;
				CLANG_CXX_LANGUAGE_STANDARD = "gnu++14";
				CLANG_CXX_LIBRARY = "libc++";
				CLANG_ENABLE_MODULES = YES;
				CLANG_ENABLE_OBJC_ARC = YES;
				CLANG_ENABLE_OBJC_WEAK = YES;
				CLANG_WARN_BLOCK_CAPTURE_AUTORELEASING = YES;
				CLANG_WARN_BOOL_CONVERSION = YES;
				CLANG_WARN_COMMA = YES;
				CLANG_WARN_CONSTANT_CONVERSION = YES;
				CLANG_WARN_DEPRECATED_OBJC_IMPLEMENTATIONS = YES;
				CLANG_WARN_DIRECT_OBJC_ISA_USAGE = YES_ERROR;
				CLANG_WARN_DOCUMENTATION_COMMENTS = YES;
				CLANG_WARN_EMPTY_BODY = YES;
				CLANG_WARN_ENUM_CONVERSION = YES;
				CLANG_WARN_INFINITE_RECURSION = YES;
				CLANG_WARN_INT_CONVERSION = YES;
				CLANG_WARN_NON_LITERAL_NULL_CONVERSION = YES;
				CLANG_WARN_OBJC_IMPLICIT_RETAIN_SELF = YES;
				CLANG_WARN_OBJC_LITERAL_CONVERSION = YES;
				CLANG_WARN_OBJC_ROOT_CLASS = YES_ERROR;
				CLANG_WARN_QUOTED_INCLUDE_IN_FRAMEWORK_HEADER = YES;
				CLANG_WARN_RANGE_LOOP_ANALYSIS = YES;
				CLANG_WARN_STRICT_PROTOTYPES = YES;
				CLANG_WARN_SUSPICIOUS_MOVE = YES;
				CLANG_WARN_UNGUARDED_AVAILABILITY = YES_AGGRESSIVE;
				CLANG_WARN_UNREACHABLE_CODE = YES;
				CLANG_WARN__DUPLICATE_METHOD_MATCH = YES;
				COPY_PHASE_STRIP = NO;
				DEAD_CODE_STRIPPING = YES;
				DEBUG_INFORMATION_FORMAT = dwarf;
				ENABLE_STRICT_OBJC_MSGSEND = YES;
				ENABLE_TESTABILITY = YES;
				GCC_C_LANGUAGE_STANDARD = gnu11;
				GCC_DYNAMIC_NO_PIC = NO;
				GCC_NO_COMMON_BLOCKS = YES;
				GCC_OPTIMIZATION_LEVEL = 0;
				GCC_PREPROCESSOR_DEFINITIONS = (
					"DEBUG=1",
					"$(inherited)",
				);
				GCC_WARN_64_TO_32_BIT_CONVERSION = YES;
				GCC_WARN_ABOUT_RETURN_TYPE = YES_ERROR;
				GCC_WARN_UNDECLARED_SELECTOR = YES;
				GCC_WARN_UNINITIALIZED_AUTOS = YES_AGGRESSIVE;
				GCC_WARN_UNUSED_FUNCTION = YES;
				GCC_WARN_UNUSED_VARIABLE = YES;
				MTL_ENABLE_DEBUG_INFO = YES;
				ONLY_ACTIVE_ARCH = YES;
				PRODUCT_NAME = "$(TARGET_NAME)";
			};
			name = Debug;
		};
/* End XCBuildConfiguration section */

/* Begin XCConfigurationList section */
		E7DFC786A1420732C74EE86C /* Build configuration list for PBXNativeTarget "WriteBible" */ = {
			isa = XCConfigurationList;
			buildConfigurations = (
				600F4B41F92D6BAE76385D98 /* Debug */,
				B603EDFF30A290473B89C27A /* Release */,
			);
			defaultConfigurationIsVisible = 0;
			defaultConfigurationName = Release;
		};
		EB77C628CAF409F41A0E142A /* Build configuration list for PBXProject "WriteBible" */ = {
			isa = XCConfigurationList;
			buildConfigurations = (
				C8768D8FF739ACADA9033CEE /* Debug */,
				4A3478689EA635469029A4A0 /* Release */,
			);
			defaultConfigurationIsVisible = 0;
			defaultConfigurationName = Release;
		};
/* End XCConfigurationList section */
	};
	rootObject = 481739A6ECB1495D6ED73262 /* Project object */;
}
