// !$*UTF8*$!
{
	archiveVersion = 1;
	classes = {
	};
	objectVersion = 55;
	objects = {

/* Begin PBXBuildFile section */
		7403D12D2862C72A00AB68A3 /* DrawingDocument.swift in Sources */ = {isa = PBXBuildFile; fileRef = 7403D12C2862C72A00AB68A3 /* DrawingDocument.swift */; };
		7403D12F2862C74E00AB68A3 /* DrawingManager.swift in Sources */ = {isa = PBXBuildFile; fileRef = 7403D12E2862C74E00AB68A3 /* DrawingManager.swift */; };
		7403D1312862C81F00AB68A3 /* DrawingViewController.swift in Sources */ = {isa = PBXBuildFile; fileRef = 7403D1302862C81F00AB68A3 /* DrawingViewController.swift */; };
		7403D1332862C84900AB68A3 /* DrawingWrapper.swift in Sources */ = {isa = PBXBuildFile; fileRef = 7403D1322862C84900AB68A3 /* DrawingWrapper.swift */; };
		7403D13C2862E49800AB68A3 /* RealmSwift in Frameworks */ = {isa = PBXBuildFile; productRef = 7403D13B2862E49800AB68A3 /* RealmSwift */; };
		7403D13E2862E4AF00AB68A3 /* RealmManager.swift in Sources */ = {isa = PBXBuildFile; fileRef = 7403D13D2862E4AF00AB68A3 /* RealmManager.swift */; };
		74099BDA2869796400ED8D23 /* ScrollPreferenceKey.swift in Sources */ = {isa = PBXBuildFile; fileRef = 74099BD92869796400ED8D23 /* ScrollPreferenceKey.swift */; };
		74099BDC2869CB3800ED8D23 /* SettingView.swift in Sources */ = {isa = PBXBuildFile; fileRef = 74099BDB2869CB3800ED8D23 /* SettingView.swift */; };
		74099BDE2869CBA600ED8D23 /* SettingModel.swift in Sources */ = {isa = PBXBuildFile; fileRef = 74099BDD2869CBA600ED8D23 /* SettingModel.swift */; };
		7434623028658233001B5B1D /* ColorManager.swift in Sources */ = {isa = PBXBuildFile; fileRef = 7434622F28658233001B5B1D /* ColorManager.swift */; };
		74436406285B0E67005241E7 /* BibleView.swift in Sources */ = {isa = PBXBuildFile; fileRef = 74436405285B0E67005241E7 /* BibleView.swift */; };
		74782B0E284F05F90077CDCC /* Bible.swift in Sources */ = {isa = PBXBuildFile; fileRef = 74782B0D284F05F90077CDCC /* Bible.swift */; };
		74782CEC284F2D1B0077CDCC /* 1-17에스더.txt in Resources */ = {isa = PBXBuildFile; fileRef = 74782CAA284F2D190077CDCC /* 1-17에스더.txt */; };
		74782CED284F2D1B0077CDCC /* 2-09갈라디아서.txt in Resources */ = {isa = PBXBuildFile; fileRef = 74782CAB284F2D190077CDCC /* 2-09갈라디아서.txt */; };
		74782CEE284F2D1B0077CDCC /* 1-19시편.txt in Resources */ = {isa = PBXBuildFile; fileRef = 74782CAC284F2D190077CDCC /* 1-19시편.txt */; };
		74782CEF284F2D1B0077CDCC /* 1-27다니엘.txt in Resources */ = {isa = PBXBuildFile; fileRef = 74782CAD284F2D190077CDCC /* 1-27다니엘.txt */; };
		74782CF0284F2D1B0077CDCC /* 1-25예레미야애가.txt in Resources */ = {isa = PBXBuildFile; fileRef = 74782CAE284F2D190077CDCC /* 1-25예레미야애가.txt */; };
		74782CF1284F2D1B0077CDCC /* 2-24요한이서.txt in Resources */ = {isa = PBXBuildFile; fileRef = 74782CAF284F2D190077CDCC /* 2-24요한이서.txt */; };
		74782CF2284F2D1B0077CDCC /* 1-13역대상.txt in Resources */ = {isa = PBXBuildFile; fileRef = 74782CB0284F2D190077CDCC /* 1-13역대상.txt */; };
		74782CF3284F2D1B0077CDCC /* 1-38스가랴.txt in Resources */ = {isa = PBXBuildFile; fileRef = 74782CB1284F2D190077CDCC /* 1-38스가랴.txt */; };
		74782CF4284F2D1B0077CDCC /* 2-06로마서.txt in Resources */ = {isa = PBXBuildFile; fileRef = 74782CB2284F2D190077CDCC /* 2-06로마서.txt */; };
		74782CF5284F2D1B0077CDCC /* 1-23이사야.txt in Resources */ = {isa = PBXBuildFile; fileRef = 74782CB3284F2D190077CDCC /* 1-23이사야.txt */; };
		74782CF6284F2D1B0077CDCC /* 1-10사무엘하.txt in Resources */ = {isa = PBXBuildFile; fileRef = 74782CB4284F2D190077CDCC /* 1-10사무엘하.txt */; };
		74782CF7284F2D1B0077CDCC /* 2-08고린도후서.txt in Resources */ = {isa = PBXBuildFile; fileRef = 74782CB5284F2D190077CDCC /* 2-08고린도후서.txt */; };
		74782CF8284F2D1B0077CDCC /* 2-27요한계시록.txt in Resources */ = {isa = PBXBuildFile; fileRef = 74782CB6284F2D190077CDCC /* 2-27요한계시록.txt */; };
		74782CF9284F2D1B0077CDCC /* 1-26에스겔.txt in Resources */ = {isa = PBXBuildFile; fileRef = 74782CB7284F2D190077CDCC /* 1-26에스겔.txt */; };
		74782CFA284F2D1B0077CDCC /* 1-31오바댜.txt in Resources */ = {isa = PBXBuildFile; fileRef = 74782CB8284F2D190077CDCC /* 1-31오바댜.txt */; };
		74782CFB284F2D1B0077CDCC /* 1-37학개.txt in Resources */ = {isa = PBXBuildFile; fileRef = 74782CB9284F2D190077CDCC /* 1-37학개.txt */; };
		74782CFC284F2D1B0077CDCC /* 1-03레위기.txt in Resources */ = {isa = PBXBuildFile; fileRef = 74782CBA284F2D190077CDCC /* 1-03레위기.txt */; };
		74782CFD284F2D1B0077CDCC /* 1-30아모스.txt in Resources */ = {isa = PBXBuildFile; fileRef = 74782CBB284F2D190077CDCC /* 1-30아모스.txt */; };
		74782CFE284F2D1B0077CDCC /* 2-15디모데전서.txt in Resources */ = {isa = PBXBuildFile; fileRef = 74782CBC284F2D190077CDCC /* 2-15디모데전서.txt */; };
		74782CFF284F2D1B0077CDCC /* 2-21베드로전서.txt in Resources */ = {isa = PBXBuildFile; fileRef = 74782CBD284F2D190077CDCC /* 2-21베드로전서.txt */; };
		74782D00284F2D1B0077CDCC /* 2-10에베소서.txt in Resources */ = {isa = PBXBuildFile; fileRef = 74782CBE284F2D190077CDCC /* 2-10에베소서.txt */; };
		74782D01284F2D1B0077CDCC /* 1-21전도서.txt in Resources */ = {isa = PBXBuildFile; fileRef = 74782CBF284F2D190077CDCC /* 1-21전도서.txt */; };
		74782D02284F2D1B0077CDCC /* 2-20야고보서.txt in Resources */ = {isa = PBXBuildFile; fileRef = 74782CC0284F2D190077CDCC /* 2-20야고보서.txt */; };
		74782D03284F2D1B0077CDCC /* 2-12골로새서.txt in Resources */ = {isa = PBXBuildFile; fileRef = 74782CC1284F2D1A0077CDCC /* 2-12골로새서.txt */; };
		74782D04284F2D1B0077CDCC /* 2-19히브리서.txt in Resources */ = {isa = PBXBuildFile; fileRef = 74782CC2284F2D1A0077CDCC /* 2-19히브리서.txt */; };
		74782D05284F2D1B0077CDCC /* 1-15에스라.txt in Resources */ = {isa = PBXBuildFile; fileRef = 74782CC3284F2D1A0077CDCC /* 1-15에스라.txt */; };
		74782D06284F2D1B0077CDCC /* 1-08룻기.txt in Resources */ = {isa = PBXBuildFile; fileRef = 74782CC4284F2D1A0077CDCC /* 1-08룻기.txt */; };
		74782D07284F2D1B0077CDCC /* 2-14데살로니가후서.txt in Resources */ = {isa = PBXBuildFile; fileRef = 74782CC5284F2D1A0077CDCC /* 2-14데살로니가후서.txt */; };
		74782D08284F2D1B0077CDCC /* 1-28호세아.txt in Resources */ = {isa = PBXBuildFile; fileRef = 74782CC6284F2D1A0077CDCC /* 1-28호세아.txt */; };
		74782D09284F2D1B0077CDCC /* 2-13데살로니가전서.txt in Resources */ = {isa = PBXBuildFile; fileRef = 74782CC7284F2D1A0077CDCC /* 2-13데살로니가전서.txt */; };
		74782D0A284F2D1B0077CDCC /* 2-18빌레몬서.txt in Resources */ = {isa = PBXBuildFile; fileRef = 74782CC8284F2D1A0077CDCC /* 2-18빌레몬서.txt */; };
		74782D0B284F2D1B0077CDCC /* 1-29요엘.txt in Resources */ = {isa = PBXBuildFile; fileRef = 74782CC9284F2D1A0077CDCC /* 1-29요엘.txt */; };
		74782D0C284F2D1B0077CDCC /* 1-33미가.txt in Resources */ = {isa = PBXBuildFile; fileRef = 74782CCA284F2D1A0077CDCC /* 1-33미가.txt */; };
		74782D0D284F2D1B0077CDCC /* 1-09사무엘상.txt in Resources */ = {isa = PBXBuildFile; fileRef = 74782CCB284F2D1A0077CDCC /* 1-09사무엘상.txt */; };
		74782D0E284F2D1B0077CDCC /* 1-02출애굽기.txt in Resources */ = {isa = PBXBuildFile; fileRef = 74782CCC284F2D1A0077CDCC /* 1-02출애굽기.txt */; };
		74782D0F284F2D1B0077CDCC /* 1-39말라기.txt in Resources */ = {isa = PBXBuildFile; fileRef = 74782CCD284F2D1A0077CDCC /* 1-39말라기.txt */; };
		74782D10284F2D1B0077CDCC /* 1-34나훔.txt in Resources */ = {isa = PBXBuildFile; fileRef = 74782CCE284F2D1A0077CDCC /* 1-34나훔.txt */; };
		74782D11284F2D1B0077CDCC /* 2-07고린도전서.txt in Resources */ = {isa = PBXBuildFile; fileRef = 74782CCF284F2D1A0077CDCC /* 2-07고린도전서.txt */; };
		74782D12284F2D1B0077CDCC /* 2-05사도행전.txt in Resources */ = {isa = PBXBuildFile; fileRef = 74782CD0284F2D1A0077CDCC /* 2-05사도행전.txt */; };
		74782D13284F2D1B0077CDCC /* 2-16디모데후서.txt in Resources */ = {isa = PBXBuildFile; fileRef = 74782CD1284F2D1A0077CDCC /* 2-16디모데후서.txt */; };
		74782D14284F2D1B0077CDCC /* 2-22베드로후서.txt in Resources */ = {isa = PBXBuildFile; fileRef = 74782CD2284F2D1A0077CDCC /* 2-22베드로후서.txt */; };
		74782D15284F2D1B0077CDCC /* 2-17디도서.txt in Resources */ = {isa = PBXBuildFile; fileRef = 74782CD3284F2D1A0077CDCC /* 2-17디도서.txt */; };
		74782D16284F2D1B0077CDCC /* 1-06여호수아.txt in Resources */ = {isa = PBXBuildFile; fileRef = 74782CD4284F2D1A0077CDCC /* 1-06여호수아.txt */; };
		74782D17284F2D1B0077CDCC /* 2-01마태복음.txt in Resources */ = {isa = PBXBuildFile; fileRef = 74782CD5284F2D1A0077CDCC /* 2-01마태복음.txt */; };
		74782D18284F2D1B0077CDCC /* 2-02마가복음.txt in Resources */ = {isa = PBXBuildFile; fileRef = 74782CD6284F2D1A0077CDCC /* 2-02마가복음.txt */; };
		74782D19284F2D1B0077CDCC /* 1-14역대하.txt in Resources */ = {isa = PBXBuildFile; fileRef = 74782CD7284F2D1A0077CDCC /* 1-14역대하.txt */; };
		74782D1A284F2D1B0077CDCC /* 1-32요나.txt in Resources */ = {isa = PBXBuildFile; fileRef = 74782CD8284F2D1A0077CDCC /* 1-32요나.txt */; };
		74782D1B284F2D1B0077CDCC /* 2-03누가복음.txt in Resources */ = {isa = PBXBuildFile; fileRef = 74782CD9284F2D1A0077CDCC /* 2-03누가복음.txt */; };
		74782D1C284F2D1B0077CDCC /* 1-20잠언.txt in Resources */ = {isa = PBXBuildFile; fileRef = 74782CDA284F2D1A0077CDCC /* 1-20잠언.txt */; };
		74782D1D284F2D1B0077CDCC /* 1-07사사기.txt in Resources */ = {isa = PBXBuildFile; fileRef = 74782CDB284F2D1A0077CDCC /* 1-07사사기.txt */; };
		74782D1E284F2D1B0077CDCC /* 1-18욥기.txt in Resources */ = {isa = PBXBuildFile; fileRef = 74782CDC284F2D1A0077CDCC /* 1-18욥기.txt */; };
		74782D1F284F2D1B0077CDCC /* 1-11열왕기상.txt in Resources */ = {isa = PBXBuildFile; fileRef = 74782CDD284F2D1A0077CDCC /* 1-11열왕기상.txt */; };
		74782D20284F2D1B0077CDCC /* 1-05신명기.txt in Resources */ = {isa = PBXBuildFile; fileRef = 74782CDE284F2D1A0077CDCC /* 1-05신명기.txt */; };
		74782D21284F2D1B0077CDCC /* 1-36스바냐.txt in Resources */ = {isa = PBXBuildFile; fileRef = 74782CDF284F2D1A0077CDCC /* 1-36스바냐.txt */; };
		74782D22284F2D1B0077CDCC /* 2-04요한복음.txt in Resources */ = {isa = PBXBuildFile; fileRef = 74782CE0284F2D1A0077CDCC /* 2-04요한복음.txt */; };
		74782D23284F2D1B0077CDCC /* 2-26유다서.txt in Resources */ = {isa = PBXBuildFile; fileRef = 74782CE1284F2D1A0077CDCC /* 2-26유다서.txt */; };
		74782D25284F2D1B0077CDCC /* 1-22아가.txt in Resources */ = {isa = PBXBuildFile; fileRef = 74782CE3284F2D1B0077CDCC /* 1-22아가.txt */; };
		74782D26284F2D1B0077CDCC /* 1-16느헤미야.txt in Resources */ = {isa = PBXBuildFile; fileRef = 74782CE4284F2D1B0077CDCC /* 1-16느헤미야.txt */; };
		74782D27284F2D1B0077CDCC /* 1-24예레미야.txt in Resources */ = {isa = PBXBuildFile; fileRef = 74782CE5284F2D1B0077CDCC /* 1-24예레미야.txt */; };
		74782D28284F2D1B0077CDCC /* 2-11빌립보서.txt in Resources */ = {isa = PBXBuildFile; fileRef = 74782CE6284F2D1B0077CDCC /* 2-11빌립보서.txt */; };
		74782D29284F2D1B0077CDCC /* 2-23요한일서.txt in Resources */ = {isa = PBXBuildFile; fileRef = 74782CE7284F2D1B0077CDCC /* 2-23요한일서.txt */; };
		74782D2A284F2D1B0077CDCC /* 2-25요한삼서.txt in Resources */ = {isa = PBXBuildFile; fileRef = 74782CE8284F2D1B0077CDCC /* 2-25요한삼서.txt */; };
		74782D2B284F2D1B0077CDCC /* 1-04민수기.txt in Resources */ = {isa = PBXBuildFile; fileRef = 74782CE9284F2D1B0077CDCC /* 1-04민수기.txt */; };
		74782D2C284F2D1B0077CDCC /* 1-12열왕기하.txt in Resources */ = {isa = PBXBuildFile; fileRef = 74782CEA284F2D1B0077CDCC /* 1-12열왕기하.txt */; };
		74782D2D284F2D1B0077CDCC /* 1-35하박국.txt in Resources */ = {isa = PBXBuildFile; fileRef = 74782CEB284F2D1B0077CDCC /* 1-35하박국.txt */; };
		74782D2F284F3B300077CDCC /* BibleSentenceView.swift in Sources */ = {isa = PBXBuildFile; fileRef = 74782D2E284F3B300077CDCC /* BibleSentenceView.swift */; };
		74782D5A285086D90077CDCC /* TitleView.swift in Sources */ = {isa = PBXBuildFile; fileRef = 74782D59285086D90077CDCC /* TitleView.swift */; };
		74782D5E2850937F0077CDCC /* 1-01창세기.txt in Resources */ = {isa = PBXBuildFile; fileRef = 74782D5D2850937F0077CDCC /* 1-01창세기.txt */; };
		7481B4552848804B00517BAF /* WriteBibleApp.swift in Sources */ = {isa = PBXBuildFile; fileRef = 7481B4542848804B00517BAF /* WriteBibleApp.swift */; };
		7481B4572848804B00517BAF /* ContentView.swift in Sources */ = {isa = PBXBuildFile; fileRef = 7481B4562848804B00517BAF /* ContentView.swift */; };
		7481B4592848804D00517BAF /* Assets.xcassets in Resources */ = {isa = PBXBuildFile; fileRef = 7481B4582848804D00517BAF /* Assets.xcassets */; };
		7481B45C2848804D00517BAF /* Preview Assets.xcassets in Resources */ = {isa = PBXBuildFile; fileRef = 7481B45B2848804D00517BAF /* Preview Assets.xcassets */; };
/* End PBXBuildFile section */

/* Begin PBXFileReference section */
		7403D12C2862C72A00AB68A3 /* DrawingDocument.swift */ = {isa = PBXFileReference; lastKnownFileType = sourcecode.swift; path = DrawingDocument.swift; sourceTree = "<group>"; };
		7403D12E2862C74E00AB68A3 /* DrawingManager.swift */ = {isa = PBXFileReference; lastKnownFileType = sourcecode.swift; path = DrawingManager.swift; sourceTree = "<group>"; };
		7403D1302862C81F00AB68A3 /* DrawingViewController.swift */ = {isa = PBXFileReference; lastKnownFileType = sourcecode.swift; path = DrawingViewController.swift; sourceTree = "<group>"; };
		7403D1322862C84900AB68A3 /* DrawingWrapper.swift */ = {isa = PBXFileReference; lastKnownFileType = sourcecode.swift; path = DrawingWrapper.swift; sourceTree = "<group>"; };
		7403D13D2862E4AF00AB68A3 /* RealmManager.swift */ = {isa = PBXFileReference; lastKnownFileType = sourcecode.swift; path = RealmManager.swift; sourceTree = "<group>"; };
		74099BD92869796400ED8D23 /* ScrollPreferenceKey.swift */ = {isa = PBXFileReference; lastKnownFileType = sourcecode.swift; path = ScrollPreferenceKey.swift; sourceTree = "<group>"; };
		74099BDB2869CB3800ED8D23 /* SettingView.swift */ = {isa = PBXFileReference; lastKnownFileType = sourcecode.swift; path = SettingView.swift; sourceTree = "<group>"; };
		74099BDD2869CBA600ED8D23 /* SettingModel.swift */ = {isa = PBXFileReference; lastKnownFileType = sourcecode.swift; path = SettingModel.swift; sourceTree = "<group>"; };
		743461ED28656804001B5B1D /* 1-29요엘.txt */ = {isa = PBXFileReference; lastKnownFileType = text; path = "1-29요엘.txt"; sourceTree = "<group>"; };
		743461EE28656804001B5B1D /* 1-18욥기.txt */ = {isa = PBXFileReference; lastKnownFileType = text; path = "1-18욥기.txt"; sourceTree = "<group>"; };
		743461EF28656804001B5B1D /* 1-06여호수아.txt */ = {isa = PBXFileReference; lastKnownFileType = text; path = "1-06여호수아.txt"; sourceTree = "<group>"; };
		743461F028656804001B5B1D /* 2-15디모데전서.txt */ = {isa = PBXFileReference; lastKnownFileType = text; path = "2-15디모데전서.txt"; sourceTree = "<group>"; };
		743461F128656804001B5B1D /* 2-20야고보서.txt */ = {isa = PBXFileReference; lastKnownFileType = text; path = "2-20야고보서.txt"; sourceTree = "<group>"; };
		743461F228656804001B5B1D /* 1-39말라기.txt */ = {isa = PBXFileReference; lastKnownFileType = text; path = "1-39말라기.txt"; sourceTree = "<group>"; };
		743461F328656804001B5B1D /* 1-37학개.txt */ = {isa = PBXFileReference; lastKnownFileType = text; path = "1-37학개.txt"; sourceTree = "<group>"; };
		743461F428656804001B5B1D /* 2-10에베소서.txt */ = {isa = PBXFileReference; lastKnownFileType = text; path = "2-10에베소서.txt"; sourceTree = "<group>"; };
		743461F528656804001B5B1D /* 1-30아모스.txt */ = {isa = PBXFileReference; lastKnownFileType = text; path = "1-30아모스.txt"; sourceTree = "<group>"; };
		743461F628656804001B5B1D /* 2-21베드로전서.txt */ = {isa = PBXFileReference; lastKnownFileType = text; path = "2-21베드로전서.txt"; sourceTree = "<group>"; };
		743461F728656804001B5B1D /* 1-31오바댜.txt */ = {isa = PBXFileReference; lastKnownFileType = text; path = "1-31오바댜.txt"; sourceTree = "<group>"; };
		743461F828656804001B5B1D /* 1-24예레미야.txt */ = {isa = PBXFileReference; lastKnownFileType = text; path = "1-24예레미야.txt"; sourceTree = "<group>"; };
		743461F928656804001B5B1D /* 2-04요한복음.txt */ = {isa = PBXFileReference; lastKnownFileType = text; path = "2-04요한복음.txt"; sourceTree = "<group>"; };
		743461FA28656804001B5B1D /* 2-03누가복음.txt */ = {isa = PBXFileReference; lastKnownFileType = text; path = "2-03누가복음.txt"; sourceTree = "<group>"; };
		743461FB28656804001B5B1D /* 1-20잠언.txt */ = {isa = PBXFileReference; lastKnownFileType = text; path = "1-20잠언.txt"; sourceTree = "<group>"; };
		743461FC28656804001B5B1D /* 2-22베드로후서.txt */ = {isa = PBXFileReference; lastKnownFileType = text; path = "2-22베드로후서.txt"; sourceTree = "<group>"; };
		743461FD28656804001B5B1D /* 2-09갈라디아서.txt */ = {isa = PBXFileReference; lastKnownFileType = text; path = "2-09갈라디아서.txt"; sourceTree = "<group>"; };
		743461FE28656804001B5B1D /* 2-02마가복음.txt */ = {isa = PBXFileReference; lastKnownFileType = text; path = "2-02마가복음.txt"; sourceTree = "<group>"; };
		743461FF28656804001B5B1D /* 1-19시편.txt */ = {isa = PBXFileReference; lastKnownFileType = text; path = "1-19시편.txt"; sourceTree = "<group>"; };
		7434620028656805001B5B1D /* 2-14데살로니가후서.txt */ = {isa = PBXFileReference; lastKnownFileType = text; path = "2-14데살로니가후서.txt"; sourceTree = "<group>"; };
		7434620128656805001B5B1D /* 1-32요나.txt */ = {isa = PBXFileReference; lastKnownFileType = text; path = "1-32요나.txt"; sourceTree = "<group>"; };
		7434620228656805001B5B1D /* 1-01창세기.txt */ = {isa = PBXFileReference; lastKnownFileType = text; path = "1-01창세기.txt"; sourceTree = "<group>"; };
		7434620328656805001B5B1D /* 2-26유다서.txt */ = {isa = PBXFileReference; lastKnownFileType = text; path = "2-26유다서.txt"; sourceTree = "<group>"; };
		7434620428656805001B5B1D /* 1-02출애굽기.txt */ = {isa = PBXFileReference; lastKnownFileType = text; path = "1-02출애굽기.txt"; sourceTree = "<group>"; };
		7434620528656805001B5B1D /* 2-17디도서.txt */ = {isa = PBXFileReference; lastKnownFileType = text; path = "2-17디도서.txt"; sourceTree = "<group>"; };
		7434620628656805001B5B1D /* 1-22아가.txt */ = {isa = PBXFileReference; lastKnownFileType = text; path = "1-22아가.txt"; sourceTree = "<group>"; };
		7434620728656805001B5B1D /* 2-18빌레몬서.txt */ = {isa = PBXFileReference; lastKnownFileType = text; path = "2-18빌레몬서.txt"; sourceTree = "<group>"; };
		7434620828656805001B5B1D /* 2-05사도행전.txt */ = {isa = PBXFileReference; lastKnownFileType = text; path = "2-05사도행전.txt"; sourceTree = "<group>"; };
		7434620928656805001B5B1D /* 1-35하박국.txt */ = {isa = PBXFileReference; lastKnownFileType = text; path = "1-35하박국.txt"; sourceTree = "<group>"; };
		7434620A28656805001B5B1D /* 1-34나훔.txt */ = {isa = PBXFileReference; lastKnownFileType = text; path = "1-34나훔.txt"; sourceTree = "<group>"; };
		7434620B28656805001B5B1D /* 1-38스가랴.txt */ = {isa = PBXFileReference; lastKnownFileType = text; path = "1-38스가랴.txt"; sourceTree = "<group>"; };
		7434620C28656805001B5B1D /* 2-13데살로니가전서.txt */ = {isa = PBXFileReference; lastKnownFileType = text; path = "2-13데살로니가전서.txt"; sourceTree = "<group>"; };
		7434620D28656805001B5B1D /* 1-15에스라.txt */ = {isa = PBXFileReference; lastKnownFileType = text; path = "1-15에스라.txt"; sourceTree = "<group>"; };
		7434620E28656805001B5B1D /* 2-19히브리서.txt */ = {isa = PBXFileReference; lastKnownFileType = text; path = "2-19히브리서.txt"; sourceTree = "<group>"; };
		7434620F28656805001B5B1D /* 2-08고린도후서.txt */ = {isa = PBXFileReference; lastKnownFileType = text; path = "2-08고린도후서.txt"; sourceTree = "<group>"; };
		7434621028656805001B5B1D /* 1-05신명기.txt */ = {isa = PBXFileReference; lastKnownFileType = text; path = "1-05신명기.txt"; sourceTree = "<group>"; };
		7434621128656805001B5B1D /* 1-12열왕기하.txt */ = {isa = PBXFileReference; lastKnownFileType = text; path = "1-12열왕기하.txt"; sourceTree = "<group>"; };
		7434621228656805001B5B1D /* 1-27다니엘.txt */ = {isa = PBXFileReference; lastKnownFileType = text; path = "1-27다니엘.txt"; sourceTree = "<group>"; };
		7434621328656805001B5B1D /* 1-36스바냐.txt */ = {isa = PBXFileReference; lastKnownFileType = text; path = "1-36스바냐.txt"; sourceTree = "<group>"; };
		7434621428656805001B5B1D /* 1-07사사기.txt */ = {isa = PBXFileReference; lastKnownFileType = text; path = "1-07사사기.txt"; sourceTree = "<group>"; };
		7434621528656805001B5B1D /* 1-03레위기.txt */ = {isa = PBXFileReference; lastKnownFileType = text; path = "1-03레위기.txt"; sourceTree = "<group>"; };
		7434621628656806001B5B1D /* 2-06로마서.txt */ = {isa = PBXFileReference; lastKnownFileType = text; path = "2-06로마서.txt"; sourceTree = "<group>"; };
		7434621728656806001B5B1D /* 1-23이사야.txt */ = {isa = PBXFileReference; lastKnownFileType = text; path = "1-23이사야.txt"; sourceTree = "<group>"; };
		7434621828656806001B5B1D /* 1-13역대상.txt */ = {isa = PBXFileReference; lastKnownFileType = text; path = "1-13역대상.txt"; sourceTree = "<group>"; };
		7434621928656806001B5B1D /* 1-14역대하.txt */ = {isa = PBXFileReference; lastKnownFileType = text; path = "1-14역대하.txt"; sourceTree = "<group>"; };
		7434621A28656806001B5B1D /* 1-04민수기.txt */ = {isa = PBXFileReference; lastKnownFileType = text; path = "1-04민수기.txt"; sourceTree = "<group>"; };
		7434621B28656806001B5B1D /* 1-21전도서.txt */ = {isa = PBXFileReference; lastKnownFileType = text; path = "1-21전도서.txt"; sourceTree = "<group>"; };
		7434621C28656806001B5B1D /* 1-11열왕기상.txt */ = {isa = PBXFileReference; lastKnownFileType = text; path = "1-11열왕기상.txt"; sourceTree = "<group>"; };
		7434621D28656806001B5B1D /* 1-10사무엘하.txt */ = {isa = PBXFileReference; lastKnownFileType = text; path = "1-10사무엘하.txt"; sourceTree = "<group>"; };
		7434621E28656806001B5B1D /* 1-08룻기.txt */ = {isa = PBXFileReference; lastKnownFileType = text; path = "1-08룻기.txt"; sourceTree = "<group>"; };
		7434621F28656806001B5B1D /* 2-11빌립보서.txt */ = {isa = PBXFileReference; lastKnownFileType = text; path = "2-11빌립보서.txt"; sourceTree = "<group>"; };
		7434622028656806001B5B1D /* 2-25요한삼서.txt */ = {isa = PBXFileReference; lastKnownFileType = text; path = "2-25요한삼서.txt"; sourceTree = "<group>"; };
		7434622128656806001B5B1D /* 1-16느헤미야.txt */ = {isa = PBXFileReference; lastKnownFileType = text; path = "1-16느헤미야.txt"; sourceTree = "<group>"; };
		7434622228656806001B5B1D /* 1-28호세아.txt */ = {isa = PBXFileReference; lastKnownFileType = text; path = "1-28호세아.txt"; sourceTree = "<group>"; };
		7434622328656806001B5B1D /* 2-24요한이서.txt */ = {isa = PBXFileReference; lastKnownFileType = text; path = "2-24요한이서.txt"; sourceTree = "<group>"; };
		7434622428656806001B5B1D /* 2-27요한계시록.txt */ = {isa = PBXFileReference; lastKnownFileType = text; path = "2-27요한계시록.txt"; sourceTree = "<group>"; };
		7434622528656806001B5B1D /* 1-33미가.txt */ = {isa = PBXFileReference; lastKnownFileType = text; path = "1-33미가.txt"; sourceTree = "<group>"; };
		7434622628656806001B5B1D /* 2-01마태복음.txt */ = {isa = PBXFileReference; lastKnownFileType = text; path = "2-01마태복음.txt"; sourceTree = "<group>"; };
		7434622728656806001B5B1D /* 2-12골로새서.txt */ = {isa = PBXFileReference; lastKnownFileType = text; path = "2-12골로새서.txt"; sourceTree = "<group>"; };
		7434622828656806001B5B1D /* 1-26에스겔.txt */ = {isa = PBXFileReference; lastKnownFileType = text; path = "1-26에스겔.txt"; sourceTree = "<group>"; };
		7434622928656806001B5B1D /* 1-09사무엘상.txt */ = {isa = PBXFileReference; lastKnownFileType = text; path = "1-09사무엘상.txt"; sourceTree = "<group>"; };
		7434622A28656806001B5B1D /* 2-16디모데후서.txt */ = {isa = PBXFileReference; lastKnownFileType = text; path = "2-16디모데후서.txt"; sourceTree = "<group>"; };
		7434622B28656806001B5B1D /* 2-23요한일서.txt */ = {isa = PBXFileReference; lastKnownFileType = text; path = "2-23요한일서.txt"; sourceTree = "<group>"; };
		7434622C28656807001B5B1D /* 1-17에스더.txt */ = {isa = PBXFileReference; lastKnownFileType = text; path = "1-17에스더.txt"; sourceTree = "<group>"; };
		7434622D28656807001B5B1D /* 1-25예레미야애가.txt */ = {isa = PBXFileReference; lastKnownFileType = text; path = "1-25예레미야애가.txt"; sourceTree = "<group>"; };
		7434622E28656807001B5B1D /* 2-07고린도전서.txt */ = {isa = PBXFileReference; lastKnownFileType = text; path = "2-07고린도전서.txt"; sourceTree = "<group>"; };
		7434622F28658233001B5B1D /* ColorManager.swift */ = {isa = PBXFileReference; lastKnownFileType = sourcecode.swift; path = ColorManager.swift; sourceTree = "<group>"; };
		74436405285B0E67005241E7 /* BibleView.swift */ = {isa = PBXFileReference; lastKnownFileType = sourcecode.swift; path = BibleView.swift; sourceTree = "<group>"; };
		74782B0D284F05F90077CDCC /* Bible.swift */ = {isa = PBXFileReference; lastKnownFileType = sourcecode.swift; path = Bible.swift; sourceTree = "<group>"; };
		74782CAA284F2D190077CDCC /* 1-17에스더.txt */ = {isa = PBXFileReference; fileEncoding = 4; lastKnownFileType = text; path = "1-17에스더.txt"; sourceTree = "<group>"; };
		74782CAB284F2D190077CDCC /* 2-09갈라디아서.txt */ = {isa = PBXFileReference; fileEncoding = 4; lastKnownFileType = text; path = "2-09갈라디아서.txt"; sourceTree = "<group>"; };
		74782CAC284F2D190077CDCC /* 1-19시편.txt */ = {isa = PBXFileReference; fileEncoding = 4; lastKnownFileType = text; path = "1-19시편.txt"; sourceTree = "<group>"; };
		74782CAD284F2D190077CDCC /* 1-27다니엘.txt */ = {isa = PBXFileReference; fileEncoding = 4; lastKnownFileType = text; path = "1-27다니엘.txt"; sourceTree = "<group>"; };
		74782CAE284F2D190077CDCC /* 1-25예레미야애가.txt */ = {isa = PBXFileReference; fileEncoding = 4; lastKnownFileType = text; path = "1-25예레미야애가.txt"; sourceTree = "<group>"; };
		74782CAF284F2D190077CDCC /* 2-24요한이서.txt */ = {isa = PBXFileReference; fileEncoding = 4; lastKnownFileType = text; path = "2-24요한이서.txt"; sourceTree = "<group>"; };
		74782CB0284F2D190077CDCC /* 1-13역대상.txt */ = {isa = PBXFileReference; fileEncoding = 4; lastKnownFileType = text; path = "1-13역대상.txt"; sourceTree = "<group>"; };
		74782CB1284F2D190077CDCC /* 1-38스가랴.txt */ = {isa = PBXFileReference; fileEncoding = 4; lastKnownFileType = text; path = "1-38스가랴.txt"; sourceTree = "<group>"; };
		74782CB2284F2D190077CDCC /* 2-06로마서.txt */ = {isa = PBXFileReference; fileEncoding = 4; lastKnownFileType = text; path = "2-06로마서.txt"; sourceTree = "<group>"; };
		74782CB3284F2D190077CDCC /* 1-23이사야.txt */ = {isa = PBXFileReference; fileEncoding = 4; lastKnownFileType = text; path = "1-23이사야.txt"; sourceTree = "<group>"; };
		74782CB4284F2D190077CDCC /* 1-10사무엘하.txt */ = {isa = PBXFileReference; fileEncoding = 4; lastKnownFileType = text; path = "1-10사무엘하.txt"; sourceTree = "<group>"; };
		74782CB5284F2D190077CDCC /* 2-08고린도후서.txt */ = {isa = PBXFileReference; fileEncoding = 4; lastKnownFileType = text; path = "2-08고린도후서.txt"; sourceTree = "<group>"; };
		74782CB6284F2D190077CDCC /* 2-27요한계시록.txt */ = {isa = PBXFileReference; fileEncoding = 4; lastKnownFileType = text; path = "2-27요한계시록.txt"; sourceTree = "<group>"; };
		74782CB7284F2D190077CDCC /* 1-26에스겔.txt */ = {isa = PBXFileReference; fileEncoding = 4; lastKnownFileType = text; path = "1-26에스겔.txt"; sourceTree = "<group>"; };
		74782CB8284F2D190077CDCC /* 1-31오바댜.txt */ = {isa = PBXFileReference; fileEncoding = 4; lastKnownFileType = text; path = "1-31오바댜.txt"; sourceTree = "<group>"; };
		74782CB9284F2D190077CDCC /* 1-37학개.txt */ = {isa = PBXFileReference; fileEncoding = 4; lastKnownFileType = text; path = "1-37학개.txt"; sourceTree = "<group>"; };
		74782CBA284F2D190077CDCC /* 1-03레위기.txt */ = {isa = PBXFileReference; fileEncoding = 4; lastKnownFileType = text; path = "1-03레위기.txt"; sourceTree = "<group>"; };
		74782CBB284F2D190077CDCC /* 1-30아모스.txt */ = {isa = PBXFileReference; fileEncoding = 4; lastKnownFileType = text; path = "1-30아모스.txt"; sourceTree = "<group>"; };
		74782CBC284F2D190077CDCC /* 2-15디모데전서.txt */ = {isa = PBXFileReference; fileEncoding = 4; lastKnownFileType = text; path = "2-15디모데전서.txt"; sourceTree = "<group>"; };
		74782CBD284F2D190077CDCC /* 2-21베드로전서.txt */ = {isa = PBXFileReference; fileEncoding = 4; lastKnownFileType = text; path = "2-21베드로전서.txt"; sourceTree = "<group>"; };
		74782CBE284F2D190077CDCC /* 2-10에베소서.txt */ = {isa = PBXFileReference; fileEncoding = 4; lastKnownFileType = text; path = "2-10에베소서.txt"; sourceTree = "<group>"; };
		74782CBF284F2D190077CDCC /* 1-21전도서.txt */ = {isa = PBXFileReference; fileEncoding = 4; lastKnownFileType = text; path = "1-21전도서.txt"; sourceTree = "<group>"; };
		74782CC0284F2D190077CDCC /* 2-20야고보서.txt */ = {isa = PBXFileReference; fileEncoding = 4; lastKnownFileType = text; path = "2-20야고보서.txt"; sourceTree = "<group>"; };
		74782CC1284F2D1A0077CDCC /* 2-12골로새서.txt */ = {isa = PBXFileReference; fileEncoding = 4; lastKnownFileType = text; path = "2-12골로새서.txt"; sourceTree = "<group>"; };
		74782CC2284F2D1A0077CDCC /* 2-19히브리서.txt */ = {isa = PBXFileReference; fileEncoding = 4; lastKnownFileType = text; path = "2-19히브리서.txt"; sourceTree = "<group>"; };
		74782CC3284F2D1A0077CDCC /* 1-15에스라.txt */ = {isa = PBXFileReference; fileEncoding = 4; lastKnownFileType = text; path = "1-15에스라.txt"; sourceTree = "<group>"; };
		74782CC4284F2D1A0077CDCC /* 1-08룻기.txt */ = {isa = PBXFileReference; fileEncoding = 4; lastKnownFileType = text; path = "1-08룻기.txt"; sourceTree = "<group>"; };
		74782CC5284F2D1A0077CDCC /* 2-14데살로니가후서.txt */ = {isa = PBXFileReference; fileEncoding = 4; lastKnownFileType = text; path = "2-14데살로니가후서.txt"; sourceTree = "<group>"; };
		74782CC6284F2D1A0077CDCC /* 1-28호세아.txt */ = {isa = PBXFileReference; fileEncoding = 4; lastKnownFileType = text; path = "1-28호세아.txt"; sourceTree = "<group>"; };
		74782CC7284F2D1A0077CDCC /* 2-13데살로니가전서.txt */ = {isa = PBXFileReference; fileEncoding = 4; lastKnownFileType = text; path = "2-13데살로니가전서.txt"; sourceTree = "<group>"; };
		74782CC8284F2D1A0077CDCC /* 2-18빌레몬서.txt */ = {isa = PBXFileReference; fileEncoding = 4; lastKnownFileType = text; path = "2-18빌레몬서.txt"; sourceTree = "<group>"; };
		74782CC9284F2D1A0077CDCC /* 1-29요엘.txt */ = {isa = PBXFileReference; fileEncoding = 4; lastKnownFileType = text; path = "1-29요엘.txt"; sourceTree = "<group>"; };
		74782CCA284F2D1A0077CDCC /* 1-33미가.txt */ = {isa = PBXFileReference; fileEncoding = 4; lastKnownFileType = text; path = "1-33미가.txt"; sourceTree = "<group>"; };
		74782CCB284F2D1A0077CDCC /* 1-09사무엘상.txt */ = {isa = PBXFileReference; fileEncoding = 4; lastKnownFileType = text; path = "1-09사무엘상.txt"; sourceTree = "<group>"; };
		74782CCC284F2D1A0077CDCC /* 1-02출애굽기.txt */ = {isa = PBXFileReference; fileEncoding = 4; lastKnownFileType = text; path = "1-02출애굽기.txt"; sourceTree = "<group>"; };
		74782CCD284F2D1A0077CDCC /* 1-39말라기.txt */ = {isa = PBXFileReference; fileEncoding = 4; lastKnownFileType = text; path = "1-39말라기.txt"; sourceTree = "<group>"; };
		74782CCE284F2D1A0077CDCC /* 1-34나훔.txt */ = {isa = PBXFileReference; fileEncoding = 4; lastKnownFileType = text; path = "1-34나훔.txt"; sourceTree = "<group>"; };
		74782CCF284F2D1A0077CDCC /* 2-07고린도전서.txt */ = {isa = PBXFileReference; fileEncoding = 4; lastKnownFileType = text; path = "2-07고린도전서.txt"; sourceTree = "<group>"; };
		74782CD0284F2D1A0077CDCC /* 2-05사도행전.txt */ = {isa = PBXFileReference; fileEncoding = 4; lastKnownFileType = text; path = "2-05사도행전.txt"; sourceTree = "<group>"; };
		74782CD1284F2D1A0077CDCC /* 2-16디모데후서.txt */ = {isa = PBXFileReference; fileEncoding = 4; lastKnownFileType = text; path = "2-16디모데후서.txt"; sourceTree = "<group>"; };
		74782CD2284F2D1A0077CDCC /* 2-22베드로후서.txt */ = {isa = PBXFileReference; fileEncoding = 4; lastKnownFileType = text; path = "2-22베드로후서.txt"; sourceTree = "<group>"; };
		74782CD3284F2D1A0077CDCC /* 2-17디도서.txt */ = {isa = PBXFileReference; fileEncoding = 4; lastKnownFileType = text; path = "2-17디도서.txt"; sourceTree = "<group>"; };
		74782CD4284F2D1A0077CDCC /* 1-06여호수아.txt */ = {isa = PBXFileReference; fileEncoding = 4; lastKnownFileType = text; path = "1-06여호수아.txt"; sourceTree = "<group>"; };
		74782CD5284F2D1A0077CDCC /* 2-01마태복음.txt */ = {isa = PBXFileReference; fileEncoding = 4; lastKnownFileType = text; path = "2-01마태복음.txt"; sourceTree = "<group>"; };
		74782CD6284F2D1A0077CDCC /* 2-02마가복음.txt */ = {isa = PBXFileReference; fileEncoding = 4; lastKnownFileType = text; path = "2-02마가복음.txt"; sourceTree = "<group>"; };
		74782CD7284F2D1A0077CDCC /* 1-14역대하.txt */ = {isa = PBXFileReference; fileEncoding = 4; lastKnownFileType = text; path = "1-14역대하.txt"; sourceTree = "<group>"; };
		74782CD8284F2D1A0077CDCC /* 1-32요나.txt */ = {isa = PBXFileReference; fileEncoding = 4; lastKnownFileType = text; path = "1-32요나.txt"; sourceTree = "<group>"; };
		74782CD9284F2D1A0077CDCC /* 2-03누가복음.txt */ = {isa = PBXFileReference; fileEncoding = 4; lastKnownFileType = text; path = "2-03누가복음.txt"; sourceTree = "<group>"; };
		74782CDA284F2D1A0077CDCC /* 1-20잠언.txt */ = {isa = PBXFileReference; fileEncoding = 4; lastKnownFileType = text; path = "1-20잠언.txt"; sourceTree = "<group>"; };
		74782CDB284F2D1A0077CDCC /* 1-07사사기.txt */ = {isa = PBXFileReference; fileEncoding = 4; lastKnownFileType = text; path = "1-07사사기.txt"; sourceTree = "<group>"; };
		74782CDC284F2D1A0077CDCC /* 1-18욥기.txt */ = {isa = PBXFileReference; fileEncoding = 4; lastKnownFileType = text; path = "1-18욥기.txt"; sourceTree = "<group>"; };
		74782CDD284F2D1A0077CDCC /* 1-11열왕기상.txt */ = {isa = PBXFileReference; fileEncoding = 4; lastKnownFileType = text; path = "1-11열왕기상.txt"; sourceTree = "<group>"; };
		74782CDE284F2D1A0077CDCC /* 1-05신명기.txt */ = {isa = PBXFileReference; fileEncoding = 4; lastKnownFileType = text; path = "1-05신명기.txt"; sourceTree = "<group>"; };
		74782CDF284F2D1A0077CDCC /* 1-36스바냐.txt */ = {isa = PBXFileReference; fileEncoding = 4; lastKnownFileType = text; path = "1-36스바냐.txt"; sourceTree = "<group>"; };
		74782CE0284F2D1A0077CDCC /* 2-04요한복음.txt */ = {isa = PBXFileReference; fileEncoding = 4; lastKnownFileType = text; path = "2-04요한복음.txt"; sourceTree = "<group>"; };
		74782CE1284F2D1A0077CDCC /* 2-26유다서.txt */ = {isa = PBXFileReference; fileEncoding = 4; lastKnownFileType = text; path = "2-26유다서.txt"; sourceTree = "<group>"; };
		74782CE3284F2D1B0077CDCC /* 1-22아가.txt */ = {isa = PBXFileReference; fileEncoding = 4; lastKnownFileType = text; path = "1-22아가.txt"; sourceTree = "<group>"; };
		74782CE4284F2D1B0077CDCC /* 1-16느헤미야.txt */ = {isa = PBXFileReference; fileEncoding = 4; lastKnownFileType = text; path = "1-16느헤미야.txt"; sourceTree = "<group>"; };
		74782CE5284F2D1B0077CDCC /* 1-24예레미야.txt */ = {isa = PBXFileReference; fileEncoding = 4; lastKnownFileType = text; path = "1-24예레미야.txt"; sourceTree = "<group>"; };
		74782CE6284F2D1B0077CDCC /* 2-11빌립보서.txt */ = {isa = PBXFileReference; fileEncoding = 4; lastKnownFileType = text; path = "2-11빌립보서.txt"; sourceTree = "<group>"; };
		74782CE7284F2D1B0077CDCC /* 2-23요한일서.txt */ = {isa = PBXFileReference; fileEncoding = 4; lastKnownFileType = text; path = "2-23요한일서.txt"; sourceTree = "<group>"; };
		74782CE8284F2D1B0077CDCC /* 2-25요한삼서.txt */ = {isa = PBXFileReference; fileEncoding = 4; lastKnownFileType = text; path = "2-25요한삼서.txt"; sourceTree = "<group>"; };
		74782CE9284F2D1B0077CDCC /* 1-04민수기.txt */ = {isa = PBXFileReference; fileEncoding = 4; lastKnownFileType = text; path = "1-04민수기.txt"; sourceTree = "<group>"; };
		74782CEA284F2D1B0077CDCC /* 1-12열왕기하.txt */ = {isa = PBXFileReference; fileEncoding = 4; lastKnownFileType = text; path = "1-12열왕기하.txt"; sourceTree = "<group>"; };
		74782CEB284F2D1B0077CDCC /* 1-35하박국.txt */ = {isa = PBXFileReference; fileEncoding = 4; lastKnownFileType = text; path = "1-35하박국.txt"; sourceTree = "<group>"; };
		74782D2E284F3B300077CDCC /* BibleSentenceView.swift */ = {isa = PBXFileReference; lastKnownFileType = sourcecode.swift; path = BibleSentenceView.swift; sourceTree = "<group>"; };
		74782D59285086D90077CDCC /* TitleView.swift */ = {isa = PBXFileReference; lastKnownFileType = sourcecode.swift; path = TitleView.swift; sourceTree = "<group>"; };
		74782D5D2850937F0077CDCC /* 1-01창세기.txt */ = {isa = PBXFileReference; fileEncoding = 4; lastKnownFileType = text; path = "1-01창세기.txt"; sourceTree = "<group>"; };
		7481B4512848804B00517BAF /* WriteBible.app */ = {isa = PBXFileReference; explicitFileType = wrapper.application; includeInIndex = 0; path = WriteBible.app; sourceTree = BUILT_PRODUCTS_DIR; };
		7481B4542848804B00517BAF /* WriteBibleApp.swift */ = {isa = PBXFileReference; lastKnownFileType = sourcecode.swift; path = WriteBibleApp.swift; sourceTree = "<group>"; };
		7481B4562848804B00517BAF /* ContentView.swift */ = {isa = PBXFileReference; lastKnownFileType = sourcecode.swift; path = ContentView.swift; sourceTree = "<group>"; };
		7481B4582848804D00517BAF /* Assets.xcassets */ = {isa = PBXFileReference; lastKnownFileType = folder.assetcatalog; path = Assets.xcassets; sourceTree = "<group>"; };
		7481B45B2848804D00517BAF /* Preview Assets.xcassets */ = {isa = PBXFileReference; lastKnownFileType = folder.assetcatalog; path = "Preview Assets.xcassets"; sourceTree = "<group>"; };
/* End PBXFileReference section */

/* Begin PBXFrameworksBuildPhase section */
		7481B44E2848804B00517BAF /* Frameworks */ = {
			isa = PBXFrameworksBuildPhase;
			buildActionMask = 2147483647;
			files = (
				7403D13C2862E49800AB68A3 /* RealmSwift in Frameworks */,
			);
			runOnlyForDeploymentPostprocessing = 0;
		};
/* End PBXFrameworksBuildPhase section */

/* Begin PBXGroup section */
		7403D1262862C69A00AB68A3 /* ViewController */ = {
			isa = PBXGroup;
			children = (
				7403D1302862C81F00AB68A3 /* DrawingViewController.swift */,
			);
			path = ViewController;
			sourceTree = "<group>";
		};
		7403D1292862C6BD00AB68A3 /* Managers */ = {
			isa = PBXGroup;
			children = (
				7403D12E2862C74E00AB68A3 /* DrawingManager.swift */,
				7403D13D2862E4AF00AB68A3 /* RealmManager.swift */,
				7434622F28658233001B5B1D /* ColorManager.swift */,
			);
			path = Managers;
			sourceTree = "<group>";
		};
		743461EC28656804001B5B1D /* 개역개정-text */ = {
			isa = PBXGroup;
			children = (
				7434620228656805001B5B1D /* 1-01창세기.txt */,
				7434620428656805001B5B1D /* 1-02출애굽기.txt */,
				7434621528656805001B5B1D /* 1-03레위기.txt */,
				7434621A28656806001B5B1D /* 1-04민수기.txt */,
				7434621028656805001B5B1D /* 1-05신명기.txt */,
				743461EF28656804001B5B1D /* 1-06여호수아.txt */,
				7434621428656805001B5B1D /* 1-07사사기.txt */,
				7434621E28656806001B5B1D /* 1-08룻기.txt */,
				7434622928656806001B5B1D /* 1-09사무엘상.txt */,
				7434621D28656806001B5B1D /* 1-10사무엘하.txt */,
				7434621C28656806001B5B1D /* 1-11열왕기상.txt */,
				7434621128656805001B5B1D /* 1-12열왕기하.txt */,
				7434621828656806001B5B1D /* 1-13역대상.txt */,
				7434621928656806001B5B1D /* 1-14역대하.txt */,
				7434620D28656805001B5B1D /* 1-15에스라.txt */,
				7434622128656806001B5B1D /* 1-16느헤미야.txt */,
				7434622C28656807001B5B1D /* 1-17에스더.txt */,
				743461EE28656804001B5B1D /* 1-18욥기.txt */,
				743461FF28656804001B5B1D /* 1-19시편.txt */,
				743461FB28656804001B5B1D /* 1-20잠언.txt */,
				7434621B28656806001B5B1D /* 1-21전도서.txt */,
				7434620628656805001B5B1D /* 1-22아가.txt */,
				7434621728656806001B5B1D /* 1-23이사야.txt */,
				743461F828656804001B5B1D /* 1-24예레미야.txt */,
				7434622D28656807001B5B1D /* 1-25예레미야애가.txt */,
				7434622828656806001B5B1D /* 1-26에스겔.txt */,
				7434621228656805001B5B1D /* 1-27다니엘.txt */,
				7434622228656806001B5B1D /* 1-28호세아.txt */,
				743461ED28656804001B5B1D /* 1-29요엘.txt */,
				743461F528656804001B5B1D /* 1-30아모스.txt */,
				743461F728656804001B5B1D /* 1-31오바댜.txt */,
				7434620128656805001B5B1D /* 1-32요나.txt */,
				7434622528656806001B5B1D /* 1-33미가.txt */,
				7434620A28656805001B5B1D /* 1-34나훔.txt */,
				7434620928656805001B5B1D /* 1-35하박국.txt */,
				7434621328656805001B5B1D /* 1-36스바냐.txt */,
				743461F328656804001B5B1D /* 1-37학개.txt */,
				7434620B28656805001B5B1D /* 1-38스가랴.txt */,
				743461F228656804001B5B1D /* 1-39말라기.txt */,
				7434622628656806001B5B1D /* 2-01마태복음.txt */,
				743461FE28656804001B5B1D /* 2-02마가복음.txt */,
				743461FA28656804001B5B1D /* 2-03누가복음.txt */,
				743461F928656804001B5B1D /* 2-04요한복음.txt */,
				7434620828656805001B5B1D /* 2-05사도행전.txt */,
				7434621628656806001B5B1D /* 2-06로마서.txt */,
				7434622E28656807001B5B1D /* 2-07고린도전서.txt */,
				7434620F28656805001B5B1D /* 2-08고린도후서.txt */,
				743461FD28656804001B5B1D /* 2-09갈라디아서.txt */,
				743461F428656804001B5B1D /* 2-10에베소서.txt */,
				7434621F28656806001B5B1D /* 2-11빌립보서.txt */,
				7434622728656806001B5B1D /* 2-12골로새서.txt */,
				7434620C28656805001B5B1D /* 2-13데살로니가전서.txt */,
				7434620028656805001B5B1D /* 2-14데살로니가후서.txt */,
				743461F028656804001B5B1D /* 2-15디모데전서.txt */,
				7434622A28656806001B5B1D /* 2-16디모데후서.txt */,
				7434620528656805001B5B1D /* 2-17디도서.txt */,
				7434620728656805001B5B1D /* 2-18빌레몬서.txt */,
				7434620E28656805001B5B1D /* 2-19히브리서.txt */,
				743461F128656804001B5B1D /* 2-20야고보서.txt */,
				743461F628656804001B5B1D /* 2-21베드로전서.txt */,
				743461FC28656804001B5B1D /* 2-22베드로후서.txt */,
				7434622B28656806001B5B1D /* 2-23요한일서.txt */,
				7434622328656806001B5B1D /* 2-24요한이서.txt */,
				7434622028656806001B5B1D /* 2-25요한삼서.txt */,
				7434620328656805001B5B1D /* 2-26유다서.txt */,
				7434622428656806001B5B1D /* 2-27요한계시록.txt */,
			);
			path = "개역개정-text";
			sourceTree = "<group>";
		};
		74436423285B27B1005241E7 /* Models */ = {
			isa = PBXGroup;
			children = (
				74782B0D284F05F90077CDCC /* Bible.swift */,
				7403D12C2862C72A00AB68A3 /* DrawingDocument.swift */,
				74099BD92869796400ED8D23 /* ScrollPreferenceKey.swift */,
				74099BDD2869CBA600ED8D23 /* SettingModel.swift */,
			);
			path = Models;
			sourceTree = "<group>";
		};
		74436424285B27D0005241E7 /* Views */ = {
			isa = PBXGroup;
			children = (
				7481B4562848804B00517BAF /* ContentView.swift */,
				74782D59285086D90077CDCC /* TitleView.swift */,
				74099BDB2869CB3800ED8D23 /* SettingView.swift */,
				74782D2E284F3B300077CDCC /* BibleSentenceView.swift */,
				74436405285B0E67005241E7 /* BibleView.swift */,
				7403D1322862C84900AB68A3 /* DrawingWrapper.swift */,
			);
			path = Views;
			sourceTree = "<group>";
		};
		74782C21284F0CBE0077CDCC /* 개역개정-text */ = {
			isa = PBXGroup;
			children = (
				74782D5D2850937F0077CDCC /* 1-01창세기.txt */,
				74782CCC284F2D1A0077CDCC /* 1-02출애굽기.txt */,
				74782CBA284F2D190077CDCC /* 1-03레위기.txt */,
				74782CE9284F2D1B0077CDCC /* 1-04민수기.txt */,
				74782CDE284F2D1A0077CDCC /* 1-05신명기.txt */,
				74782CD4284F2D1A0077CDCC /* 1-06여호수아.txt */,
				74782CDB284F2D1A0077CDCC /* 1-07사사기.txt */,
				74782CC4284F2D1A0077CDCC /* 1-08룻기.txt */,
				74782CCB284F2D1A0077CDCC /* 1-09사무엘상.txt */,
				74782CB4284F2D190077CDCC /* 1-10사무엘하.txt */,
				74782CDD284F2D1A0077CDCC /* 1-11열왕기상.txt */,
				74782CEA284F2D1B0077CDCC /* 1-12열왕기하.txt */,
				74782CB0284F2D190077CDCC /* 1-13역대상.txt */,
				74782CD7284F2D1A0077CDCC /* 1-14역대하.txt */,
				74782CC3284F2D1A0077CDCC /* 1-15에스라.txt */,
				74782CE4284F2D1B0077CDCC /* 1-16느헤미야.txt */,
				74782CAA284F2D190077CDCC /* 1-17에스더.txt */,
				74782CDC284F2D1A0077CDCC /* 1-18욥기.txt */,
				74782CAC284F2D190077CDCC /* 1-19시편.txt */,
				74782CDA284F2D1A0077CDCC /* 1-20잠언.txt */,
				74782CBF284F2D190077CDCC /* 1-21전도서.txt */,
				74782CE3284F2D1B0077CDCC /* 1-22아가.txt */,
				74782CB3284F2D190077CDCC /* 1-23이사야.txt */,
				74782CE5284F2D1B0077CDCC /* 1-24예레미야.txt */,
				74782CAE284F2D190077CDCC /* 1-25예레미야애가.txt */,
				74782CB7284F2D190077CDCC /* 1-26에스겔.txt */,
				74782CAD284F2D190077CDCC /* 1-27다니엘.txt */,
				74782CC6284F2D1A0077CDCC /* 1-28호세아.txt */,
				74782CC9284F2D1A0077CDCC /* 1-29요엘.txt */,
				74782CBB284F2D190077CDCC /* 1-30아모스.txt */,
				74782CB8284F2D190077CDCC /* 1-31오바댜.txt */,
				74782CD8284F2D1A0077CDCC /* 1-32요나.txt */,
				74782CCA284F2D1A0077CDCC /* 1-33미가.txt */,
				74782CCE284F2D1A0077CDCC /* 1-34나훔.txt */,
				74782CEB284F2D1B0077CDCC /* 1-35하박국.txt */,
				74782CDF284F2D1A0077CDCC /* 1-36스바냐.txt */,
				74782CB9284F2D190077CDCC /* 1-37학개.txt */,
				74782CB1284F2D190077CDCC /* 1-38스가랴.txt */,
				74782CCD284F2D1A0077CDCC /* 1-39말라기.txt */,
				74782CD5284F2D1A0077CDCC /* 2-01마태복음.txt */,
				74782CD6284F2D1A0077CDCC /* 2-02마가복음.txt */,
				74782CD9284F2D1A0077CDCC /* 2-03누가복음.txt */,
				74782CE0284F2D1A0077CDCC /* 2-04요한복음.txt */,
				74782CD0284F2D1A0077CDCC /* 2-05사도행전.txt */,
				74782CB2284F2D190077CDCC /* 2-06로마서.txt */,
				74782CCF284F2D1A0077CDCC /* 2-07고린도전서.txt */,
				74782CB5284F2D190077CDCC /* 2-08고린도후서.txt */,
				74782CAB284F2D190077CDCC /* 2-09갈라디아서.txt */,
				74782CBE284F2D190077CDCC /* 2-10에베소서.txt */,
				74782CE6284F2D1B0077CDCC /* 2-11빌립보서.txt */,
				74782CC1284F2D1A0077CDCC /* 2-12골로새서.txt */,
				74782CC7284F2D1A0077CDCC /* 2-13데살로니가전서.txt */,
				74782CC5284F2D1A0077CDCC /* 2-14데살로니가후서.txt */,
				74782CBC284F2D190077CDCC /* 2-15디모데전서.txt */,
				74782CD1284F2D1A0077CDCC /* 2-16디모데후서.txt */,
				74782CD3284F2D1A0077CDCC /* 2-17디도서.txt */,
				74782CC8284F2D1A0077CDCC /* 2-18빌레몬서.txt */,
				74782CC2284F2D1A0077CDCC /* 2-19히브리서.txt */,
				74782CC0284F2D190077CDCC /* 2-20야고보서.txt */,
				74782CBD284F2D190077CDCC /* 2-21베드로전서.txt */,
				74782CD2284F2D1A0077CDCC /* 2-22베드로후서.txt */,
				74782CE7284F2D1B0077CDCC /* 2-23요한일서.txt */,
				74782CAF284F2D190077CDCC /* 2-24요한이서.txt */,
				74782CE8284F2D1B0077CDCC /* 2-25요한삼서.txt */,
				74782CE1284F2D1A0077CDCC /* 2-26유다서.txt */,
				74782CB6284F2D190077CDCC /* 2-27요한계시록.txt */,
			);
			path = "개역개정-text";
			sourceTree = "<group>";
		};
		7481B4482848804B00517BAF = {
			isa = PBXGroup;
			children = (
				7481B4532848804B00517BAF /* WriteBible */,
				74782C21284F0CBE0077CDCC /* 개역개정-text */,
				7403D1292862C6BD00AB68A3 /* Managers */,
				7403D1262862C69A00AB68A3 /* ViewController */,
				74436424285B27D0005241E7 /* Views */,
				74436423285B27B1005241E7 /* Models */,
				7481B4522848804B00517BAF /* Products */,
			);
			sourceTree = "<group>";
		};
		7481B4522848804B00517BAF /* Products */ = {
			isa = PBXGroup;
			children = (
				7481B4512848804B00517BAF /* WriteBible.app */,
			);
			name = Products;
			sourceTree = "<group>";
		};
		7481B4532848804B00517BAF /* WriteBible */ = {
			isa = PBXGroup;
			children = (
				7481B4542848804B00517BAF /* WriteBibleApp.swift */,
				7481B4582848804D00517BAF /* Assets.xcassets */,
				7481B45B2848804D00517BAF /* Preview Assets.xcassets */,
				743461EC28656804001B5B1D /* 개역개정-text */,
				7481B45A2848804D00517BAF /* Preview Content */,
			);
			path = WriteBible;
			sourceTree = "<group>";
		};
		7481B45A2848804D00517BAF /* Preview Content */ = {
			isa = PBXGroup;
			children = (
			);
			path = "Preview Content";
			sourceTree = "<group>";
		};
/* End PBXGroup section */

/* Begin PBXNativeTarget section */
		7481B4502848804B00517BAF /* WriteBible */ = {
			isa = PBXNativeTarget;
			buildConfigurationList = 7481B45F2848804D00517BAF /* Build configuration list for PBXNativeTarget "WriteBible" */;
			buildPhases = (
				7481B44D2848804B00517BAF /* Sources */,
				7481B44E2848804B00517BAF /* Frameworks */,
				7481B44F2848804B00517BAF /* Resources */,
			);
			buildRules = (
			);
			dependencies = (
			);
			name = WriteBible;
			packageProductDependencies = (
				7403D13B2862E49800AB68A3 /* RealmSwift */,
			);
			productName = WriteBible;
			productReference = 7481B4512848804B00517BAF /* WriteBible.app */;
			productType = "com.apple.product-type.application";
		};
/* End PBXNativeTarget section */

/* Begin PBXProject section */
		7481B4492848804B00517BAF /* Project object */ = {
			isa = PBXProject;
			attributes = {
				BuildIndependentTargetsInParallel = 1;
				LastSwiftUpdateCheck = 1340;
				LastUpgradeCheck = 1340;
				TargetAttributes = {
					7481B4502848804B00517BAF = {
						CreatedOnToolsVersion = 13.4;
					};
				};
			};
			buildConfigurationList = 7481B44C2848804B00517BAF /* Build configuration list for PBXProject "WriteBible" */;
			compatibilityVersion = "Xcode 13.0";
			developmentRegion = en;
			hasScannedForEncodings = 0;
			knownRegions = (
				en,
				Base,
			);
			mainGroup = 7481B4482848804B00517BAF;
			packageReferences = (
				7403D13A2862E49800AB68A3 /* XCRemoteSwiftPackageReference "realm-cocoa" */,
			);
			productRefGroup = 7481B4522848804B00517BAF /* Products */;
			projectDirPath = "";
			projectRoot = "";
			targets = (
				7481B4502848804B00517BAF /* WriteBible */,
			);
		};
/* End PBXProject section */

/* Begin PBXResourcesBuildPhase section */
		7481B44F2848804B00517BAF /* Resources */ = {
			isa = PBXResourcesBuildPhase;
			buildActionMask = 2147483647;
			files = (
				74782D2C284F2D1B0077CDCC /* 1-12열왕기하.txt in Resources */,
				74782CF3284F2D1B0077CDCC /* 1-38스가랴.txt in Resources */,
				74782CF1284F2D1B0077CDCC /* 2-24요한이서.txt in Resources */,
				74782D00284F2D1B0077CDCC /* 2-10에베소서.txt in Resources */,
				74782CF7284F2D1B0077CDCC /* 2-08고린도후서.txt in Resources */,
				74782D03284F2D1B0077CDCC /* 2-12골로새서.txt in Resources */,
				74782D02284F2D1B0077CDCC /* 2-20야고보서.txt in Resources */,
				74782CFC284F2D1B0077CDCC /* 1-03레위기.txt in Resources */,
				74782D0D284F2D1B0077CDCC /* 1-09사무엘상.txt in Resources */,
				74782D0E284F2D1B0077CDCC /* 1-02출애굽기.txt in Resources */,
				74782D10284F2D1B0077CDCC /* 1-34나훔.txt in Resources */,
				74782D05284F2D1B0077CDCC /* 1-15에스라.txt in Resources */,
				74782CF0284F2D1B0077CDCC /* 1-25예레미야애가.txt in Resources */,
				74782D11284F2D1B0077CDCC /* 2-07고린도전서.txt in Resources */,
				74782D25284F2D1B0077CDCC /* 1-22아가.txt in Resources */,
				74782D07284F2D1B0077CDCC /* 2-14데살로니가후서.txt in Resources */,
				74782D18284F2D1B0077CDCC /* 2-02마가복음.txt in Resources */,
				74782D28284F2D1B0077CDCC /* 2-11빌립보서.txt in Resources */,
				74782D0B284F2D1B0077CDCC /* 1-29요엘.txt in Resources */,
				74782CF2284F2D1B0077CDCC /* 1-13역대상.txt in Resources */,
				74782CF9284F2D1B0077CDCC /* 1-26에스겔.txt in Resources */,
				74782D1A284F2D1B0077CDCC /* 1-32요나.txt in Resources */,
				74782D15284F2D1B0077CDCC /* 2-17디도서.txt in Resources */,
				74782D06284F2D1B0077CDCC /* 1-08룻기.txt in Resources */,
				74782D29284F2D1B0077CDCC /* 2-23요한일서.txt in Resources */,
				74782CEC284F2D1B0077CDCC /* 1-17에스더.txt in Resources */,
				74782D1D284F2D1B0077CDCC /* 1-07사사기.txt in Resources */,
				74782D17284F2D1B0077CDCC /* 2-01마태복음.txt in Resources */,
				74782CFA284F2D1B0077CDCC /* 1-31오바댜.txt in Resources */,
				74782CF8284F2D1B0077CDCC /* 2-27요한계시록.txt in Resources */,
				74782D1C284F2D1B0077CDCC /* 1-20잠언.txt in Resources */,
				74782CEE284F2D1B0077CDCC /* 1-19시편.txt in Resources */,
				74782CF4284F2D1B0077CDCC /* 2-06로마서.txt in Resources */,
				74782CF6284F2D1B0077CDCC /* 1-10사무엘하.txt in Resources */,
				74782D04284F2D1B0077CDCC /* 2-19히브리서.txt in Resources */,
				74782D1E284F2D1B0077CDCC /* 1-18욥기.txt in Resources */,
				74782D1F284F2D1B0077CDCC /* 1-11열왕기상.txt in Resources */,
				74782D2D284F2D1B0077CDCC /* 1-35하박국.txt in Resources */,
				74782D22284F2D1B0077CDCC /* 2-04요한복음.txt in Resources */,
				74782CFB284F2D1B0077CDCC /* 1-37학개.txt in Resources */,
				74782CFE284F2D1B0077CDCC /* 2-15디모데전서.txt in Resources */,
				74782D0C284F2D1B0077CDCC /* 1-33미가.txt in Resources */,
				74782D21284F2D1B0077CDCC /* 1-36스바냐.txt in Resources */,
				74782D16284F2D1B0077CDCC /* 1-06여호수아.txt in Resources */,
				74782D0A284F2D1B0077CDCC /* 2-18빌레몬서.txt in Resources */,
				74782CED284F2D1B0077CDCC /* 2-09갈라디아서.txt in Resources */,
				74782D19284F2D1B0077CDCC /* 1-14역대하.txt in Resources */,
				74782D5E2850937F0077CDCC /* 1-01창세기.txt in Resources */,
				74782D23284F2D1B0077CDCC /* 2-26유다서.txt in Resources */,
				74782D12284F2D1B0077CDCC /* 2-05사도행전.txt in Resources */,
				7481B45C2848804D00517BAF /* Preview Assets.xcassets in Resources */,
				74782D26284F2D1B0077CDCC /* 1-16느헤미야.txt in Resources */,
				74782D13284F2D1B0077CDCC /* 2-16디모데후서.txt in Resources */,
				74782CFD284F2D1B0077CDCC /* 1-30아모스.txt in Resources */,
				7481B4592848804D00517BAF /* Assets.xcassets in Resources */,
				74782D2A284F2D1B0077CDCC /* 2-25요한삼서.txt in Resources */,
				74782D20284F2D1B0077CDCC /* 1-05신명기.txt in Resources */,
				74782D08284F2D1B0077CDCC /* 1-28호세아.txt in Resources */,
				74782D09284F2D1B0077CDCC /* 2-13데살로니가전서.txt in Resources */,
				74782D01284F2D1B0077CDCC /* 1-21전도서.txt in Resources */,
				74782D0F284F2D1B0077CDCC /* 1-39말라기.txt in Resources */,
				74782CEF284F2D1B0077CDCC /* 1-27다니엘.txt in Resources */,
				74782D14284F2D1B0077CDCC /* 2-22베드로후서.txt in Resources */,
				74782CFF284F2D1B0077CDCC /* 2-21베드로전서.txt in Resources */,
				74782D1B284F2D1B0077CDCC /* 2-03누가복음.txt in Resources */,
				74782CF5284F2D1B0077CDCC /* 1-23이사야.txt in Resources */,
				74782D27284F2D1B0077CDCC /* 1-24예레미야.txt in Resources */,
				74782D2B284F2D1B0077CDCC /* 1-04민수기.txt in Resources */,
			);
			runOnlyForDeploymentPostprocessing = 0;
		};
/* End PBXResourcesBuildPhase section */

/* Begin PBXSourcesBuildPhase section */
		7481B44D2848804B00517BAF /* Sources */ = {
			isa = PBXSourcesBuildPhase;
			buildActionMask = 2147483647;
			files = (
				7481B4572848804B00517BAF /* ContentView.swift in Sources */,
				7403D1332862C84900AB68A3 /* DrawingWrapper.swift in Sources */,
				74782D5A285086D90077CDCC /* TitleView.swift in Sources */,
				7434623028658233001B5B1D /* ColorManager.swift in Sources */,
				74099BDC2869CB3800ED8D23 /* SettingView.swift in Sources */,
				74099BDE2869CBA600ED8D23 /* SettingModel.swift in Sources */,
				74436406285B0E67005241E7 /* BibleView.swift in Sources */,
				7403D12F2862C74E00AB68A3 /* DrawingManager.swift in Sources */,
				7403D1312862C81F00AB68A3 /* DrawingViewController.swift in Sources */,
				74782D2F284F3B300077CDCC /* BibleSentenceView.swift in Sources */,
				7403D12D2862C72A00AB68A3 /* DrawingDocument.swift in Sources */,
				7403D13E2862E4AF00AB68A3 /* RealmManager.swift in Sources */,
				74782B0E284F05F90077CDCC /* Bible.swift in Sources */,
				7481B4552848804B00517BAF /* WriteBibleApp.swift in Sources */,
				74099BDA2869796400ED8D23 /* ScrollPreferenceKey.swift in Sources */,
			);
			runOnlyForDeploymentPostprocessing = 0;
		};
/* End PBXSourcesBuildPhase section */

/* Begin XCBuildConfiguration section */
		7481B45D2848804D00517BAF /* Debug */ = {
			isa = XCBuildConfiguration;
			buildSettings = {
				ALWAYS_SEARCH_USER_PATHS = NO;
				CLANG_ANALYZER_NONNULL = YES;
				CLANG_ANALYZER_NUMBER_OBJECT_CONVERSION = YES_AGGRESSIVE;
				CLANG_CXX_LANGUAGE_STANDARD = "gnu++17";
				CLANG_ENABLE_MODULES = YES;
				CLANG_ENABLE_OBJC_ARC = YES;
				CLANG_ENABLE_OBJC_WEAK = YES;
				CLANG_WARN_BLOCK_CAPTURE_AUTORELEASING = YES;
				CLANG_WARN_BOOL_CONVERSION = YES;
				CLANG_WARN_COMMA = YES;
				CLANG_WARN_CONSTANT_CONVERSION = YES;
				CLANG_WARN_DEPRECATED_OBJC_IMPLEMENTATIONS = YES;
				CLANG_WARN_DIRECT_OBJC_ISA_USAGE = YES_ERROR;
				CLANG_WARN_DOCUMENTATION_COMMENTS = YES;
				CLANG_WARN_EMPTY_BODY = YES;
				CLANG_WARN_ENUM_CONVERSION = YES;
				CLANG_WARN_INFINITE_RECURSION = YES;
				CLANG_WARN_INT_CONVERSION = YES;
				CLANG_WARN_NON_LITERAL_NULL_CONVERSION = YES;
				CLANG_WARN_OBJC_IMPLICIT_RETAIN_SELF = YES;
				CLANG_WARN_OBJC_LITERAL_CONVERSION = YES;
				CLANG_WARN_OBJC_ROOT_CLASS = YES_ERROR;
				CLANG_WARN_QUOTED_INCLUDE_IN_FRAMEWORK_HEADER = YES;
				CLANG_WARN_RANGE_LOOP_ANALYSIS = YES;
				CLANG_WARN_STRICT_PROTOTYPES = YES;
				CLANG_WARN_SUSPICIOUS_MOVE = YES;
				CLANG_WARN_UNGUARDED_AVAILABILITY = YES_AGGRESSIVE;
				CLANG_WARN_UNREACHABLE_CODE = YES;
				CLANG_WARN__DUPLICATE_METHOD_MATCH = YES;
				COPY_PHASE_STRIP = NO;
				DEBUG_INFORMATION_FORMAT = dwarf;
				ENABLE_STRICT_OBJC_MSGSEND = YES;
				ENABLE_TESTABILITY = YES;
				GCC_C_LANGUAGE_STANDARD = gnu11;
				GCC_DYNAMIC_NO_PIC = NO;
				GCC_NO_COMMON_BLOCKS = YES;
				GCC_OPTIMIZATION_LEVEL = 0;
				GCC_PREPROCESSOR_DEFINITIONS = (
					"DEBUG=1",
					"$(inherited)",
				);
				GCC_WARN_64_TO_32_BIT_CONVERSION = YES;
				GCC_WARN_ABOUT_RETURN_TYPE = YES_ERROR;
				GCC_WARN_UNDECLARED_SELECTOR = YES;
				GCC_WARN_UNINITIALIZED_AUTOS = YES_AGGRESSIVE;
				GCC_WARN_UNUSED_FUNCTION = YES;
				GCC_WARN_UNUSED_VARIABLE = YES;
				IPHONEOS_DEPLOYMENT_TARGET = 15.5;
				MTL_ENABLE_DEBUG_INFO = INCLUDE_SOURCE;
				MTL_FAST_MATH = YES;
				ONLY_ACTIVE_ARCH = YES;
				SDKROOT = iphoneos;
				SWIFT_ACTIVE_COMPILATION_CONDITIONS = DEBUG;
				SWIFT_OPTIMIZATION_LEVEL = "-Onone";
			};
			name = Debug;
		};
		7481B45E2848804D00517BAF /* Release */ = {
			isa = XCBuildConfiguration;
			buildSettings = {
				ALWAYS_SEARCH_USER_PATHS = NO;
				CLANG_ANALYZER_NONNULL = YES;
				CLANG_ANALYZER_NUMBER_OBJECT_CONVERSION = YES_AGGRESSIVE;
				CLANG_CXX_LANGUAGE_STANDARD = "gnu++17";
				CLANG_ENABLE_MODULES = YES;
				CLANG_ENABLE_OBJC_ARC = YES;
				CLANG_ENABLE_OBJC_WEAK = YES;
				CLANG_WARN_BLOCK_CAPTURE_AUTORELEASING = YES;
				CLANG_WARN_BOOL_CONVERSION = YES;
				CLANG_WARN_COMMA = YES;
				CLANG_WARN_CONSTANT_CONVERSION = YES;
				CLANG_WARN_DEPRECATED_OBJC_IMPLEMENTATIONS = YES;
				CLANG_WARN_DIRECT_OBJC_ISA_USAGE = YES_ERROR;
				CLANG_WARN_DOCUMENTATION_COMMENTS = YES;
				CLANG_WARN_EMPTY_BODY = YES;
				CLANG_WARN_ENUM_CONVERSION = YES;
				CLANG_WARN_INFINITE_RECURSION = YES;
				CLANG_WARN_INT_CONVERSION = YES;
				CLANG_WARN_NON_LITERAL_NULL_CONVERSION = YES;
				CLANG_WARN_OBJC_IMPLICIT_RETAIN_SELF = YES;
				CLANG_WARN_OBJC_LITERAL_CONVERSION = YES;
				CLANG_WARN_OBJC_ROOT_CLASS = YES_ERROR;
				CLANG_WARN_QUOTED_INCLUDE_IN_FRAMEWORK_HEADER = YES;
				CLANG_WARN_RANGE_LOOP_ANALYSIS = YES;
				CLANG_WARN_STRICT_PROTOTYPES = YES;
				CLANG_WARN_SUSPICIOUS_MOVE = YES;
				CLANG_WARN_UNGUARDED_AVAILABILITY = YES_AGGRESSIVE;
				CLANG_WARN_UNREACHABLE_CODE = YES;
				CLANG_WARN__DUPLICATE_METHOD_MATCH = YES;
				COPY_PHASE_STRIP = NO;
				DEBUG_INFORMATION_FORMAT = "dwarf-with-dsym";
				ENABLE_NS_ASSERTIONS = NO;
				ENABLE_STRICT_OBJC_MSGSEND = YES;
				GCC_C_LANGUAGE_STANDARD = gnu11;
				GCC_NO_COMMON_BLOCKS = YES;
				GCC_WARN_64_TO_32_BIT_CONVERSION = YES;
				GCC_WARN_ABOUT_RETURN_TYPE = YES_ERROR;
				GCC_WARN_UNDECLARED_SELECTOR = YES;
				GCC_WARN_UNINITIALIZED_AUTOS = YES_AGGRESSIVE;
				GCC_WARN_UNUSED_FUNCTION = YES;
				GCC_WARN_UNUSED_VARIABLE = YES;
				IPHONEOS_DEPLOYMENT_TARGET = 15.5;
				MTL_ENABLE_DEBUG_INFO = NO;
				MTL_FAST_MATH = YES;
				SDKROOT = iphoneos;
				SWIFT_COMPILATION_MODE = wholemodule;
				SWIFT_OPTIMIZATION_LEVEL = "-O";
				VALIDATE_PRODUCT = YES;
			};
			name = Release;
		};
		7481B4602848804D00517BAF /* Debug */ = {
			isa = XCBuildConfiguration;
			buildSettings = {
				ASSETCATALOG_COMPILER_APPICON_NAME = AppIcon;
				ASSETCATALOG_COMPILER_GLOBAL_ACCENT_COLOR_NAME = AccentColor;
				CODE_SIGN_STYLE = Automatic;
				CURRENT_PROJECT_VERSION = 1;
				DEVELOPMENT_ASSET_PATHS = "\"WriteBible/Preview Content\"";
				DEVELOPMENT_TEAM = H4MSW7FUBB;
				ENABLE_PREVIEWS = YES;
				GENERATE_INFOPLIST_FILE = YES;
				INFOPLIST_KEY_UIApplicationSceneManifest_Generation = YES;
				INFOPLIST_KEY_UIApplicationSupportsIndirectInputEvents = YES;
				INFOPLIST_KEY_UILaunchScreen_Generation = YES;
				INFOPLIST_KEY_UISupportedInterfaceOrientations_iPad = "UIInterfaceOrientationPortrait UIInterfaceOrientationPortraitUpsideDown UIInterfaceOrientationLandscapeLeft UIInterfaceOrientationLandscapeRight";
				INFOPLIST_KEY_UISupportedInterfaceOrientations_iPhone = "UIInterfaceOrientationPortrait UIInterfaceOrientationLandscapeLeft UIInterfaceOrientationLandscapeRight";
				LD_RUNPATH_SEARCH_PATHS = (
					"$(inherited)",
					"@executable_path/Frameworks",
				);
				MARKETING_VERSION = 1.0;
				PRODUCT_BUNDLE_IDENTIFIER = kr.co.test.WriteBible;
				PRODUCT_NAME = "$(TARGET_NAME)";
				SWIFT_EMIT_LOC_STRINGS = YES;
				SWIFT_VERSION = 5.0;
				TARGETED_DEVICE_FAMILY = "1,2";
			};
			name = Debug;
		};
		7481B4612848804D00517BAF /* Release */ = {
			isa = XCBuildConfiguration;
			buildSettings = {
				ASSETCATALOG_COMPILER_APPICON_NAME = AppIcon;
				ASSETCATALOG_COMPILER_GLOBAL_ACCENT_COLOR_NAME = AccentColor;
				CODE_SIGN_STYLE = Automatic;
				CURRENT_PROJECT_VERSION = 1;
				DEVELOPMENT_ASSET_PATHS = "\"WriteBible/Preview Content\"";
				DEVELOPMENT_TEAM = H4MSW7FUBB;
				ENABLE_PREVIEWS = YES;
				GENERATE_INFOPLIST_FILE = YES;
				INFOPLIST_KEY_UIApplicationSceneManifest_Generation = YES;
				INFOPLIST_KEY_UIApplicationSupportsIndirectInputEvents = YES;
				INFOPLIST_KEY_UILaunchScreen_Generation = YES;
				INFOPLIST_KEY_UISupportedInterfaceOrientations_iPad = "UIInterfaceOrientationPortrait UIInterfaceOrientationPortraitUpsideDown UIInterfaceOrientationLandscapeLeft UIInterfaceOrientationLandscapeRight";
				INFOPLIST_KEY_UISupportedInterfaceOrientations_iPhone = "UIInterfaceOrientationPortrait UIInterfaceOrientationLandscapeLeft UIInterfaceOrientationLandscapeRight";
				LD_RUNPATH_SEARCH_PATHS = (
					"$(inherited)",
					"@executable_path/Frameworks",
				);
				MARKETING_VERSION = 1.0;
				PRODUCT_BUNDLE_IDENTIFIER = kr.co.test.WriteBible;
				PRODUCT_NAME = "$(TARGET_NAME)";
				SWIFT_EMIT_LOC_STRINGS = YES;
				SWIFT_VERSION = 5.0;
				TARGETED_DEVICE_FAMILY = "1,2";
			};
			name = Release;
		};
/* End XCBuildConfiguration section */

/* Begin XCConfigurationList section */
		7481B44C2848804B00517BAF /* Build configuration list for PBXProject "WriteBible" */ = {
			isa = XCConfigurationList;
			buildConfigurations = (
				7481B45D2848804D00517BAF /* Debug */,
				7481B45E2848804D00517BAF /* Release */,
			);
			defaultConfigurationIsVisible = 0;
			defaultConfigurationName = Release;
		};
		7481B45F2848804D00517BAF /* Build configuration list for PBXNativeTarget "WriteBible" */ = {
			isa = XCConfigurationList;
			buildConfigurations = (
				7481B4602848804D00517BAF /* Debug */,
				7481B4612848804D00517BAF /* Release */,
			);
			defaultConfigurationIsVisible = 0;
			defaultConfigurationName = Release;
		};
/* End XCConfigurationList section */

/* Begin XCRemoteSwiftPackageReference section */
		7403D13A2862E49800AB68A3 /* XCRemoteSwiftPackageReference "realm-cocoa" */ = {
			isa = XCRemoteSwiftPackageReference;
			repositoryURL = "https://github.com/realm/realm-cocoa.git";
			requirement = {
				branch = master;
				kind = branch;
			};
		};
/* End XCRemoteSwiftPackageReference section */

/* Begin XCSwiftPackageProductDependency section */
		7403D13B2862E49800AB68A3 /* RealmSwift */ = {
			isa = XCSwiftPackageProductDependency;
			package = 7403D13A2862E49800AB68A3 /* XCRemoteSwiftPackageReference "realm-cocoa" */;
			productName = RealmSwift;
		};
/* End XCSwiftPackageProductDependency section */
	};
	rootObject = 7481B4492848804B00517BAF /* Project object */;
}
